// !$*UTF8*$!
{
	archiveVersion = 1;
	classes = {
	};
	objectVersion = 51;
	objects = {

/* Begin PBXBuildFile section */
		0105DE4B27415ACC00010440 /* UIRotatable.swift in Sources */ = {isa = PBXBuildFile; fileRef = 0105DE4A27415ACC00010440 /* UIRotatable.swift */; };
		0105DE4F27415B6600010440 /* UIViewController+Upper.swift in Sources */ = {isa = PBXBuildFile; fileRef = 0105DE4E27415B6600010440 /* UIViewController+Upper.swift */; };
		010691D427DBB019008CEF72 /* ProductFeatureModel.swift in Sources */ = {isa = PBXBuildFile; fileRef = 010691D327DBB019008CEF72 /* ProductFeatureModel.swift */; };
		010A2FD62723142400E028ED /* Palette.swift in Sources */ = {isa = PBXBuildFile; fileRef = 0184CB6726F8D5CF00A53BF5 /* Palette.swift */; };
		010A2FD72723142700E028ED /* TextFont.swift in Sources */ = {isa = PBXBuildFile; fileRef = 0184CB6826F8D5CF00A53BF5 /* TextFont.swift */; };
		010A2FD92723142900E028ED /* ImageSource.swift in Sources */ = {isa = PBXBuildFile; fileRef = 0184CB6926F8D5CF00A53BF5 /* ImageSource.swift */; };
		010A2FDA2723142C00E028ED /* NumericValues.swift in Sources */ = {isa = PBXBuildFile; fileRef = 0184CB6A26F8D5CF00A53BF5 /* NumericValues.swift */; };
		010A2FDC272316A100E028ED /* CALayer+Shadow.swift in Sources */ = {isa = PBXBuildFile; fileRef = 010A2FDB272316A100E028ED /* CALayer+Shadow.swift */; };
		010B6216271317C700815777 /* AggregationServicesLocator.swift in Sources */ = {isa = PBXBuildFile; fileRef = 010B6215271317C700815777 /* AggregationServicesLocator.swift */; };
		011CE1C227DA5A1D0087B047 /* TransformCollectionLayout.h in Headers */ = {isa = PBXBuildFile; fileRef = 011CE1C027DA5A1D0087B047 /* TransformCollectionLayout.h */; settings = {ATTRIBUTES = (Public, ); }; };
		011CE1C327DA5A1D0087B047 /* TransformCollectionLayout.m in Sources */ = {isa = PBXBuildFile; fileRef = 011CE1C127DA5A1D0087B047 /* TransformCollectionLayout.m */; };
		011CE1C527DA61EE0087B047 /* PlainFeatureCellHorizontal.swift in Sources */ = {isa = PBXBuildFile; fileRef = 011CE1C427DA61EE0087B047 /* PlainFeatureCellHorizontal.swift */; };
		01227F86272ED7C800DA59F7 /* AggregationViewController.swift in Sources */ = {isa = PBXBuildFile; fileRef = 01227F85272ED7C800DA59F7 /* AggregationViewController.swift */; };
		01227F89272EDB3B00DA59F7 /* AggregationViewModel.swift in Sources */ = {isa = PBXBuildFile; fileRef = 01227F88272EDB3B00DA59F7 /* AggregationViewModel.swift */; };
		01227F8C272EED6000DA59F7 /* AggregationItemModel.swift in Sources */ = {isa = PBXBuildFile; fileRef = 01227F8B272EED6000DA59F7 /* AggregationItemModel.swift */; };
		01227F8D272EF4D600DA59F7 /* AnimatedHighlightCell.swift in Sources */ = {isa = PBXBuildFile; fileRef = 0163D07627232E86008DF12B /* AnimatedHighlightCell.swift */; };
		01227F8F272F004E00DA59F7 /* UINavigationController+Extension.swift in Sources */ = {isa = PBXBuildFile; fileRef = 01227F8E272F004E00DA59F7 /* UINavigationController+Extension.swift */; };
		0124E9C4270623A000C4F98D /* AggregatorFlowCoordinator.swift in Sources */ = {isa = PBXBuildFile; fileRef = 0124E9C3270623A000C4F98D /* AggregatorFlowCoordinator.swift */; };
		0124E9CA2706269800C4F98D /* UINavigationControllerSpy.swift in Sources */ = {isa = PBXBuildFile; fileRef = 0124E9C92706269800C4F98D /* UINavigationControllerSpy.swift */; };
		012DFBB1273AE6E4005A25C9 /* SpinningView.swift in Sources */ = {isa = PBXBuildFile; fileRef = 012DFBB0273AE6E4005A25C9 /* SpinningView.swift */; };
		013512CC27172AE6006CC796 /* Sensor.framework in Frameworks */ = {isa = PBXBuildFile; fileRef = 01BD423327130A65009FCBE7 /* Sensor.framework */; };
		013512CD27172AE6006CC796 /* Sensor.framework in Embed Frameworks */ = {isa = PBXBuildFile; fileRef = 01BD423327130A65009FCBE7 /* Sensor.framework */; settings = {ATTRIBUTES = (CodeSignOnCopy, RemoveHeadersOnCopy, ); }; };
		013734702723129000EA76BC /* UINavigationBar+Styles.swift in Sources */ = {isa = PBXBuildFile; fileRef = 0137346F2723129000EA76BC /* UINavigationBar+Styles.swift */; };
		013A1D982732E2FA006CF5E6 /* FeatureCellModel.swift in Sources */ = {isa = PBXBuildFile; fileRef = 013A1D972732E2FA006CF5E6 /* FeatureCellModel.swift */; };
		013B9B122700773900F7340C /* AuthorizationService.swift in Sources */ = {isa = PBXBuildFile; fileRef = 013B9B112700773900F7340C /* AuthorizationService.swift */; };
		013E64152733E3F900D38AF7 /* SectionHeaderView.swift in Sources */ = {isa = PBXBuildFile; fileRef = 013E64142733E3F900D38AF7 /* SectionHeaderView.swift */; };
		013E644327343E7200D38AF7 /* ProMotion.framework in Frameworks */ = {isa = PBXBuildFile; fileRef = 013E644227343E7200D38AF7 /* ProMotion.framework */; };
		013E644427343E7200D38AF7 /* ProMotion.framework in Embed Frameworks */ = {isa = PBXBuildFile; fileRef = 013E644227343E7200D38AF7 /* ProMotion.framework */; settings = {ATTRIBUTES = (CodeSignOnCopy, RemoveHeadersOnCopy, ); }; };
		0143E46B274BE6CF007373D6 /* UIDevice+Orientations.swift in Sources */ = {isa = PBXBuildFile; fileRef = 0143E46A274BE6CE007373D6 /* UIDevice+Orientations.swift */; };
		014405EE273979A100211E2F /* LaunchScreen.storyboard in Resources */ = {isa = PBXBuildFile; fileRef = 014405ED273979A100211E2F /* LaunchScreen.storyboard */; };
		014405F027397B7800211E2F /* Assets.xcassets in Resources */ = {isa = PBXBuildFile; fileRef = 014405EF27397B7800211E2F /* Assets.xcassets */; };
		0149081D273029CF009DBE62 /* AggregationDataSource.swift in Sources */ = {isa = PBXBuildFile; fileRef = 0149081C273029CF009DBE62 /* AggregationDataSource.swift */; };
		014DA99B2711FB1E00D9B452 /* Features.plist in Resources */ = {isa = PBXBuildFile; fileRef = 014DA99A2711FB1E00D9B452 /* Features.plist */; };
		014DA99C2711FF9400D9B452 /* Features.plist in Resources */ = {isa = PBXBuildFile; fileRef = 014DA99A2711FB1E00D9B452 /* Features.plist */; };
		015D5C4928216C9600347C9A /* RouteChain.swift in Sources */ = {isa = PBXBuildFile; fileRef = 015D5C4828216C9600347C9A /* RouteChain.swift */; };
		015D5C4B28216E2600347C9A /* SpashScreenViewController.swift in Sources */ = {isa = PBXBuildFile; fileRef = 015D5C4A28216E2600347C9A /* SpashScreenViewController.swift */; };
		015D5C4D2821878800347C9A /* AnimationDelegate.swift in Sources */ = {isa = PBXBuildFile; fileRef = 015D5C4C2821878800347C9A /* AnimationDelegate.swift */; };
		0160C071270DF36B00D15AEE /* LocalAuthorizationHelper.swift in Sources */ = {isa = PBXBuildFile; fileRef = 0160C070270DF36B00D15AEE /* LocalAuthorizationHelper.swift */; };
		0163D064272317C6008DF12B /* DotProgressView.swift in Sources */ = {isa = PBXBuildFile; fileRef = 0184CB6026F8D5CE00A53BF5 /* DotProgressView.swift */; };
		0163D0692723183A008DF12B /* CoordinatorTabBarController.swift in Sources */ = {isa = PBXBuildFile; fileRef = 0184CB6126F8D5CE00A53BF5 /* CoordinatorTabBarController.swift */; };
		0163D06A2723183D008DF12B /* TimerLabel.swift in Sources */ = {isa = PBXBuildFile; fileRef = 0184CB5F26F8D5CE00A53BF5 /* TimerLabel.swift */; };
		0163D06B27231843008DF12B /* UICollectionView+Model.swift in Sources */ = {isa = PBXBuildFile; fileRef = 0184CB5E26F8D5CE00A53BF5 /* UICollectionView+Model.swift */; };
		0163D06C27231847008DF12B /* PinButtonCollectionCell.swift in Sources */ = {isa = PBXBuildFile; fileRef = 0184CB5C26F8D5CE00A53BF5 /* PinButtonCollectionCell.swift */; };
		0163D06D2723184B008DF12B /* PinBoardView.swift in Sources */ = {isa = PBXBuildFile; fileRef = 0184CB5D26F8D5CE00A53BF5 /* PinBoardView.swift */; };
		0163D06E27231850008DF12B /* UITableView+Model.swift in Sources */ = {isa = PBXBuildFile; fileRef = 0184CB5926F8D5CE00A53BF5 /* UITableView+Model.swift */; };
		0163D06F2723187D008DF12B /* Coordinator.swift in Sources */ = {isa = PBXBuildFile; fileRef = 0184CB6E26F8D5CF00A53BF5 /* Coordinator.swift */; };
		0163D0702723187F008DF12B /* ViewModel.swift in Sources */ = {isa = PBXBuildFile; fileRef = 0196AE50270353170049DF0B /* ViewModel.swift */; };
		0163D07127231882008DF12B /* Section.swift in Sources */ = {isa = PBXBuildFile; fileRef = 010B621B2713312700815777 /* Section.swift */; };
		016440D7278DEA1C0096F788 /* Maya.framework in Frameworks */ = {isa = PBXBuildFile; fileRef = 016440D6278DEA1C0096F788 /* Maya.framework */; };
		016440D8278DEA1C0096F788 /* Maya.framework in Embed Frameworks */ = {isa = PBXBuildFile; fileRef = 016440D6278DEA1C0096F788 /* Maya.framework */; settings = {ATTRIBUTES = (CodeSignOnCopy, RemoveHeadersOnCopy, ); }; };
		01757BE42753BED2009549E7 /* VideoPlayerView+PlaybackAssistant.swift in Sources */ = {isa = PBXBuildFile; fileRef = 01757BE32753BED2009549E7 /* VideoPlayerView+PlaybackAssistant.swift */; };
		0184CB7226F8D5CF00A53BF5 /* AuthViewModel.swift in Sources */ = {isa = PBXBuildFile; fileRef = 0184CB5026F8D5CE00A53BF5 /* AuthViewModel.swift */; };
		0184CB7326F8D5CF00A53BF5 /* AuthCoordinator.swift in Sources */ = {isa = PBXBuildFile; fileRef = 0184CB5226F8D5CE00A53BF5 /* AuthCoordinator.swift */; };
		0184CB7526F8D5CF00A53BF5 /* AuthViewController.swift in Sources */ = {isa = PBXBuildFile; fileRef = 0184CB5626F8D5CE00A53BF5 /* AuthViewController.swift */; };
		0184CB8526F8D5CF00A53BF5 /* AppCoordinator.swift in Sources */ = {isa = PBXBuildFile; fileRef = 0184CB7026F8D5CF00A53BF5 /* AppCoordinator.swift */; };
		0184CB8626F8D5CF00A53BF5 /* AppDelegate.swift in Sources */ = {isa = PBXBuildFile; fileRef = 0184CB7126F8D5CF00A53BF5 /* AppDelegate.swift */; };
		0184CB8E26F8D66300A53BF5 /* AuthorizationServiceTests.swift in Sources */ = {isa = PBXBuildFile; fileRef = 0184CB8D26F8D66300A53BF5 /* AuthorizationServiceTests.swift */; };
		018BADEF27E1EE9A00B26C57 /* Grid.framework in Frameworks */ = {isa = PBXBuildFile; fileRef = 01DDC4F727C2AE5500F8FD4E /* Grid.framework */; };
		018BADF027E1EE9A00B26C57 /* Grid.framework in Embed Frameworks */ = {isa = PBXBuildFile; fileRef = 01DDC4F727C2AE5500F8FD4E /* Grid.framework */; settings = {ATTRIBUTES = (CodeSignOnCopy, RemoveHeadersOnCopy, ); }; };
		018BADF227E214E700B26C57 /* Animator.swift in Sources */ = {isa = PBXBuildFile; fileRef = 018BADF127E214E700B26C57 /* Animator.swift */; };
		0196144427F6023000DEF9E5 /* WidgetKit.framework in Frameworks */ = {isa = PBXBuildFile; fileRef = 0196144327F6023000DEF9E5 /* WidgetKit.framework */; };
		0196144627F6023000DEF9E5 /* SwiftUI.framework in Frameworks */ = {isa = PBXBuildFile; fileRef = 0196144527F6023000DEF9E5 /* SwiftUI.framework */; };
		0196144927F6023000DEF9E5 /* PrometheusWidgetKit.swift in Sources */ = {isa = PBXBuildFile; fileRef = 0196144827F6023000DEF9E5 /* PrometheusWidgetKit.swift */; };
		0196144B27F6023100DEF9E5 /* Assets.xcassets in Resources */ = {isa = PBXBuildFile; fileRef = 0196144A27F6023100DEF9E5 /* Assets.xcassets */; };
		0196144F27F6023100DEF9E5 /* PrometheusWidgetKitExtension.appex in Embed App Extensions */ = {isa = PBXBuildFile; fileRef = 0196144227F6023000DEF9E5 /* PrometheusWidgetKitExtension.appex */; settings = {ATTRIBUTES = (RemoveHeadersOnCopy, ); }; };
		0196AE4B27034A070049DF0B /* PasswordCredential.swift in Sources */ = {isa = PBXBuildFile; fileRef = 0196AE4A27034A070049DF0B /* PasswordCredential.swift */; };
		0196AE4F27034B870049DF0B /* PasswordCredentialsTests.swift in Sources */ = {isa = PBXBuildFile; fileRef = 0196AE4E27034B870049DF0B /* PasswordCredentialsTests.swift */; };
		019CFB8C27DFA85000449402 /* Record28.framework in Frameworks */ = {isa = PBXBuildFile; fileRef = 019CFB8B27DFA85000449402 /* Record28.framework */; };
		019CFB8D27DFA85000449402 /* Record28.framework in Embed Frameworks */ = {isa = PBXBuildFile; fileRef = 019CFB8B27DFA85000449402 /* Record28.framework */; settings = {ATTRIBUTES = (CodeSignOnCopy, RemoveHeadersOnCopy, ); }; };
		019D41B82711D56E004BFD35 /* RetainCycle.framework in Frameworks */ = {isa = PBXBuildFile; fileRef = 0132EC3627119085008E786D /* RetainCycle.framework */; };
		019D41B92711D56E004BFD35 /* RetainCycle.framework in Embed Frameworks */ = {isa = PBXBuildFile; fileRef = 0132EC3627119085008E786D /* RetainCycle.framework */; settings = {ATTRIBUTES = (CodeSignOnCopy, RemoveHeadersOnCopy, ); }; };
		019D41BA2711E81B004BFD35 /* FeatureIntermediate.framework in Frameworks */ = {isa = PBXBuildFile; fileRef = 01F24FF527117E3B00D5B074 /* FeatureIntermediate.framework */; };
		019D41BB2711E81B004BFD35 /* FeatureIntermediate.framework in Embed Frameworks */ = {isa = PBXBuildFile; fileRef = 01F24FF527117E3B00D5B074 /* FeatureIntermediate.framework */; settings = {ATTRIBUTES = (CodeSignOnCopy, RemoveHeadersOnCopy, ); }; };
		01A0A444273823410011E4CA /* VideoPlayerView.swift in Sources */ = {isa = PBXBuildFile; fileRef = 01A0A443273823410011E4CA /* VideoPlayerView.swift */; };
		01B14FB6275E6F40001E0837 /* PlainButton.swift in Sources */ = {isa = PBXBuildFile; fileRef = 01B14FB5275E6F40001E0837 /* PlainButton.swift */; };
		01E9ECA827441D4E0090879E /* UIImage+Extensions.swift in Sources */ = {isa = PBXBuildFile; fileRef = 01E9ECA727441D4E0090879E /* UIImage+Extensions.swift */; };
		01E9ECAA27441E9B0090879E /* SpacerView.swift in Sources */ = {isa = PBXBuildFile; fileRef = 01E9ECA927441E9B0090879E /* SpacerView.swift */; };
		01F24FF827117E3B00D5B074 /* FeatureIntermediate.h in Headers */ = {isa = PBXBuildFile; fileRef = 01F24FF727117E3B00D5B074 /* FeatureIntermediate.h */; settings = {ATTRIBUTES = (Public, ); }; };
		01F2500027117E4900D5B074 /* FeatureLoader.swift in Sources */ = {isa = PBXBuildFile; fileRef = 011EA79C270F576E003D92C6 /* FeatureLoader.swift */; };
		01F82CFD2727210A000034D8 /* PlainFeatureCell.swift in Sources */ = {isa = PBXBuildFile; fileRef = 01292D6627259E6300D6FAF2 /* PlainFeatureCell.swift */; };
		4EF124C91A60168C9AB56B8F /* Pods_Prometheus_FeatureIntermediate.framework in Frameworks */ = {isa = PBXBuildFile; fileRef = DEFD90D509527E84D89B70B4 /* Pods_Prometheus_FeatureIntermediate.framework */; };
		A17FAF7DB0D7F4E469EFE336 /* Pods_Prometheus.framework in Frameworks */ = {isa = PBXBuildFile; fileRef = 8A8169C8BD9BF39AC4AAE2EA /* Pods_Prometheus.framework */; };
/* End PBXBuildFile section */

/* Begin PBXContainerItemProxy section */
		0184CB9026F8D66300A53BF5 /* PBXContainerItemProxy */ = {
			isa = PBXContainerItemProxy;
			containerPortal = 0184CB2E26F8D59700A53BF5 /* Project object */;
			proxyType = 1;
			remoteGlobalIDString = 0184CB3526F8D59700A53BF5;
			remoteInfo = Prometheus;
		};
		0196144D27F6023100DEF9E5 /* PBXContainerItemProxy */ = {
			isa = PBXContainerItemProxy;
			containerPortal = 0184CB2E26F8D59700A53BF5 /* Project object */;
			proxyType = 1;
			remoteGlobalIDString = 0196144127F6023000DEF9E5;
			remoteInfo = PrometheusWidgetKitExtension;
		};
		01F24FF927117E3B00D5B074 /* PBXContainerItemProxy */ = {
			isa = PBXContainerItemProxy;
			containerPortal = 0184CB2E26F8D59700A53BF5 /* Project object */;
			proxyType = 1;
			remoteGlobalIDString = 01F24FF427117E3B00D5B074;
			remoteInfo = FeatureIntermediate;
		};
/* End PBXContainerItemProxy section */

/* Begin PBXCopyFilesBuildPhase section */
		0196145027F6023100DEF9E5 /* Embed App Extensions */ = {
			isa = PBXCopyFilesBuildPhase;
			buildActionMask = 2147483647;
			dstPath = "";
			dstSubfolderSpec = 13;
			files = (
				0196144F27F6023100DEF9E5 /* PrometheusWidgetKitExtension.appex in Embed App Extensions */,
			);
			name = "Embed App Extensions";
			runOnlyForDeploymentPostprocessing = 0;
		};
		019D41B72711D56D004BFD35 /* Embed Frameworks */ = {
			isa = PBXCopyFilesBuildPhase;
			buildActionMask = 2147483647;
			dstPath = "";
			dstSubfolderSpec = 10;
			files = (
				019D41BB2711E81B004BFD35 /* FeatureIntermediate.framework in Embed Frameworks */,
				019D41B92711D56E004BFD35 /* RetainCycle.framework in Embed Frameworks */,
				016440D8278DEA1C0096F788 /* Maya.framework in Embed Frameworks */,
				013E644427343E7200D38AF7 /* ProMotion.framework in Embed Frameworks */,
				018BADF027E1EE9A00B26C57 /* Grid.framework in Embed Frameworks */,
				013512CD27172AE6006CC796 /* Sensor.framework in Embed Frameworks */,
				019CFB8D27DFA85000449402 /* Record28.framework in Embed Frameworks */,
			);
			name = "Embed Frameworks";
			runOnlyForDeploymentPostprocessing = 0;
		};
/* End PBXCopyFilesBuildPhase section */

/* Begin PBXFileReference section */
		0105DE4A27415ACC00010440 /* UIRotatable.swift */ = {isa = PBXFileReference; lastKnownFileType = sourcecode.swift; path = UIRotatable.swift; sourceTree = "<group>"; };
		0105DE4E27415B6600010440 /* UIViewController+Upper.swift */ = {isa = PBXFileReference; lastKnownFileType = sourcecode.swift; path = "UIViewController+Upper.swift"; sourceTree = "<group>"; };
		010691D327DBB019008CEF72 /* ProductFeatureModel.swift */ = {isa = PBXFileReference; lastKnownFileType = sourcecode.swift; path = ProductFeatureModel.swift; sourceTree = "<group>"; };
		010A2FDB272316A100E028ED /* CALayer+Shadow.swift */ = {isa = PBXFileReference; fileEncoding = 4; lastKnownFileType = sourcecode.swift; path = "CALayer+Shadow.swift"; sourceTree = "<group>"; };
		010B6215271317C700815777 /* AggregationServicesLocator.swift */ = {isa = PBXFileReference; lastKnownFileType = sourcecode.swift; path = AggregationServicesLocator.swift; sourceTree = "<group>"; };
		010B621B2713312700815777 /* Section.swift */ = {isa = PBXFileReference; lastKnownFileType = sourcecode.swift; path = Section.swift; sourceTree = "<group>"; };
		011CE1C027DA5A1D0087B047 /* TransformCollectionLayout.h */ = {isa = PBXFileReference; fileEncoding = 4; lastKnownFileType = sourcecode.c.h; path = TransformCollectionLayout.h; sourceTree = "<group>"; };
		011CE1C127DA5A1D0087B047 /* TransformCollectionLayout.m */ = {isa = PBXFileReference; fileEncoding = 4; lastKnownFileType = sourcecode.c.objc; path = TransformCollectionLayout.m; sourceTree = "<group>"; };
		011CE1C427DA61EE0087B047 /* PlainFeatureCellHorizontal.swift */ = {isa = PBXFileReference; lastKnownFileType = sourcecode.swift; path = PlainFeatureCellHorizontal.swift; sourceTree = "<group>"; };
		011EA79C270F576E003D92C6 /* FeatureLoader.swift */ = {isa = PBXFileReference; fileEncoding = 4; lastKnownFileType = sourcecode.swift; path = FeatureLoader.swift; sourceTree = "<group>"; };
		01227F85272ED7C800DA59F7 /* AggregationViewController.swift */ = {isa = PBXFileReference; lastKnownFileType = sourcecode.swift; path = AggregationViewController.swift; sourceTree = "<group>"; };
		01227F88272EDB3B00DA59F7 /* AggregationViewModel.swift */ = {isa = PBXFileReference; lastKnownFileType = sourcecode.swift; path = AggregationViewModel.swift; sourceTree = "<group>"; };
		01227F8B272EED6000DA59F7 /* AggregationItemModel.swift */ = {isa = PBXFileReference; lastKnownFileType = sourcecode.swift; path = AggregationItemModel.swift; sourceTree = "<group>"; };
		01227F8E272F004E00DA59F7 /* UINavigationController+Extension.swift */ = {isa = PBXFileReference; lastKnownFileType = sourcecode.swift; path = "UINavigationController+Extension.swift"; sourceTree = "<group>"; };
		0124E9C3270623A000C4F98D /* AggregatorFlowCoordinator.swift */ = {isa = PBXFileReference; lastKnownFileType = sourcecode.swift; path = AggregatorFlowCoordinator.swift; sourceTree = "<group>"; };
		0124E9C92706269800C4F98D /* UINavigationControllerSpy.swift */ = {isa = PBXFileReference; lastKnownFileType = sourcecode.swift; path = UINavigationControllerSpy.swift; sourceTree = "<group>"; };
		01292D6627259E6300D6FAF2 /* PlainFeatureCell.swift */ = {isa = PBXFileReference; lastKnownFileType = sourcecode.swift; path = PlainFeatureCell.swift; sourceTree = "<group>"; };
		012DFBB0273AE6E4005A25C9 /* SpinningView.swift */ = {isa = PBXFileReference; lastKnownFileType = sourcecode.swift; path = SpinningView.swift; sourceTree = "<group>"; };
		0132EC3627119085008E786D /* RetainCycle.framework */ = {isa = PBXFileReference; explicitFileType = wrapper.framework; path = RetainCycle.framework; sourceTree = BUILT_PRODUCTS_DIR; };
		0137346F2723129000EA76BC /* UINavigationBar+Styles.swift */ = {isa = PBXFileReference; lastKnownFileType = sourcecode.swift; path = "UINavigationBar+Styles.swift"; sourceTree = "<group>"; };
		013A1D972732E2FA006CF5E6 /* FeatureCellModel.swift */ = {isa = PBXFileReference; lastKnownFileType = sourcecode.swift; path = FeatureCellModel.swift; sourceTree = "<group>"; };
		013B9B112700773900F7340C /* AuthorizationService.swift */ = {isa = PBXFileReference; lastKnownFileType = sourcecode.swift; path = AuthorizationService.swift; sourceTree = "<group>"; };
		013E64142733E3F900D38AF7 /* SectionHeaderView.swift */ = {isa = PBXFileReference; lastKnownFileType = sourcecode.swift; path = SectionHeaderView.swift; sourceTree = "<group>"; };
		013E644227343E7200D38AF7 /* ProMotion.framework */ = {isa = PBXFileReference; explicitFileType = wrapper.framework; path = ProMotion.framework; sourceTree = BUILT_PRODUCTS_DIR; };
		0143E46A274BE6CE007373D6 /* UIDevice+Orientations.swift */ = {isa = PBXFileReference; lastKnownFileType = sourcecode.swift; path = "UIDevice+Orientations.swift"; sourceTree = "<group>"; };
		014405ED273979A100211E2F /* LaunchScreen.storyboard */ = {isa = PBXFileReference; lastKnownFileType = file.storyboard; path = LaunchScreen.storyboard; sourceTree = "<group>"; };
		014405EF27397B7800211E2F /* Assets.xcassets */ = {isa = PBXFileReference; lastKnownFileType = folder.assetcatalog; path = Assets.xcassets; sourceTree = "<group>"; };
		0149081C273029CF009DBE62 /* AggregationDataSource.swift */ = {isa = PBXFileReference; lastKnownFileType = sourcecode.swift; path = AggregationDataSource.swift; sourceTree = "<group>"; };
		014DA99A2711FB1E00D9B452 /* Features.plist */ = {isa = PBXFileReference; lastKnownFileType = text.plist.xml; path = Features.plist; sourceTree = "<group>"; };
		015D5C4828216C9600347C9A /* RouteChain.swift */ = {isa = PBXFileReference; lastKnownFileType = sourcecode.swift; path = RouteChain.swift; sourceTree = "<group>"; };
		015D5C4A28216E2600347C9A /* SpashScreenViewController.swift */ = {isa = PBXFileReference; lastKnownFileType = sourcecode.swift; path = SpashScreenViewController.swift; sourceTree = "<group>"; };
		015D5C4C2821878800347C9A /* AnimationDelegate.swift */ = {isa = PBXFileReference; lastKnownFileType = sourcecode.swift; path = AnimationDelegate.swift; sourceTree = "<group>"; };
		0160C070270DF36B00D15AEE /* LocalAuthorizationHelper.swift */ = {isa = PBXFileReference; lastKnownFileType = sourcecode.swift; path = LocalAuthorizationHelper.swift; sourceTree = "<group>"; };
		0163D07627232E86008DF12B /* AnimatedHighlightCell.swift */ = {isa = PBXFileReference; lastKnownFileType = sourcecode.swift; path = AnimatedHighlightCell.swift; sourceTree = "<group>"; };
		016440D6278DEA1C0096F788 /* Maya.framework */ = {isa = PBXFileReference; explicitFileType = wrapper.framework; path = Maya.framework; sourceTree = BUILT_PRODUCTS_DIR; };
		01757BE32753BED2009549E7 /* VideoPlayerView+PlaybackAssistant.swift */ = {isa = PBXFileReference; lastKnownFileType = sourcecode.swift; path = "VideoPlayerView+PlaybackAssistant.swift"; sourceTree = "<group>"; };
		0184CB3626F8D59700A53BF5 /* Prometheus.app */ = {isa = PBXFileReference; explicitFileType = wrapper.application; includeInIndex = 0; path = Prometheus.app; sourceTree = BUILT_PRODUCTS_DIR; };
		0184CB4726F8D59900A53BF5 /* Info.plist */ = {isa = PBXFileReference; lastKnownFileType = text.plist.xml; path = Info.plist; sourceTree = "<group>"; };
		0184CB5026F8D5CE00A53BF5 /* AuthViewModel.swift */ = {isa = PBXFileReference; fileEncoding = 4; lastKnownFileType = sourcecode.swift; path = AuthViewModel.swift; sourceTree = "<group>"; };
		0184CB5226F8D5CE00A53BF5 /* AuthCoordinator.swift */ = {isa = PBXFileReference; fileEncoding = 4; lastKnownFileType = sourcecode.swift; path = AuthCoordinator.swift; sourceTree = "<group>"; };
		0184CB5626F8D5CE00A53BF5 /* AuthViewController.swift */ = {isa = PBXFileReference; fileEncoding = 4; lastKnownFileType = sourcecode.swift; path = AuthViewController.swift; sourceTree = "<group>"; };
		0184CB5926F8D5CE00A53BF5 /* UITableView+Model.swift */ = {isa = PBXFileReference; fileEncoding = 4; lastKnownFileType = sourcecode.swift; path = "UITableView+Model.swift"; sourceTree = "<group>"; };
		0184CB5C26F8D5CE00A53BF5 /* PinButtonCollectionCell.swift */ = {isa = PBXFileReference; fileEncoding = 4; lastKnownFileType = sourcecode.swift; path = PinButtonCollectionCell.swift; sourceTree = "<group>"; };
		0184CB5D26F8D5CE00A53BF5 /* PinBoardView.swift */ = {isa = PBXFileReference; fileEncoding = 4; lastKnownFileType = sourcecode.swift; path = PinBoardView.swift; sourceTree = "<group>"; };
		0184CB5E26F8D5CE00A53BF5 /* UICollectionView+Model.swift */ = {isa = PBXFileReference; fileEncoding = 4; lastKnownFileType = sourcecode.swift; path = "UICollectionView+Model.swift"; sourceTree = "<group>"; };
		0184CB5F26F8D5CE00A53BF5 /* TimerLabel.swift */ = {isa = PBXFileReference; fileEncoding = 4; lastKnownFileType = sourcecode.swift; path = TimerLabel.swift; sourceTree = "<group>"; };
		0184CB6026F8D5CE00A53BF5 /* DotProgressView.swift */ = {isa = PBXFileReference; fileEncoding = 4; lastKnownFileType = sourcecode.swift; path = DotProgressView.swift; sourceTree = "<group>"; };
		0184CB6126F8D5CE00A53BF5 /* CoordinatorTabBarController.swift */ = {isa = PBXFileReference; fileEncoding = 4; lastKnownFileType = sourcecode.swift; path = CoordinatorTabBarController.swift; sourceTree = "<group>"; };
		0184CB6726F8D5CF00A53BF5 /* Palette.swift */ = {isa = PBXFileReference; fileEncoding = 4; lastKnownFileType = sourcecode.swift; path = Palette.swift; sourceTree = "<group>"; };
		0184CB6826F8D5CF00A53BF5 /* TextFont.swift */ = {isa = PBXFileReference; fileEncoding = 4; lastKnownFileType = sourcecode.swift; path = TextFont.swift; sourceTree = "<group>"; };
		0184CB6926F8D5CF00A53BF5 /* ImageSource.swift */ = {isa = PBXFileReference; fileEncoding = 4; lastKnownFileType = sourcecode.swift; path = ImageSource.swift; sourceTree = "<group>"; };
		0184CB6A26F8D5CF00A53BF5 /* NumericValues.swift */ = {isa = PBXFileReference; fileEncoding = 4; lastKnownFileType = sourcecode.swift; path = NumericValues.swift; sourceTree = "<group>"; };
		0184CB6E26F8D5CF00A53BF5 /* Coordinator.swift */ = {isa = PBXFileReference; fileEncoding = 4; lastKnownFileType = sourcecode.swift; path = Coordinator.swift; sourceTree = "<group>"; };
		0184CB7026F8D5CF00A53BF5 /* AppCoordinator.swift */ = {isa = PBXFileReference; fileEncoding = 4; lastKnownFileType = sourcecode.swift; path = AppCoordinator.swift; sourceTree = "<group>"; };
		0184CB7126F8D5CF00A53BF5 /* AppDelegate.swift */ = {isa = PBXFileReference; fileEncoding = 4; lastKnownFileType = sourcecode.swift; path = AppDelegate.swift; sourceTree = "<group>"; wrapsLines = 1; };
		0184CB8B26F8D66300A53BF5 /* PrometheusTests.xctest */ = {isa = PBXFileReference; explicitFileType = wrapper.cfbundle; includeInIndex = 0; path = PrometheusTests.xctest; sourceTree = BUILT_PRODUCTS_DIR; };
		0184CB8D26F8D66300A53BF5 /* AuthorizationServiceTests.swift */ = {isa = PBXFileReference; lastKnownFileType = sourcecode.swift; path = AuthorizationServiceTests.swift; sourceTree = "<group>"; };
		0184CB8F26F8D66300A53BF5 /* Info.plist */ = {isa = PBXFileReference; lastKnownFileType = text.plist.xml; path = Info.plist; sourceTree = "<group>"; };
		018BADF127E214E700B26C57 /* Animator.swift */ = {isa = PBXFileReference; lastKnownFileType = sourcecode.swift; path = Animator.swift; sourceTree = "<group>"; };
		0196144227F6023000DEF9E5 /* PrometheusWidgetKitExtension.appex */ = {isa = PBXFileReference; explicitFileType = "wrapper.app-extension"; includeInIndex = 0; path = PrometheusWidgetKitExtension.appex; sourceTree = BUILT_PRODUCTS_DIR; };
		0196144327F6023000DEF9E5 /* WidgetKit.framework */ = {isa = PBXFileReference; lastKnownFileType = wrapper.framework; name = WidgetKit.framework; path = System/Library/Frameworks/WidgetKit.framework; sourceTree = SDKROOT; };
		0196144527F6023000DEF9E5 /* SwiftUI.framework */ = {isa = PBXFileReference; lastKnownFileType = wrapper.framework; name = SwiftUI.framework; path = System/Library/Frameworks/SwiftUI.framework; sourceTree = SDKROOT; };
		0196144827F6023000DEF9E5 /* PrometheusWidgetKit.swift */ = {isa = PBXFileReference; lastKnownFileType = sourcecode.swift; path = PrometheusWidgetKit.swift; sourceTree = "<group>"; };
		0196144A27F6023100DEF9E5 /* Assets.xcassets */ = {isa = PBXFileReference; lastKnownFileType = folder.assetcatalog; path = Assets.xcassets; sourceTree = "<group>"; };
		0196144C27F6023100DEF9E5 /* Info.plist */ = {isa = PBXFileReference; lastKnownFileType = text.plist.xml; path = Info.plist; sourceTree = "<group>"; };
		0196145427F6029D00DEF9E5 /* Maya.framework */ = {isa = PBXFileReference; explicitFileType = wrapper.framework; path = Maya.framework; sourceTree = BUILT_PRODUCTS_DIR; };
		0196AE4A27034A070049DF0B /* PasswordCredential.swift */ = {isa = PBXFileReference; lastKnownFileType = sourcecode.swift; path = PasswordCredential.swift; sourceTree = "<group>"; };
		0196AE4E27034B870049DF0B /* PasswordCredentialsTests.swift */ = {isa = PBXFileReference; lastKnownFileType = sourcecode.swift; path = PasswordCredentialsTests.swift; sourceTree = "<group>"; };
		0196AE50270353170049DF0B /* ViewModel.swift */ = {isa = PBXFileReference; lastKnownFileType = sourcecode.swift; path = ViewModel.swift; sourceTree = "<group>"; };
		019CFB8B27DFA85000449402 /* Record28.framework */ = {isa = PBXFileReference; explicitFileType = wrapper.framework; path = Record28.framework; sourceTree = BUILT_PRODUCTS_DIR; };
		01A0A443273823410011E4CA /* VideoPlayerView.swift */ = {isa = PBXFileReference; lastKnownFileType = sourcecode.swift; path = VideoPlayerView.swift; sourceTree = "<group>"; };
		01B14FB5275E6F40001E0837 /* PlainButton.swift */ = {isa = PBXFileReference; lastKnownFileType = sourcecode.swift; path = PlainButton.swift; sourceTree = "<group>"; };
		01BD423327130A65009FCBE7 /* Sensor.framework */ = {isa = PBXFileReference; explicitFileType = wrapper.framework; path = Sensor.framework; sourceTree = BUILT_PRODUCTS_DIR; };
		01DDC4F727C2AE5500F8FD4E /* Grid.framework */ = {isa = PBXFileReference; explicitFileType = wrapper.framework; path = Grid.framework; sourceTree = BUILT_PRODUCTS_DIR; };
		01E9ECA727441D4E0090879E /* UIImage+Extensions.swift */ = {isa = PBXFileReference; lastKnownFileType = sourcecode.swift; path = "UIImage+Extensions.swift"; sourceTree = "<group>"; };
		01E9ECA927441E9B0090879E /* SpacerView.swift */ = {isa = PBXFileReference; lastKnownFileType = sourcecode.swift; path = SpacerView.swift; sourceTree = "<group>"; };
		01F24FF527117E3B00D5B074 /* FeatureIntermediate.framework */ = {isa = PBXFileReference; explicitFileType = wrapper.framework; includeInIndex = 0; path = FeatureIntermediate.framework; sourceTree = BUILT_PRODUCTS_DIR; };
		01F24FF727117E3B00D5B074 /* FeatureIntermediate.h */ = {isa = PBXFileReference; lastKnownFileType = sourcecode.c.h; path = FeatureIntermediate.h; sourceTree = "<group>"; };
		046ACC4E4F9355CD00047D87 /* Pods-Prometheus-FeatureIntermediate.debug.xcconfig */ = {isa = PBXFileReference; includeInIndex = 1; lastKnownFileType = text.xcconfig; name = "Pods-Prometheus-FeatureIntermediate.debug.xcconfig"; path = "Target Support Files/Pods-Prometheus-FeatureIntermediate/Pods-Prometheus-FeatureIntermediate.debug.xcconfig"; sourceTree = "<group>"; };
		26476EC4DF7812CE89272149 /* Pods-Prometheus.debug.xcconfig */ = {isa = PBXFileReference; includeInIndex = 1; lastKnownFileType = text.xcconfig; name = "Pods-Prometheus.debug.xcconfig"; path = "Target Support Files/Pods-Prometheus/Pods-Prometheus.debug.xcconfig"; sourceTree = "<group>"; };
		35AD7E5C7C27230946914EF9 /* Pods-Prometheus.release.xcconfig */ = {isa = PBXFileReference; includeInIndex = 1; lastKnownFileType = text.xcconfig; name = "Pods-Prometheus.release.xcconfig"; path = "Target Support Files/Pods-Prometheus/Pods-Prometheus.release.xcconfig"; sourceTree = "<group>"; };
		8A8169C8BD9BF39AC4AAE2EA /* Pods_Prometheus.framework */ = {isa = PBXFileReference; explicitFileType = wrapper.framework; includeInIndex = 0; path = Pods_Prometheus.framework; sourceTree = BUILT_PRODUCTS_DIR; };
		DEFD90D509527E84D89B70B4 /* Pods_Prometheus_FeatureIntermediate.framework */ = {isa = PBXFileReference; explicitFileType = wrapper.framework; includeInIndex = 0; path = Pods_Prometheus_FeatureIntermediate.framework; sourceTree = BUILT_PRODUCTS_DIR; };
		F6C28508FC38C76BE61EA0C4 /* Pods-Prometheus-FeatureIntermediate.release.xcconfig */ = {isa = PBXFileReference; includeInIndex = 1; lastKnownFileType = text.xcconfig; name = "Pods-Prometheus-FeatureIntermediate.release.xcconfig"; path = "Target Support Files/Pods-Prometheus-FeatureIntermediate/Pods-Prometheus-FeatureIntermediate.release.xcconfig"; sourceTree = "<group>"; };
/* End PBXFileReference section */

/* Begin PBXFrameworksBuildPhase section */
		0184CB3326F8D59700A53BF5 /* Frameworks */ = {
			isa = PBXFrameworksBuildPhase;
			buildActionMask = 2147483647;
			files = (
				018BADEF27E1EE9A00B26C57 /* Grid.framework in Frameworks */,
				019D41B82711D56E004BFD35 /* RetainCycle.framework in Frameworks */,
				019D41BA2711E81B004BFD35 /* FeatureIntermediate.framework in Frameworks */,
				016440D7278DEA1C0096F788 /* Maya.framework in Frameworks */,
				013512CC27172AE6006CC796 /* Sensor.framework in Frameworks */,
				013E644327343E7200D38AF7 /* ProMotion.framework in Frameworks */,
				A17FAF7DB0D7F4E469EFE336 /* Pods_Prometheus.framework in Frameworks */,
				019CFB8C27DFA85000449402 /* Record28.framework in Frameworks */,
			);
			runOnlyForDeploymentPostprocessing = 0;
		};
		0184CB8826F8D66300A53BF5 /* Frameworks */ = {
			isa = PBXFrameworksBuildPhase;
			buildActionMask = 2147483647;
			files = (
			);
			runOnlyForDeploymentPostprocessing = 0;
		};
		0196143F27F6023000DEF9E5 /* Frameworks */ = {
			isa = PBXFrameworksBuildPhase;
			buildActionMask = 2147483647;
			files = (
				0196144627F6023000DEF9E5 /* SwiftUI.framework in Frameworks */,
				0196144427F6023000DEF9E5 /* WidgetKit.framework in Frameworks */,
			);
			runOnlyForDeploymentPostprocessing = 0;
		};
		01F24FF227117E3B00D5B074 /* Frameworks */ = {
			isa = PBXFrameworksBuildPhase;
			buildActionMask = 2147483647;
			files = (
				4EF124C91A60168C9AB56B8F /* Pods_Prometheus_FeatureIntermediate.framework in Frameworks */,
			);
			runOnlyForDeploymentPostprocessing = 0;
		};
/* End PBXFrameworksBuildPhase section */

/* Begin PBXGroup section */
		010B622027134C1800815777 /* UI */ = {
			isa = PBXGroup;
			children = (
				0184CB4F26F8D5CE00A53BF5 /* ViewModels */,
				0184CB5526F8D5CE00A53BF5 /* ViewControllers */,
			);
			path = UI;
			sourceTree = "<group>";
		};
		010B622127134C2600815777 /* Components */ = {
			isa = PBXGroup;
			children = (
				0196AE4A27034A070049DF0B /* PasswordCredential.swift */,
				015D5C4828216C9600347C9A /* RouteChain.swift */,
			);
			path = Components;
			sourceTree = "<group>";
		};
		010B622227134C7700815777 /* UI */ = {
			isa = PBXGroup;
			children = (
				01227F87272EDB2D00DA59F7 /* ViewModels */,
				0124E9C52706243D00C4F98D /* ViewControllers */,
				019914F82709E18300C58386 /* Cells */,
			);
			path = UI;
			sourceTree = "<group>";
		};
		010B622327134C8700815777 /* Services */ = {
			isa = PBXGroup;
			children = (
				010B6215271317C700815777 /* AggregationServicesLocator.swift */,
			);
			path = Services;
			sourceTree = "<group>";
		};
		011CE1BF27DA5A130087B047 /* Layout */ = {
			isa = PBXGroup;
			children = (
				011CE1C027DA5A1D0087B047 /* TransformCollectionLayout.h */,
				011CE1C127DA5A1D0087B047 /* TransformCollectionLayout.m */,
			);
			path = Layout;
			sourceTree = "<group>";
		};
		01227F87272EDB2D00DA59F7 /* ViewModels */ = {
			isa = PBXGroup;
			children = (
				01227F88272EDB3B00DA59F7 /* AggregationViewModel.swift */,
			);
			path = ViewModels;
			sourceTree = "<group>";
		};
		0124E9C227061F4C00C4F98D /* AggregatorFlow */ = {
			isa = PBXGroup;
			children = (
				0124E9C3270623A000C4F98D /* AggregatorFlowCoordinator.swift */,
				010B622227134C7700815777 /* UI */,
				013A1D962732E2F0006CF5E6 /* Models */,
				010B622327134C8700815777 /* Services */,
			);
			path = AggregatorFlow;
			sourceTree = "<group>";
		};
		0124E9C52706243D00C4F98D /* ViewControllers */ = {
			isa = PBXGroup;
			children = (
				01227F85272ED7C800DA59F7 /* AggregationViewController.swift */,
				0149081C273029CF009DBE62 /* AggregationDataSource.swift */,
			);
			path = ViewControllers;
			sourceTree = "<group>";
		};
		01373471272312DA00EA76BC /* Helpers */ = {
			isa = PBXGroup;
			children = (
				0184CB6726F8D5CF00A53BF5 /* Palette.swift */,
				0184CB6826F8D5CF00A53BF5 /* TextFont.swift */,
				0184CB6926F8D5CF00A53BF5 /* ImageSource.swift */,
				0184CB6A26F8D5CF00A53BF5 /* NumericValues.swift */,
			);
			path = Helpers;
			sourceTree = "<group>";
		};
		013A1D962732E2F0006CF5E6 /* Models */ = {
			isa = PBXGroup;
			children = (
				01227F8B272EED6000DA59F7 /* AggregationItemModel.swift */,
				013A1D972732E2FA006CF5E6 /* FeatureCellModel.swift */,
				010691D327DBB019008CEF72 /* ProductFeatureModel.swift */,
			);
			path = Models;
			sourceTree = "<group>";
		};
		013B9B0E2700700D00F7340C /* Services */ = {
			isa = PBXGroup;
			children = (
				013B9B112700773900F7340C /* AuthorizationService.swift */,
				0160C070270DF36B00D15AEE /* LocalAuthorizationHelper.swift */,
			);
			path = Services;
			sourceTree = "<group>";
		};
		0163D07227232162008DF12B /* Loading */ = {
			isa = PBXGroup;
			children = (
				011EA79C270F576E003D92C6 /* FeatureLoader.swift */,
			);
			path = Loading;
			sourceTree = "<group>";
		};
		0184CB2D26F8D59700A53BF5 = {
			isa = PBXGroup;
			children = (
				0184CB3826F8D59700A53BF5 /* Prometheus */,
				0184CB8C26F8D66300A53BF5 /* PrometheusTests */,
				01F24FF627117E3B00D5B074 /* FeatureIntermediate */,
				0196144727F6023000DEF9E5 /* PrometheusWidgetKit */,
				0184CB3726F8D59700A53BF5 /* Products */,
				6A96FDE60FF40D393B7FFAE1 /* Pods */,
				84528AE75AF39217585580C0 /* Frameworks */,
			);
			sourceTree = "<group>";
		};
		0184CB3726F8D59700A53BF5 /* Products */ = {
			isa = PBXGroup;
			children = (
				0184CB3626F8D59700A53BF5 /* Prometheus.app */,
				0184CB8B26F8D66300A53BF5 /* PrometheusTests.xctest */,
				01F24FF527117E3B00D5B074 /* FeatureIntermediate.framework */,
				0196144227F6023000DEF9E5 /* PrometheusWidgetKitExtension.appex */,
			);
			name = Products;
			sourceTree = "<group>";
		};
		0184CB3826F8D59700A53BF5 /* Prometheus */ = {
			isa = PBXGroup;
			children = (
				0184CB6F26F8D5CF00A53BF5 /* Application */,
				0184CB4D26F8D5CE00A53BF5 /* Flows */,
				010B622127134C2600815777 /* Components */,
				0184CB6226F8D5CE00A53BF5 /* Resources */,
			);
			path = Prometheus;
			sourceTree = "<group>";
		};
		0184CB4D26F8D5CE00A53BF5 /* Flows */ = {
			isa = PBXGroup;
			children = (
				0124E9C227061F4C00C4F98D /* AggregatorFlow */,
				0184CB4E26F8D5CE00A53BF5 /* AuthorizationFlow */,
				015D5C4A28216E2600347C9A /* SpashScreenViewController.swift */,
			);
			path = Flows;
			sourceTree = "<group>";
		};
		0184CB4E26F8D5CE00A53BF5 /* AuthorizationFlow */ = {
			isa = PBXGroup;
			children = (
				0184CB5226F8D5CE00A53BF5 /* AuthCoordinator.swift */,
				010B622027134C1800815777 /* UI */,
				013B9B0E2700700D00F7340C /* Services */,
			);
			path = AuthorizationFlow;
			sourceTree = "<group>";
		};
		0184CB4F26F8D5CE00A53BF5 /* ViewModels */ = {
			isa = PBXGroup;
			children = (
				0184CB5026F8D5CE00A53BF5 /* AuthViewModel.swift */,
			);
			path = ViewModels;
			sourceTree = "<group>";
		};
		0184CB5526F8D5CE00A53BF5 /* ViewControllers */ = {
			isa = PBXGroup;
			children = (
				0184CB5626F8D5CE00A53BF5 /* AuthViewController.swift */,
			);
			path = ViewControllers;
			sourceTree = "<group>";
		};
		0184CB5726F8D5CE00A53BF5 /* CommonUI */ = {
			isa = PBXGroup;
			children = (
				01B14FB4275E693F001E0837 /* Buttons */,
				018CEFD2271DC5710022A9C0 /* Extensions */,
				0184CB5826F8D5CE00A53BF5 /* TableView */,
				0184CB5A26F8D5CE00A53BF5 /* CollectionView */,
				01DF38F32742BCA200A5DDE5 /* VideoPlayer */,
				0184CB5F26F8D5CE00A53BF5 /* TimerLabel.swift */,
				0184CB6026F8D5CE00A53BF5 /* DotProgressView.swift */,
				0184CB6126F8D5CE00A53BF5 /* CoordinatorTabBarController.swift */,
				012DFBB0273AE6E4005A25C9 /* SpinningView.swift */,
				01E9ECA927441E9B0090879E /* SpacerView.swift */,
			);
			path = CommonUI;
			sourceTree = "<group>";
		};
		0184CB5826F8D5CE00A53BF5 /* TableView */ = {
			isa = PBXGroup;
			children = (
				0184CB5926F8D5CE00A53BF5 /* UITableView+Model.swift */,
			);
			path = TableView;
			sourceTree = "<group>";
		};
		0184CB5A26F8D5CE00A53BF5 /* CollectionView */ = {
			isa = PBXGroup;
			children = (
				011CE1BF27DA5A130087B047 /* Layout */,
				0184CB5B26F8D5CE00A53BF5 /* PinBoard */,
				0163D07627232E86008DF12B /* AnimatedHighlightCell.swift */,
				0184CB5E26F8D5CE00A53BF5 /* UICollectionView+Model.swift */,
			);
			path = CollectionView;
			sourceTree = "<group>";
		};
		0184CB5B26F8D5CE00A53BF5 /* PinBoard */ = {
			isa = PBXGroup;
			children = (
				0184CB5C26F8D5CE00A53BF5 /* PinButtonCollectionCell.swift */,
				0184CB5D26F8D5CE00A53BF5 /* PinBoardView.swift */,
			);
			path = PinBoard;
			sourceTree = "<group>";
		};
		0184CB6226F8D5CE00A53BF5 /* Resources */ = {
			isa = PBXGroup;
			children = (
				014405EF27397B7800211E2F /* Assets.xcassets */,
				014405ED273979A100211E2F /* LaunchScreen.storyboard */,
			);
			path = Resources;
			sourceTree = "<group>";
		};
		0184CB6C26F8D5CF00A53BF5 /* Supportings */ = {
			isa = PBXGroup;
			children = (
				0184CB6E26F8D5CF00A53BF5 /* Coordinator.swift */,
				0196AE50270353170049DF0B /* ViewModel.swift */,
				010B621B2713312700815777 /* Section.swift */,
				0105DE4A27415ACC00010440 /* UIRotatable.swift */,
				018BADF127E214E700B26C57 /* Animator.swift */,
				015D5C4C2821878800347C9A /* AnimationDelegate.swift */,
			);
			path = Supportings;
			sourceTree = "<group>";
		};
		0184CB6F26F8D5CF00A53BF5 /* Application */ = {
			isa = PBXGroup;
			children = (
				0184CB4726F8D59900A53BF5 /* Info.plist */,
				0184CB7126F8D5CF00A53BF5 /* AppDelegate.swift */,
				0184CB7026F8D5CF00A53BF5 /* AppCoordinator.swift */,
				0124E9C92706269800C4F98D /* UINavigationControllerSpy.swift */,
			);
			path = Application;
			sourceTree = "<group>";
		};
		0184CB8C26F8D66300A53BF5 /* PrometheusTests */ = {
			isa = PBXGroup;
			children = (
				0184CB8D26F8D66300A53BF5 /* AuthorizationServiceTests.swift */,
				0196AE4E27034B870049DF0B /* PasswordCredentialsTests.swift */,
				0184CB8F26F8D66300A53BF5 /* Info.plist */,
			);
			path = PrometheusTests;
			sourceTree = "<group>";
		};
		018CEFD2271DC5710022A9C0 /* Extensions */ = {
			isa = PBXGroup;
			children = (
				0137346F2723129000EA76BC /* UINavigationBar+Styles.swift */,
				010A2FDB272316A100E028ED /* CALayer+Shadow.swift */,
				01227F8E272F004E00DA59F7 /* UINavigationController+Extension.swift */,
				0105DE4E27415B6600010440 /* UIViewController+Upper.swift */,
				01E9ECA727441D4E0090879E /* UIImage+Extensions.swift */,
				0143E46A274BE6CE007373D6 /* UIDevice+Orientations.swift */,
			);
			path = Extensions;
			sourceTree = "<group>";
		};
		0196144727F6023000DEF9E5 /* PrometheusWidgetKit */ = {
			isa = PBXGroup;
			children = (
				0196144827F6023000DEF9E5 /* PrometheusWidgetKit.swift */,
				0196144A27F6023100DEF9E5 /* Assets.xcassets */,
				0196144C27F6023100DEF9E5 /* Info.plist */,
			);
			path = PrometheusWidgetKit;
			sourceTree = "<group>";
		};
		019914F82709E18300C58386 /* Cells */ = {
			isa = PBXGroup;
			children = (
				01292D6627259E6300D6FAF2 /* PlainFeatureCell.swift */,
				013E64142733E3F900D38AF7 /* SectionHeaderView.swift */,
				011CE1C427DA61EE0087B047 /* PlainFeatureCellHorizontal.swift */,
			);
			path = Cells;
			sourceTree = "<group>";
		};
		01B14FB4275E693F001E0837 /* Buttons */ = {
			isa = PBXGroup;
			children = (
				01B14FB5275E6F40001E0837 /* PlainButton.swift */,
			);
			path = Buttons;
			sourceTree = "<group>";
		};
		01DF38F32742BCA200A5DDE5 /* VideoPlayer */ = {
			isa = PBXGroup;
			children = (
				01A0A443273823410011E4CA /* VideoPlayerView.swift */,
				01757BE32753BED2009549E7 /* VideoPlayerView+PlaybackAssistant.swift */,
			);
			path = VideoPlayer;
			sourceTree = "<group>";
		};
		01F24FF627117E3B00D5B074 /* FeatureIntermediate */ = {
			isa = PBXGroup;
			children = (
				0163D07227232162008DF12B /* Loading */,
				0184CB6C26F8D5CF00A53BF5 /* Supportings */,
				0184CB5726F8D5CE00A53BF5 /* CommonUI */,
				01373471272312DA00EA76BC /* Helpers */,
				01F24FF727117E3B00D5B074 /* FeatureIntermediate.h */,
				014DA99A2711FB1E00D9B452 /* Features.plist */,
			);
			path = FeatureIntermediate;
			sourceTree = "<group>";
		};
		6A96FDE60FF40D393B7FFAE1 /* Pods */ = {
			isa = PBXGroup;
			children = (
				26476EC4DF7812CE89272149 /* Pods-Prometheus.debug.xcconfig */,
				35AD7E5C7C27230946914EF9 /* Pods-Prometheus.release.xcconfig */,
				046ACC4E4F9355CD00047D87 /* Pods-Prometheus-FeatureIntermediate.debug.xcconfig */,
				F6C28508FC38C76BE61EA0C4 /* Pods-Prometheus-FeatureIntermediate.release.xcconfig */,
			);
			path = Pods;
			sourceTree = "<group>";
		};
		84528AE75AF39217585580C0 /* Frameworks */ = {
			isa = PBXGroup;
			children = (
				0196145427F6029D00DEF9E5 /* Maya.framework */,
				019CFB8B27DFA85000449402 /* Record28.framework */,
				01DDC4F727C2AE5500F8FD4E /* Grid.framework */,
				016440D6278DEA1C0096F788 /* Maya.framework */,
				013E644227343E7200D38AF7 /* ProMotion.framework */,
				01BD423327130A65009FCBE7 /* Sensor.framework */,
				0132EC3627119085008E786D /* RetainCycle.framework */,
				8A8169C8BD9BF39AC4AAE2EA /* Pods_Prometheus.framework */,
				DEFD90D509527E84D89B70B4 /* Pods_Prometheus_FeatureIntermediate.framework */,
				0196144327F6023000DEF9E5 /* WidgetKit.framework */,
				0196144527F6023000DEF9E5 /* SwiftUI.framework */,
			);
			name = Frameworks;
			sourceTree = "<group>";
		};
/* End PBXGroup section */

/* Begin PBXHeadersBuildPhase section */
		01F24FF027117E3B00D5B074 /* Headers */ = {
			isa = PBXHeadersBuildPhase;
			buildActionMask = 2147483647;
			files = (
				01F24FF827117E3B00D5B074 /* FeatureIntermediate.h in Headers */,
				011CE1C227DA5A1D0087B047 /* TransformCollectionLayout.h in Headers */,
			);
			runOnlyForDeploymentPostprocessing = 0;
		};
/* End PBXHeadersBuildPhase section */

/* Begin PBXNativeTarget section */
		0184CB3526F8D59700A53BF5 /* Prometheus */ = {
			isa = PBXNativeTarget;
			buildConfigurationList = 0184CB4A26F8D59900A53BF5 /* Build configuration list for PBXNativeTarget "Prometheus" */;
			buildPhases = (
				284D6529AD033C15B2198633 /* [CP] Check Pods Manifest.lock */,
				0184CB3226F8D59700A53BF5 /* Sources */,
				0184CB3326F8D59700A53BF5 /* Frameworks */,
				0184CB3426F8D59700A53BF5 /* Resources */,
				019D41B72711D56D004BFD35 /* Embed Frameworks */,
				8DDD5B12E4D278E358753CB1 /* [CP] Embed Pods Frameworks */,
				0196145027F6023100DEF9E5 /* Embed App Extensions */,
			);
			buildRules = (
			);
			dependencies = (
				01F24FFA27117E3B00D5B074 /* PBXTargetDependency */,
				0196144E27F6023100DEF9E5 /* PBXTargetDependency */,
			);
			name = Prometheus;
			productName = Prometheus;
			productReference = 0184CB3626F8D59700A53BF5 /* Prometheus.app */;
			productType = "com.apple.product-type.application";
		};
		0184CB8A26F8D66300A53BF5 /* PrometheusTests */ = {
			isa = PBXNativeTarget;
			buildConfigurationList = 0184CB9426F8D66300A53BF5 /* Build configuration list for PBXNativeTarget "PrometheusTests" */;
			buildPhases = (
				0184CB8726F8D66300A53BF5 /* Sources */,
				0184CB8826F8D66300A53BF5 /* Frameworks */,
				0184CB8926F8D66300A53BF5 /* Resources */,
			);
			buildRules = (
			);
			dependencies = (
				0184CB9126F8D66300A53BF5 /* PBXTargetDependency */,
			);
			name = PrometheusTests;
			productName = PrometheusTests;
			productReference = 0184CB8B26F8D66300A53BF5 /* PrometheusTests.xctest */;
			productType = "com.apple.product-type.bundle.unit-test";
		};
		0196144127F6023000DEF9E5 /* PrometheusWidgetKitExtension */ = {
			isa = PBXNativeTarget;
			buildConfigurationList = 0196145327F6023100DEF9E5 /* Build configuration list for PBXNativeTarget "PrometheusWidgetKitExtension" */;
			buildPhases = (
				0196143E27F6023000DEF9E5 /* Sources */,
				0196143F27F6023000DEF9E5 /* Frameworks */,
				0196144027F6023000DEF9E5 /* Resources */,
			);
			buildRules = (
			);
			dependencies = (
			);
			name = PrometheusWidgetKitExtension;
			productName = PrometheusWidgetKitExtension;
			productReference = 0196144227F6023000DEF9E5 /* PrometheusWidgetKitExtension.appex */;
			productType = "com.apple.product-type.app-extension";
		};
		01F24FF427117E3B00D5B074 /* FeatureIntermediate */ = {
			isa = PBXNativeTarget;
			buildConfigurationList = 01F24FFF27117E3B00D5B074 /* Build configuration list for PBXNativeTarget "FeatureIntermediate" */;
			buildPhases = (
				90B9DE43F7522DB03FC7BB56 /* [CP] Check Pods Manifest.lock */,
				01F24FF027117E3B00D5B074 /* Headers */,
				01F24FF127117E3B00D5B074 /* Sources */,
				01F24FF227117E3B00D5B074 /* Frameworks */,
				01F24FF327117E3B00D5B074 /* Resources */,
			);
			buildRules = (
			);
			dependencies = (
			);
			name = FeatureIntermediate;
			productName = FeatureIntermediate;
			productReference = 01F24FF527117E3B00D5B074 /* FeatureIntermediate.framework */;
			productType = "com.apple.product-type.framework";
		};
/* End PBXNativeTarget section */

/* Begin PBXProject section */
		0184CB2E26F8D59700A53BF5 /* Project object */ = {
			isa = PBXProject;
			attributes = {
				LastSwiftUpdateCheck = 1330;
				LastUpgradeCheck = 1250;
				TargetAttributes = {
					0184CB3526F8D59700A53BF5 = {
						CreatedOnToolsVersion = 12.5;
						LastSwiftMigration = 1300;
					};
					0184CB8A26F8D66300A53BF5 = {
						CreatedOnToolsVersion = 12.5;
						TestTargetID = 0184CB3526F8D59700A53BF5;
					};
					0196144127F6023000DEF9E5 = {
						CreatedOnToolsVersion = 13.3;
					};
					01F24FF427117E3B00D5B074 = {
						CreatedOnToolsVersion = 13.0;
					};
				};
			};
			buildConfigurationList = 0184CB3126F8D59700A53BF5 /* Build configuration list for PBXProject "Prometheus" */;
			compatibilityVersion = "Xcode 9.3";
			developmentRegion = en;
			hasScannedForEncodings = 0;
			knownRegions = (
				en,
				Base,
			);
			mainGroup = 0184CB2D26F8D59700A53BF5;
			productRefGroup = 0184CB3726F8D59700A53BF5 /* Products */;
			projectDirPath = "";
			projectRoot = "";
			targets = (
				0184CB3526F8D59700A53BF5 /* Prometheus */,
				0184CB8A26F8D66300A53BF5 /* PrometheusTests */,
				01F24FF427117E3B00D5B074 /* FeatureIntermediate */,
				0196144127F6023000DEF9E5 /* PrometheusWidgetKitExtension */,
			);
		};
/* End PBXProject section */

/* Begin PBXResourcesBuildPhase section */
		0184CB3426F8D59700A53BF5 /* Resources */ = {
			isa = PBXResourcesBuildPhase;
			buildActionMask = 2147483647;
			files = (
				014405EE273979A100211E2F /* LaunchScreen.storyboard in Resources */,
				014405F027397B7800211E2F /* Assets.xcassets in Resources */,
				014DA99C2711FF9400D9B452 /* Features.plist in Resources */,
			);
			runOnlyForDeploymentPostprocessing = 0;
		};
		0184CB8926F8D66300A53BF5 /* Resources */ = {
			isa = PBXResourcesBuildPhase;
			buildActionMask = 2147483647;
			files = (
			);
			runOnlyForDeploymentPostprocessing = 0;
		};
		0196144027F6023000DEF9E5 /* Resources */ = {
			isa = PBXResourcesBuildPhase;
			buildActionMask = 2147483647;
			files = (
				0196144B27F6023100DEF9E5 /* Assets.xcassets in Resources */,
			);
			runOnlyForDeploymentPostprocessing = 0;
		};
		01F24FF327117E3B00D5B074 /* Resources */ = {
			isa = PBXResourcesBuildPhase;
			buildActionMask = 2147483647;
			files = (
				014DA99B2711FB1E00D9B452 /* Features.plist in Resources */,
			);
			runOnlyForDeploymentPostprocessing = 0;
		};
/* End PBXResourcesBuildPhase section */

/* Begin PBXShellScriptBuildPhase section */
		284D6529AD033C15B2198633 /* [CP] Check Pods Manifest.lock */ = {
			isa = PBXShellScriptBuildPhase;
			buildActionMask = 2147483647;
			files = (
			);
			inputFileListPaths = (
			);
			inputPaths = (
				"${PODS_PODFILE_DIR_PATH}/Podfile.lock",
				"${PODS_ROOT}/Manifest.lock",
			);
			name = "[CP] Check Pods Manifest.lock";
			outputFileListPaths = (
			);
			outputPaths = (
				"$(DERIVED_FILE_DIR)/Pods-Prometheus-checkManifestLockResult.txt",
			);
			runOnlyForDeploymentPostprocessing = 0;
			shellPath = /bin/sh;
			shellScript = "diff \"${PODS_PODFILE_DIR_PATH}/Podfile.lock\" \"${PODS_ROOT}/Manifest.lock\" > /dev/null\nif [ $? != 0 ] ; then\n    # print error to STDERR\n    echo \"error: The sandbox is not in sync with the Podfile.lock. Run 'pod install' or update your CocoaPods installation.\" >&2\n    exit 1\nfi\n# This output is used by Xcode 'outputs' to avoid re-running this script phase.\necho \"SUCCESS\" > \"${SCRIPT_OUTPUT_FILE_0}\"\n";
			showEnvVarsInLog = 0;
		};
		8DDD5B12E4D278E358753CB1 /* [CP] Embed Pods Frameworks */ = {
			isa = PBXShellScriptBuildPhase;
			buildActionMask = 2147483647;
			files = (
			);
			inputFileListPaths = (
				"${PODS_ROOT}/Target Support Files/Pods-Prometheus/Pods-Prometheus-frameworks-${CONFIGURATION}-input-files.xcfilelist",
			);
			name = "[CP] Embed Pods Frameworks";
			outputFileListPaths = (
				"${PODS_ROOT}/Target Support Files/Pods-Prometheus/Pods-Prometheus-frameworks-${CONFIGURATION}-output-files.xcfilelist",
			);
			runOnlyForDeploymentPostprocessing = 0;
			shellPath = /bin/sh;
			shellScript = "\"${PODS_ROOT}/Target Support Files/Pods-Prometheus/Pods-Prometheus-frameworks.sh\"\n";
			showEnvVarsInLog = 0;
		};
		90B9DE43F7522DB03FC7BB56 /* [CP] Check Pods Manifest.lock */ = {
			isa = PBXShellScriptBuildPhase;
			buildActionMask = 2147483647;
			files = (
			);
			inputFileListPaths = (
			);
			inputPaths = (
				"${PODS_PODFILE_DIR_PATH}/Podfile.lock",
				"${PODS_ROOT}/Manifest.lock",
			);
			name = "[CP] Check Pods Manifest.lock";
			outputFileListPaths = (
			);
			outputPaths = (
				"$(DERIVED_FILE_DIR)/Pods-Prometheus-FeatureIntermediate-checkManifestLockResult.txt",
			);
			runOnlyForDeploymentPostprocessing = 0;
			shellPath = /bin/sh;
			shellScript = "diff \"${PODS_PODFILE_DIR_PATH}/Podfile.lock\" \"${PODS_ROOT}/Manifest.lock\" > /dev/null\nif [ $? != 0 ] ; then\n    # print error to STDERR\n    echo \"error: The sandbox is not in sync with the Podfile.lock. Run 'pod install' or update your CocoaPods installation.\" >&2\n    exit 1\nfi\n# This output is used by Xcode 'outputs' to avoid re-running this script phase.\necho \"SUCCESS\" > \"${SCRIPT_OUTPUT_FILE_0}\"\n";
			showEnvVarsInLog = 0;
		};
/* End PBXShellScriptBuildPhase section */

/* Begin PBXSourcesBuildPhase section */
		0184CB3226F8D59700A53BF5 /* Sources */ = {
			isa = PBXSourcesBuildPhase;
			buildActionMask = 2147483647;
			files = (
				01227F89272EDB3B00DA59F7 /* AggregationViewModel.swift in Sources */,
				0184CB8626F8D5CF00A53BF5 /* AppDelegate.swift in Sources */,
				010691D427DBB019008CEF72 /* ProductFeatureModel.swift in Sources */,
				0196AE4B27034A070049DF0B /* PasswordCredential.swift in Sources */,
				010B6216271317C700815777 /* AggregationServicesLocator.swift in Sources */,
				0184CB7326F8D5CF00A53BF5 /* AuthCoordinator.swift in Sources */,
				015D5C4B28216E2600347C9A /* SpashScreenViewController.swift in Sources */,
				0184CB7226F8D5CF00A53BF5 /* AuthViewModel.swift in Sources */,
				0184CB8526F8D5CF00A53BF5 /* AppCoordinator.swift in Sources */,
				0124E9C4270623A000C4F98D /* AggregatorFlowCoordinator.swift in Sources */,
				0160C071270DF36B00D15AEE /* LocalAuthorizationHelper.swift in Sources */,
				013A1D982732E2FA006CF5E6 /* FeatureCellModel.swift in Sources */,
				0149081D273029CF009DBE62 /* AggregationDataSource.swift in Sources */,
				01F82CFD2727210A000034D8 /* PlainFeatureCell.swift in Sources */,
				01227F8C272EED6000DA59F7 /* AggregationItemModel.swift in Sources */,
				013E64152733E3F900D38AF7 /* SectionHeaderView.swift in Sources */,
				0184CB7526F8D5CF00A53BF5 /* AuthViewController.swift in Sources */,
				015D5C4928216C9600347C9A /* RouteChain.swift in Sources */,
				013B9B122700773900F7340C /* AuthorizationService.swift in Sources */,
				0124E9CA2706269800C4F98D /* UINavigationControllerSpy.swift in Sources */,
				011CE1C527DA61EE0087B047 /* PlainFeatureCellHorizontal.swift in Sources */,
				01227F86272ED7C800DA59F7 /* AggregationViewController.swift in Sources */,
			);
			runOnlyForDeploymentPostprocessing = 0;
		};
		0184CB8726F8D66300A53BF5 /* Sources */ = {
			isa = PBXSourcesBuildPhase;
			buildActionMask = 2147483647;
			files = (
				0184CB8E26F8D66300A53BF5 /* AuthorizationServiceTests.swift in Sources */,
				0196AE4F27034B870049DF0B /* PasswordCredentialsTests.swift in Sources */,
			);
			runOnlyForDeploymentPostprocessing = 0;
		};
		0196143E27F6023000DEF9E5 /* Sources */ = {
			isa = PBXSourcesBuildPhase;
			buildActionMask = 2147483647;
			files = (
				0196144927F6023000DEF9E5 /* PrometheusWidgetKit.swift in Sources */,
			);
			runOnlyForDeploymentPostprocessing = 0;
		};
		01F24FF127117E3B00D5B074 /* Sources */ = {
			isa = PBXSourcesBuildPhase;
			buildActionMask = 2147483647;
			files = (
				018BADF227E214E700B26C57 /* Animator.swift in Sources */,
				0163D06F2723187D008DF12B /* Coordinator.swift in Sources */,
				0163D064272317C6008DF12B /* DotProgressView.swift in Sources */,
				01E9ECAA27441E9B0090879E /* SpacerView.swift in Sources */,
				010A2FDC272316A100E028ED /* CALayer+Shadow.swift in Sources */,
				015D5C4D2821878800347C9A /* AnimationDelegate.swift in Sources */,
				013734702723129000EA76BC /* UINavigationBar+Styles.swift in Sources */,
				0163D0692723183A008DF12B /* CoordinatorTabBarController.swift in Sources */,
				0163D0702723187F008DF12B /* ViewModel.swift in Sources */,
				0163D06E27231850008DF12B /* UITableView+Model.swift in Sources */,
				01227F8F272F004E00DA59F7 /* UINavigationController+Extension.swift in Sources */,
				01F2500027117E4900D5B074 /* FeatureLoader.swift in Sources */,
				0163D07127231882008DF12B /* Section.swift in Sources */,
				010A2FD62723142400E028ED /* Palette.swift in Sources */,
				0105DE4F27415B6600010440 /* UIViewController+Upper.swift in Sources */,
				011CE1C327DA5A1D0087B047 /* TransformCollectionLayout.m in Sources */,
				0143E46B274BE6CF007373D6 /* UIDevice+Orientations.swift in Sources */,
				01227F8D272EF4D600DA59F7 /* AnimatedHighlightCell.swift in Sources */,
				010A2FD92723142900E028ED /* ImageSource.swift in Sources */,
				01B14FB6275E6F40001E0837 /* PlainButton.swift in Sources */,
				0163D06B27231843008DF12B /* UICollectionView+Model.swift in Sources */,
				0163D06D2723184B008DF12B /* PinBoardView.swift in Sources */,
				0163D06A2723183D008DF12B /* TimerLabel.swift in Sources */,
				012DFBB1273AE6E4005A25C9 /* SpinningView.swift in Sources */,
				010A2FD72723142700E028ED /* TextFont.swift in Sources */,
				0105DE4B27415ACC00010440 /* UIRotatable.swift in Sources */,
				01757BE42753BED2009549E7 /* VideoPlayerView+PlaybackAssistant.swift in Sources */,
				0163D06C27231847008DF12B /* PinButtonCollectionCell.swift in Sources */,
				01E9ECA827441D4E0090879E /* UIImage+Extensions.swift in Sources */,
				010A2FDA2723142C00E028ED /* NumericValues.swift in Sources */,
				01A0A444273823410011E4CA /* VideoPlayerView.swift in Sources */,
			);
			runOnlyForDeploymentPostprocessing = 0;
		};
/* End PBXSourcesBuildPhase section */

/* Begin PBXTargetDependency section */
		0184CB9126F8D66300A53BF5 /* PBXTargetDependency */ = {
			isa = PBXTargetDependency;
			target = 0184CB3526F8D59700A53BF5 /* Prometheus */;
			targetProxy = 0184CB9026F8D66300A53BF5 /* PBXContainerItemProxy */;
		};
		0196144E27F6023100DEF9E5 /* PBXTargetDependency */ = {
			isa = PBXTargetDependency;
			target = 0196144127F6023000DEF9E5 /* PrometheusWidgetKitExtension */;
			targetProxy = 0196144D27F6023100DEF9E5 /* PBXContainerItemProxy */;
		};
		01F24FFA27117E3B00D5B074 /* PBXTargetDependency */ = {
			isa = PBXTargetDependency;
			target = 01F24FF427117E3B00D5B074 /* FeatureIntermediate */;
			targetProxy = 01F24FF927117E3B00D5B074 /* PBXContainerItemProxy */;
		};
/* End PBXTargetDependency section */

/* Begin XCBuildConfiguration section */
		0184CB4826F8D59900A53BF5 /* Debug */ = {
			isa = XCBuildConfiguration;
			buildSettings = {
				ALWAYS_SEARCH_USER_PATHS = NO;
				CLANG_ANALYZER_NONNULL = YES;
				CLANG_ANALYZER_NUMBER_OBJECT_CONVERSION = YES_AGGRESSIVE;
				CLANG_CXX_LANGUAGE_STANDARD = "gnu++14";
				CLANG_CXX_LIBRARY = "libc++";
				CLANG_ENABLE_MODULES = YES;
				CLANG_ENABLE_OBJC_ARC = YES;
				CLANG_ENABLE_OBJC_WEAK = YES;
				CLANG_WARN_BLOCK_CAPTURE_AUTORELEASING = YES;
				CLANG_WARN_BOOL_CONVERSION = YES;
				CLANG_WARN_COMMA = YES;
				CLANG_WARN_CONSTANT_CONVERSION = YES;
				CLANG_WARN_DEPRECATED_OBJC_IMPLEMENTATIONS = YES;
				CLANG_WARN_DIRECT_OBJC_ISA_USAGE = YES_ERROR;
				CLANG_WARN_DOCUMENTATION_COMMENTS = YES;
				CLANG_WARN_EMPTY_BODY = YES;
				CLANG_WARN_ENUM_CONVERSION = YES;
				CLANG_WARN_INFINITE_RECURSION = YES;
				CLANG_WARN_INT_CONVERSION = YES;
				CLANG_WARN_NON_LITERAL_NULL_CONVERSION = YES;
				CLANG_WARN_OBJC_IMPLICIT_RETAIN_SELF = YES;
				CLANG_WARN_OBJC_LITERAL_CONVERSION = YES;
				CLANG_WARN_OBJC_ROOT_CLASS = YES_ERROR;
				CLANG_WARN_QUOTED_INCLUDE_IN_FRAMEWORK_HEADER = YES;
				CLANG_WARN_RANGE_LOOP_ANALYSIS = YES;
				CLANG_WARN_STRICT_PROTOTYPES = YES;
				CLANG_WARN_SUSPICIOUS_MOVE = YES;
				CLANG_WARN_UNGUARDED_AVAILABILITY = YES_AGGRESSIVE;
				CLANG_WARN_UNREACHABLE_CODE = YES;
				CLANG_WARN__DUPLICATE_METHOD_MATCH = YES;
				COPY_PHASE_STRIP = NO;
				DEBUG_INFORMATION_FORMAT = dwarf;
				ENABLE_STRICT_OBJC_MSGSEND = YES;
				ENABLE_TESTABILITY = YES;
				GCC_C_LANGUAGE_STANDARD = gnu11;
				GCC_DYNAMIC_NO_PIC = NO;
				GCC_NO_COMMON_BLOCKS = YES;
				GCC_OPTIMIZATION_LEVEL = 0;
				GCC_PREPROCESSOR_DEFINITIONS = (
					"DEBUG=1",
					"$(inherited)",
				);
				GCC_WARN_64_TO_32_BIT_CONVERSION = YES;
				GCC_WARN_ABOUT_RETURN_TYPE = YES_ERROR;
				GCC_WARN_UNDECLARED_SELECTOR = YES;
				GCC_WARN_UNINITIALIZED_AUTOS = YES_AGGRESSIVE;
				GCC_WARN_UNUSED_FUNCTION = YES;
				GCC_WARN_UNUSED_VARIABLE = YES;
				IPHONEOS_DEPLOYMENT_TARGET = 15.0;
				MTL_ENABLE_DEBUG_INFO = INCLUDE_SOURCE;
				MTL_FAST_MATH = YES;
				ONLY_ACTIVE_ARCH = YES;
				SDKROOT = iphoneos;
				SWIFT_ACTIVE_COMPILATION_CONDITIONS = DEBUG;
				SWIFT_OPTIMIZATION_LEVEL = "-Onone";
			};
			name = Debug;
		};
		0184CB4926F8D59900A53BF5 /* Release */ = {
			isa = XCBuildConfiguration;
			buildSettings = {
				ALWAYS_SEARCH_USER_PATHS = NO;
				CLANG_ANALYZER_NONNULL = YES;
				CLANG_ANALYZER_NUMBER_OBJECT_CONVERSION = YES_AGGRESSIVE;
				CLANG_CXX_LANGUAGE_STANDARD = "gnu++14";
				CLANG_CXX_LIBRARY = "libc++";
				CLANG_ENABLE_MODULES = YES;
				CLANG_ENABLE_OBJC_ARC = YES;
				CLANG_ENABLE_OBJC_WEAK = YES;
				CLANG_WARN_BLOCK_CAPTURE_AUTORELEASING = YES;
				CLANG_WARN_BOOL_CONVERSION = YES;
				CLANG_WARN_COMMA = YES;
				CLANG_WARN_CONSTANT_CONVERSION = YES;
				CLANG_WARN_DEPRECATED_OBJC_IMPLEMENTATIONS = YES;
				CLANG_WARN_DIRECT_OBJC_ISA_USAGE = YES_ERROR;
				CLANG_WARN_DOCUMENTATION_COMMENTS = YES;
				CLANG_WARN_EMPTY_BODY = YES;
				CLANG_WARN_ENUM_CONVERSION = YES;
				CLANG_WARN_INFINITE_RECURSION = YES;
				CLANG_WARN_INT_CONVERSION = YES;
				CLANG_WARN_NON_LITERAL_NULL_CONVERSION = YES;
				CLANG_WARN_OBJC_IMPLICIT_RETAIN_SELF = YES;
				CLANG_WARN_OBJC_LITERAL_CONVERSION = YES;
				CLANG_WARN_OBJC_ROOT_CLASS = YES_ERROR;
				CLANG_WARN_QUOTED_INCLUDE_IN_FRAMEWORK_HEADER = YES;
				CLANG_WARN_RANGE_LOOP_ANALYSIS = YES;
				CLANG_WARN_STRICT_PROTOTYPES = YES;
				CLANG_WARN_SUSPICIOUS_MOVE = YES;
				CLANG_WARN_UNGUARDED_AVAILABILITY = YES_AGGRESSIVE;
				CLANG_WARN_UNREACHABLE_CODE = YES;
				CLANG_WARN__DUPLICATE_METHOD_MATCH = YES;
				COPY_PHASE_STRIP = NO;
				DEBUG_INFORMATION_FORMAT = "dwarf-with-dsym";
				ENABLE_NS_ASSERTIONS = NO;
				ENABLE_STRICT_OBJC_MSGSEND = YES;
				GCC_C_LANGUAGE_STANDARD = gnu11;
				GCC_NO_COMMON_BLOCKS = YES;
				GCC_WARN_64_TO_32_BIT_CONVERSION = YES;
				GCC_WARN_ABOUT_RETURN_TYPE = YES_ERROR;
				GCC_WARN_UNDECLARED_SELECTOR = YES;
				GCC_WARN_UNINITIALIZED_AUTOS = YES_AGGRESSIVE;
				GCC_WARN_UNUSED_FUNCTION = YES;
				GCC_WARN_UNUSED_VARIABLE = YES;
				IPHONEOS_DEPLOYMENT_TARGET = 15.0;
				MTL_ENABLE_DEBUG_INFO = NO;
				MTL_FAST_MATH = YES;
				SDKROOT = iphoneos;
				SWIFT_COMPILATION_MODE = wholemodule;
				SWIFT_OPTIMIZATION_LEVEL = "-O";
				VALIDATE_PRODUCT = YES;
			};
			name = Release;
		};
		0184CB4B26F8D59900A53BF5 /* Debug */ = {
			isa = XCBuildConfiguration;
			baseConfigurationReference = 26476EC4DF7812CE89272149 /* Pods-Prometheus.debug.xcconfig */;
			buildSettings = {
				ALWAYS_EMBED_SWIFT_STANDARD_LIBRARIES = YES;
				ASSETCATALOG_COMPILER_APPICON_NAME = AppIcon;
				ASSETCATALOG_COMPILER_GLOBAL_ACCENT_COLOR_NAME = AccentColor;
				BUILD_LIBRARY_FOR_DISTRIBUTION = NO;
				CLANG_ENABLE_MODULES = YES;
				CODE_SIGN_STYLE = Automatic;
				DEVELOPMENT_TEAM = P6KS79CKQD;
				INFOPLIST_FILE = Prometheus/Application/Info.plist;
				IPHONEOS_DEPLOYMENT_TARGET = 14.4;
				LD_RUNPATH_SEARCH_PATHS = (
					"$(inherited)",
					"@executable_path/Frameworks",
				);
				PRODUCT_BUNDLE_IDENTIFIER = self.Prometheus;
				PRODUCT_NAME = "$(TARGET_NAME)";
				SWIFT_OBJC_BRIDGING_HEADER = "";
				SWIFT_OPTIMIZATION_LEVEL = "-Onone";
				SWIFT_VERSION = 5.0;
				TARGETED_DEVICE_FAMILY = 1;
			};
			name = Debug;
		};
		0184CB4C26F8D59900A53BF5 /* Release */ = {
			isa = XCBuildConfiguration;
			baseConfigurationReference = 35AD7E5C7C27230946914EF9 /* Pods-Prometheus.release.xcconfig */;
			buildSettings = {
				ALWAYS_EMBED_SWIFT_STANDARD_LIBRARIES = YES;
				ASSETCATALOG_COMPILER_APPICON_NAME = AppIcon;
				ASSETCATALOG_COMPILER_GLOBAL_ACCENT_COLOR_NAME = AccentColor;
				BUILD_LIBRARY_FOR_DISTRIBUTION = NO;
				CLANG_ENABLE_MODULES = YES;
				CODE_SIGN_STYLE = Automatic;
				DEVELOPMENT_TEAM = P6KS79CKQD;
				INFOPLIST_FILE = Prometheus/Application/Info.plist;
				IPHONEOS_DEPLOYMENT_TARGET = 14.4;
				LD_RUNPATH_SEARCH_PATHS = (
					"$(inherited)",
					"@executable_path/Frameworks",
				);
				PRODUCT_BUNDLE_IDENTIFIER = self.Prometheus;
				PRODUCT_NAME = "$(TARGET_NAME)";
				SWIFT_OBJC_BRIDGING_HEADER = "";
				SWIFT_VERSION = 5.0;
				TARGETED_DEVICE_FAMILY = 1;
			};
			name = Release;
		};
		0184CB9226F8D66300A53BF5 /* Debug */ = {
			isa = XCBuildConfiguration;
			buildSettings = {
				BUNDLE_LOADER = "$(TEST_HOST)";
				CODE_SIGN_STYLE = Automatic;
				DEVELOPMENT_TEAM = P6KS79CKQD;
				INFOPLIST_FILE = PrometheusTests/Info.plist;
				LD_RUNPATH_SEARCH_PATHS = (
					"$(inherited)",
					"@executable_path/Frameworks",
					"@loader_path/Frameworks",
				);
				PRODUCT_BUNDLE_IDENTIFIER = self.PrometheusTests;
				PRODUCT_NAME = "$(TARGET_NAME)";
				SWIFT_VERSION = 5.0;
				TARGETED_DEVICE_FAMILY = "1,2";
				TEST_HOST = "$(BUILT_PRODUCTS_DIR)/Prometheus.app/Prometheus";
			};
			name = Debug;
		};
		0184CB9326F8D66300A53BF5 /* Release */ = {
			isa = XCBuildConfiguration;
			buildSettings = {
				BUNDLE_LOADER = "$(TEST_HOST)";
				CODE_SIGN_STYLE = Automatic;
				DEVELOPMENT_TEAM = P6KS79CKQD;
				INFOPLIST_FILE = PrometheusTests/Info.plist;
				LD_RUNPATH_SEARCH_PATHS = (
					"$(inherited)",
					"@executable_path/Frameworks",
					"@loader_path/Frameworks",
				);
				PRODUCT_BUNDLE_IDENTIFIER = self.PrometheusTests;
				PRODUCT_NAME = "$(TARGET_NAME)";
				SWIFT_VERSION = 5.0;
				TARGETED_DEVICE_FAMILY = "1,2";
				TEST_HOST = "$(BUILT_PRODUCTS_DIR)/Prometheus.app/Prometheus";
			};
			name = Release;
		};
		0196145127F6023100DEF9E5 /* Debug */ = {
			isa = XCBuildConfiguration;
			buildSettings = {
				ASSETCATALOG_COMPILER_GLOBAL_ACCENT_COLOR_NAME = AccentColor;
				ASSETCATALOG_COMPILER_WIDGET_BACKGROUND_COLOR_NAME = WidgetBackground;
				CLANG_CXX_LANGUAGE_STANDARD = "gnu++17";
				CODE_SIGN_STYLE = Automatic;
				CURRENT_PROJECT_VERSION = 1;
				DEVELOPMENT_TEAM = P6KS79CKQD;
				GENERATE_INFOPLIST_FILE = YES;
				INFOPLIST_FILE = PrometheusWidgetKit/Info.plist;
				INFOPLIST_KEY_CFBundleDisplayName = PrometheusWidgetKit;
				INFOPLIST_KEY_NSHumanReadableCopyright = "";
				IPHONEOS_DEPLOYMENT_TARGET = 14.4;
				LD_RUNPATH_SEARCH_PATHS = (
					"$(inherited)",
					"@executable_path/Frameworks",
					"@executable_path/../../Frameworks",
				);
				MARKETING_VERSION = 1.0;
				PRODUCT_BUNDLE_IDENTIFIER = self.Prometheus.PrometheusWidgetKit;
				PRODUCT_NAME = "$(TARGET_NAME)";
				SKIP_INSTALL = YES;
				SWIFT_EMIT_LOC_STRINGS = YES;
				SWIFT_VERSION = 5.0;
				TARGETED_DEVICE_FAMILY = 1;
			};
			name = Debug;
		};
		0196145227F6023100DEF9E5 /* Release */ = {
			isa = XCBuildConfiguration;
			buildSettings = {
				ASSETCATALOG_COMPILER_GLOBAL_ACCENT_COLOR_NAME = AccentColor;
				ASSETCATALOG_COMPILER_WIDGET_BACKGROUND_COLOR_NAME = WidgetBackground;
				CLANG_CXX_LANGUAGE_STANDARD = "gnu++17";
				CODE_SIGN_STYLE = Automatic;
				CURRENT_PROJECT_VERSION = 1;
				DEVELOPMENT_TEAM = P6KS79CKQD;
				GENERATE_INFOPLIST_FILE = YES;
				INFOPLIST_FILE = PrometheusWidgetKit/Info.plist;
				INFOPLIST_KEY_CFBundleDisplayName = PrometheusWidgetKit;
				INFOPLIST_KEY_NSHumanReadableCopyright = "";
				IPHONEOS_DEPLOYMENT_TARGET = 14.4;
				LD_RUNPATH_SEARCH_PATHS = (
					"$(inherited)",
					"@executable_path/Frameworks",
					"@executable_path/../../Frameworks",
				);
				MARKETING_VERSION = 1.0;
				PRODUCT_BUNDLE_IDENTIFIER = self.Prometheus.PrometheusWidgetKit;
				PRODUCT_NAME = "$(TARGET_NAME)";
				SKIP_INSTALL = YES;
				SWIFT_EMIT_LOC_STRINGS = YES;
				SWIFT_VERSION = 5.0;
				TARGETED_DEVICE_FAMILY = 1;
			};
			name = Release;
		};
		01F24FFD27117E3B00D5B074 /* Debug */ = {
			isa = XCBuildConfiguration;
			baseConfigurationReference = 046ACC4E4F9355CD00047D87 /* Pods-Prometheus-FeatureIntermediate.debug.xcconfig */;
			buildSettings = {
				BUILD_LIBRARY_FOR_DISTRIBUTION = YES;
				CLANG_CXX_LANGUAGE_STANDARD = "gnu++17";
				CODE_SIGN_STYLE = Automatic;
				CURRENT_PROJECT_VERSION = 1;
				DEFINES_MODULE = YES;
				DEVELOPMENT_TEAM = P6KS79CKQD;
				DYLIB_COMPATIBILITY_VERSION = 1;
				DYLIB_CURRENT_VERSION = 1;
				DYLIB_INSTALL_NAME_BASE = "@rpath";
				GENERATE_INFOPLIST_FILE = YES;
				INFOPLIST_KEY_NSHumanReadableCopyright = "";
				INSTALL_PATH = "$(LOCAL_LIBRARY_DIR)/Frameworks";
				IPHONEOS_DEPLOYMENT_TARGET = 14.4;
				LD_RUNPATH_SEARCH_PATHS = (
					"$(inherited)",
					"@executable_path/Frameworks",
					"@loader_path/Frameworks",
				);
				MACH_O_TYPE = mh_dylib;
				MARKETING_VERSION = 1.0;
				PRODUCT_BUNDLE_IDENTIFIER = self.FeatureIntermediate;
				PRODUCT_NAME = "$(TARGET_NAME:c99extidentifier)";
				SKIP_INSTALL = YES;
				SUPPORTS_MACCATALYST = NO;
				SWIFT_EMIT_LOC_STRINGS = YES;
				SWIFT_VERSION = 5.0;
				TARGETED_DEVICE_FAMILY = 1;
				VERSIONING_SYSTEM = "apple-generic";
				VERSION_INFO_PREFIX = "";
			};
			name = Debug;
		};
		01F24FFE27117E3B00D5B074 /* Release */ = {
			isa = XCBuildConfiguration;
			baseConfigurationReference = F6C28508FC38C76BE61EA0C4 /* Pods-Prometheus-FeatureIntermediate.release.xcconfig */;
			buildSettings = {
				BUILD_LIBRARY_FOR_DISTRIBUTION = YES;
				CLANG_CXX_LANGUAGE_STANDARD = "gnu++17";
				CODE_SIGN_STYLE = Automatic;
				CURRENT_PROJECT_VERSION = 1;
				DEFINES_MODULE = YES;
				DEVELOPMENT_TEAM = P6KS79CKQD;
				DYLIB_COMPATIBILITY_VERSION = 1;
				DYLIB_CURRENT_VERSION = 1;
				DYLIB_INSTALL_NAME_BASE = "@rpath";
				GENERATE_INFOPLIST_FILE = YES;
				INFOPLIST_KEY_NSHumanReadableCopyright = "";
				INSTALL_PATH = "$(LOCAL_LIBRARY_DIR)/Frameworks";
				IPHONEOS_DEPLOYMENT_TARGET = 14.4;
				LD_RUNPATH_SEARCH_PATHS = (
					"$(inherited)",
					"@executable_path/Frameworks",
					"@loader_path/Frameworks",
				);
				MACH_O_TYPE = mh_dylib;
				MARKETING_VERSION = 1.0;
				PRODUCT_BUNDLE_IDENTIFIER = self.FeatureIntermediate;
				PRODUCT_NAME = "$(TARGET_NAME:c99extidentifier)";
				SKIP_INSTALL = YES;
				SUPPORTS_MACCATALYST = NO;
				SWIFT_EMIT_LOC_STRINGS = YES;
				SWIFT_VERSION = 5.0;
				TARGETED_DEVICE_FAMILY = 1;
				VERSIONING_SYSTEM = "apple-generic";
				VERSION_INFO_PREFIX = "";
			};
			name = Release;
		};
/* End XCBuildConfiguration section */

/* Begin XCConfigurationList section */
		0184CB3126F8D59700A53BF5 /* Build configuration list for PBXProject "Prometheus" */ = {
			isa = XCConfigurationList;
			buildConfigurations = (
				0184CB4826F8D59900A53BF5 /* Debug */,
				0184CB4926F8D59900A53BF5 /* Release */,
			);
			defaultConfigurationIsVisible = 0;
			defaultConfigurationName = Release;
		};
		0184CB4A26F8D59900A53BF5 /* Build configuration list for PBXNativeTarget "Prometheus" */ = {
			isa = XCConfigurationList;
			buildConfigurations = (
				0184CB4B26F8D59900A53BF5 /* Debug */,
				0184CB4C26F8D59900A53BF5 /* Release */,
			);
			defaultConfigurationIsVisible = 0;
			defaultConfigurationName = Release;
		};
		0184CB9426F8D66300A53BF5 /* Build configuration list for PBXNativeTarget "PrometheusTests" */ = {
			isa = XCConfigurationList;
			buildConfigurations = (
				0184CB9226F8D66300A53BF5 /* Debug */,
				0184CB9326F8D66300A53BF5 /* Release */,
			);
			defaultConfigurationIsVisible = 0;
			defaultConfigurationName = Release;
		};
		0196145327F6023100DEF9E5 /* Build configuration list for PBXNativeTarget "PrometheusWidgetKitExtension" */ = {
			isa = XCConfigurationList;
			buildConfigurations = (
				0196145127F6023100DEF9E5 /* Debug */,
				0196145227F6023100DEF9E5 /* Release */,
			);
			defaultConfigurationIsVisible = 0;
			defaultConfigurationName = Release;
		};
		01F24FFF27117E3B00D5B074 /* Build configuration list for PBXNativeTarget "FeatureIntermediate" */ = {
			isa = XCConfigurationList;
			buildConfigurations = (
				01F24FFD27117E3B00D5B074 /* Debug */,
				01F24FFE27117E3B00D5B074 /* Release */,
			);
			defaultConfigurationIsVisible = 0;
			defaultConfigurationName = Release;
		};
/* End XCConfigurationList section */
	};
	rootObject = 0184CB2E26F8D59700A53BF5 /* Project object */;
}
