// !$*UTF8*$!
{
	archiveVersion = 1;
	classes = {
	};
	objectVersion = 51;
	objects = {

/* Begin PBXBuildFile section */
		013B9B0D270060DE00F7340C /* ModuleEntryPoint.swift in Sources */ = {isa = PBXBuildFile; fileRef = 013B9B0C270060DE00F7340C /* ModuleEntryPoint.swift */; };
		013B9B122700773900F7340C /* AuthorizationService.swift in Sources */ = {isa = PBXBuildFile; fileRef = 013B9B112700773900F7340C /* AuthorizationService.swift */; };
		0184CB7226F8D5CF00A53BF5 /* AuthViewModel.swift in Sources */ = {isa = PBXBuildFile; fileRef = 0184CB5026F8D5CE00A53BF5 /* AuthViewModel.swift */; };
		0184CB7326F8D5CF00A53BF5 /* AuthCoordinator.swift in Sources */ = {isa = PBXBuildFile; fileRef = 0184CB5226F8D5CE00A53BF5 /* AuthCoordinator.swift */; };
		0184CB7526F8D5CF00A53BF5 /* AuthViewController.swift in Sources */ = {isa = PBXBuildFile; fileRef = 0184CB5626F8D5CE00A53BF5 /* AuthViewController.swift */; };
		0184CB7626F8D5CF00A53BF5 /* UITableView+Model.swift in Sources */ = {isa = PBXBuildFile; fileRef = 0184CB5926F8D5CE00A53BF5 /* UITableView+Model.swift */; };
		0184CB7726F8D5CF00A53BF5 /* PinButtonCollectionCell.swift in Sources */ = {isa = PBXBuildFile; fileRef = 0184CB5C26F8D5CE00A53BF5 /* PinButtonCollectionCell.swift */; };
		0184CB7826F8D5CF00A53BF5 /* PinBoardView.swift in Sources */ = {isa = PBXBuildFile; fileRef = 0184CB5D26F8D5CE00A53BF5 /* PinBoardView.swift */; };
		0184CB7926F8D5CF00A53BF5 /* UICollectionView+Model.swift in Sources */ = {isa = PBXBuildFile; fileRef = 0184CB5E26F8D5CE00A53BF5 /* UICollectionView+Model.swift */; };
		0184CB7A26F8D5CF00A53BF5 /* TimerLabel.swift in Sources */ = {isa = PBXBuildFile; fileRef = 0184CB5F26F8D5CE00A53BF5 /* TimerLabel.swift */; };
		0184CB7B26F8D5CF00A53BF5 /* DotProgressView.swift in Sources */ = {isa = PBXBuildFile; fileRef = 0184CB6026F8D5CE00A53BF5 /* DotProgressView.swift */; };
		0184CB7C26F8D5CF00A53BF5 /* CoordinatorTabBarController.swift in Sources */ = {isa = PBXBuildFile; fileRef = 0184CB6126F8D5CE00A53BF5 /* CoordinatorTabBarController.swift */; };
		0184CB7D26F8D5CF00A53BF5 /* Assets.xcassets in Resources */ = {isa = PBXBuildFile; fileRef = 0184CB6326F8D5CF00A53BF5 /* Assets.xcassets */; };
		0184CB7E26F8D5CF00A53BF5 /* LaunchScreen.storyboard in Resources */ = {isa = PBXBuildFile; fileRef = 0184CB6426F8D5CF00A53BF5 /* LaunchScreen.storyboard */; };
		0184CB7F26F8D5CF00A53BF5 /* Palette.swift in Sources */ = {isa = PBXBuildFile; fileRef = 0184CB6726F8D5CF00A53BF5 /* Palette.swift */; };
		0184CB8026F8D5CF00A53BF5 /* TextFont.swift in Sources */ = {isa = PBXBuildFile; fileRef = 0184CB6826F8D5CF00A53BF5 /* TextFont.swift */; };
		0184CB8126F8D5CF00A53BF5 /* ImageSource.swift in Sources */ = {isa = PBXBuildFile; fileRef = 0184CB6926F8D5CF00A53BF5 /* ImageSource.swift */; };
		0184CB8226F8D5CF00A53BF5 /* NumericValues.swift in Sources */ = {isa = PBXBuildFile; fileRef = 0184CB6A26F8D5CF00A53BF5 /* NumericValues.swift */; };
		0184CB8426F8D5CF00A53BF5 /* Coordinator.swift in Sources */ = {isa = PBXBuildFile; fileRef = 0184CB6E26F8D5CF00A53BF5 /* Coordinator.swift */; };
		0184CB8526F8D5CF00A53BF5 /* AppCoordinator.swift in Sources */ = {isa = PBXBuildFile; fileRef = 0184CB7026F8D5CF00A53BF5 /* AppCoordinator.swift */; };
		0184CB8626F8D5CF00A53BF5 /* AppDelegate.swift in Sources */ = {isa = PBXBuildFile; fileRef = 0184CB7126F8D5CF00A53BF5 /* AppDelegate.swift */; };
		0184CB8E26F8D66300A53BF5 /* AuthorizationServiceTests.swift in Sources */ = {isa = PBXBuildFile; fileRef = 0184CB8D26F8D66300A53BF5 /* AuthorizationServiceTests.swift */; };
		0192821A2702006300422007 /* RetainCycle.framework in Frameworks */ = {isa = PBXBuildFile; fileRef = 019282192702006300422007 /* RetainCycle.framework */; };
		0192821B2702006300422007 /* RetainCycle.framework in Embed Frameworks */ = {isa = PBXBuildFile; fileRef = 019282192702006300422007 /* RetainCycle.framework */; settings = {ATTRIBUTES = (CodeSignOnCopy, RemoveHeadersOnCopy, ); }; };
		0196AE4B27034A070049DF0B /* PasswordCredential.swift in Sources */ = {isa = PBXBuildFile; fileRef = 0196AE4A27034A070049DF0B /* PasswordCredential.swift */; };
		0196AE4F27034B870049DF0B /* PasswordCredentialsTests.swift in Sources */ = {isa = PBXBuildFile; fileRef = 0196AE4E27034B870049DF0B /* PasswordCredentialsTests.swift */; };
		0196AE51270353170049DF0B /* ViewModel.swift in Sources */ = {isa = PBXBuildFile; fileRef = 0196AE50270353170049DF0B /* ViewModel.swift */; };
		5AA146D785398F8B0BDB789C /* Pods_Prometheus.framework in Frameworks */ = {isa = PBXBuildFile; fileRef = D50AADC20433CE39E180A901 /* Pods_Prometheus.framework */; };
/* End PBXBuildFile section */

/* Begin PBXContainerItemProxy section */
		0184CB9026F8D66300A53BF5 /* PBXContainerItemProxy */ = {
			isa = PBXContainerItemProxy;
			containerPortal = 0184CB2E26F8D59700A53BF5 /* Project object */;
			proxyType = 1;
			remoteGlobalIDString = 0184CB3526F8D59700A53BF5;
			remoteInfo = Prometheus;
		};
/* End PBXContainerItemProxy section */

/* Begin PBXCopyFilesBuildPhase section */
		0192821C2702006300422007 /* Embed Frameworks */ = {
			isa = PBXCopyFilesBuildPhase;
			buildActionMask = 2147483647;
			dstPath = "";
			dstSubfolderSpec = 10;
			files = (
				0192821B2702006300422007 /* RetainCycle.framework in Embed Frameworks */,
			);
			name = "Embed Frameworks";
			runOnlyForDeploymentPostprocessing = 0;
		};
/* End PBXCopyFilesBuildPhase section */

/* Begin PBXFileReference section */
		013B9B0C270060DE00F7340C /* ModuleEntryPoint.swift */ = {isa = PBXFileReference; lastKnownFileType = sourcecode.swift; path = ModuleEntryPoint.swift; sourceTree = "<group>"; };
		013B9B112700773900F7340C /* AuthorizationService.swift */ = {isa = PBXFileReference; lastKnownFileType = sourcecode.swift; path = AuthorizationService.swift; sourceTree = "<group>"; };
		0184CB3626F8D59700A53BF5 /* Prometheus.app */ = {isa = PBXFileReference; explicitFileType = wrapper.application; includeInIndex = 0; path = Prometheus.app; sourceTree = BUILT_PRODUCTS_DIR; };
		0184CB4726F8D59900A53BF5 /* Info.plist */ = {isa = PBXFileReference; lastKnownFileType = text.plist.xml; path = Info.plist; sourceTree = "<group>"; };
		0184CB5026F8D5CE00A53BF5 /* AuthViewModel.swift */ = {isa = PBXFileReference; fileEncoding = 4; lastKnownFileType = sourcecode.swift; path = AuthViewModel.swift; sourceTree = "<group>"; };
		0184CB5226F8D5CE00A53BF5 /* AuthCoordinator.swift */ = {isa = PBXFileReference; fileEncoding = 4; lastKnownFileType = sourcecode.swift; path = AuthCoordinator.swift; sourceTree = "<group>"; };
		0184CB5626F8D5CE00A53BF5 /* AuthViewController.swift */ = {isa = PBXFileReference; fileEncoding = 4; lastKnownFileType = sourcecode.swift; path = AuthViewController.swift; sourceTree = "<group>"; };
		0184CB5926F8D5CE00A53BF5 /* UITableView+Model.swift */ = {isa = PBXFileReference; fileEncoding = 4; lastKnownFileType = sourcecode.swift; path = "UITableView+Model.swift"; sourceTree = "<group>"; };
		0184CB5C26F8D5CE00A53BF5 /* PinButtonCollectionCell.swift */ = {isa = PBXFileReference; fileEncoding = 4; lastKnownFileType = sourcecode.swift; path = PinButtonCollectionCell.swift; sourceTree = "<group>"; };
		0184CB5D26F8D5CE00A53BF5 /* PinBoardView.swift */ = {isa = PBXFileReference; fileEncoding = 4; lastKnownFileType = sourcecode.swift; path = PinBoardView.swift; sourceTree = "<group>"; };
		0184CB5E26F8D5CE00A53BF5 /* UICollectionView+Model.swift */ = {isa = PBXFileReference; fileEncoding = 4; lastKnownFileType = sourcecode.swift; path = "UICollectionView+Model.swift"; sourceTree = "<group>"; };
		0184CB5F26F8D5CE00A53BF5 /* TimerLabel.swift */ = {isa = PBXFileReference; fileEncoding = 4; lastKnownFileType = sourcecode.swift; path = TimerLabel.swift; sourceTree = "<group>"; };
		0184CB6026F8D5CE00A53BF5 /* DotProgressView.swift */ = {isa = PBXFileReference; fileEncoding = 4; lastKnownFileType = sourcecode.swift; path = DotProgressView.swift; sourceTree = "<group>"; };
		0184CB6126F8D5CE00A53BF5 /* CoordinatorTabBarController.swift */ = {isa = PBXFileReference; fileEncoding = 4; lastKnownFileType = sourcecode.swift; path = CoordinatorTabBarController.swift; sourceTree = "<group>"; };
		0184CB6326F8D5CF00A53BF5 /* Assets.xcassets */ = {isa = PBXFileReference; lastKnownFileType = folder.assetcatalog; path = Assets.xcassets; sourceTree = "<group>"; };
		0184CB6526F8D5CF00A53BF5 /* Base */ = {isa = PBXFileReference; lastKnownFileType = file.storyboard; name = Base; path = Base.lproj/LaunchScreen.storyboard; sourceTree = "<group>"; };
		0184CB6726F8D5CF00A53BF5 /* Palette.swift */ = {isa = PBXFileReference; fileEncoding = 4; lastKnownFileType = sourcecode.swift; path = Palette.swift; sourceTree = "<group>"; };
		0184CB6826F8D5CF00A53BF5 /* TextFont.swift */ = {isa = PBXFileReference; fileEncoding = 4; lastKnownFileType = sourcecode.swift; path = TextFont.swift; sourceTree = "<group>"; };
		0184CB6926F8D5CF00A53BF5 /* ImageSource.swift */ = {isa = PBXFileReference; fileEncoding = 4; lastKnownFileType = sourcecode.swift; path = ImageSource.swift; sourceTree = "<group>"; };
		0184CB6A26F8D5CF00A53BF5 /* NumericValues.swift */ = {isa = PBXFileReference; fileEncoding = 4; lastKnownFileType = sourcecode.swift; path = NumericValues.swift; sourceTree = "<group>"; };
		0184CB6E26F8D5CF00A53BF5 /* Coordinator.swift */ = {isa = PBXFileReference; fileEncoding = 4; lastKnownFileType = sourcecode.swift; path = Coordinator.swift; sourceTree = "<group>"; };
		0184CB7026F8D5CF00A53BF5 /* AppCoordinator.swift */ = {isa = PBXFileReference; fileEncoding = 4; lastKnownFileType = sourcecode.swift; path = AppCoordinator.swift; sourceTree = "<group>"; };
		0184CB7126F8D5CF00A53BF5 /* AppDelegate.swift */ = {isa = PBXFileReference; fileEncoding = 4; lastKnownFileType = sourcecode.swift; path = AppDelegate.swift; sourceTree = "<group>"; };
		0184CB8B26F8D66300A53BF5 /* PrometheusTests.xctest */ = {isa = PBXFileReference; explicitFileType = wrapper.cfbundle; includeInIndex = 0; path = PrometheusTests.xctest; sourceTree = BUILT_PRODUCTS_DIR; };
		0184CB8D26F8D66300A53BF5 /* AuthorizationServiceTests.swift */ = {isa = PBXFileReference; lastKnownFileType = sourcecode.swift; path = AuthorizationServiceTests.swift; sourceTree = "<group>"; };
		0184CB8F26F8D66300A53BF5 /* Info.plist */ = {isa = PBXFileReference; lastKnownFileType = text.plist.xml; path = Info.plist; sourceTree = "<group>"; };
		019282192702006300422007 /* RetainCycle.framework */ = {isa = PBXFileReference; explicitFileType = wrapper.framework; path = RetainCycle.framework; sourceTree = BUILT_PRODUCTS_DIR; };
		0196AE4A27034A070049DF0B /* PasswordCredential.swift */ = {isa = PBXFileReference; lastKnownFileType = sourcecode.swift; path = PasswordCredential.swift; sourceTree = "<group>"; };
		0196AE4E27034B870049DF0B /* PasswordCredentialsTests.swift */ = {isa = PBXFileReference; lastKnownFileType = sourcecode.swift; path = PasswordCredentialsTests.swift; sourceTree = "<group>"; };
		0196AE50270353170049DF0B /* ViewModel.swift */ = {isa = PBXFileReference; lastKnownFileType = sourcecode.swift; path = ViewModel.swift; sourceTree = "<group>"; };
		D50AADC20433CE39E180A901 /* Pods_Prometheus.framework */ = {isa = PBXFileReference; explicitFileType = wrapper.framework; includeInIndex = 0; path = Pods_Prometheus.framework; sourceTree = BUILT_PRODUCTS_DIR; };
		D5CBFFDAB9DAB75D9B55ACA2 /* Pods-Prometheus.release.xcconfig */ = {isa = PBXFileReference; includeInIndex = 1; lastKnownFileType = text.xcconfig; name = "Pods-Prometheus.release.xcconfig"; path = "Target Support Files/Pods-Prometheus/Pods-Prometheus.release.xcconfig"; sourceTree = "<group>"; };
		E049A9958D225C25917BD74C /* Pods-Prometheus.debug.xcconfig */ = {isa = PBXFileReference; includeInIndex = 1; lastKnownFileType = text.xcconfig; name = "Pods-Prometheus.debug.xcconfig"; path = "Target Support Files/Pods-Prometheus/Pods-Prometheus.debug.xcconfig"; sourceTree = "<group>"; };
/* End PBXFileReference section */

/* Begin PBXFrameworksBuildPhase section */
		0184CB3326F8D59700A53BF5 /* Frameworks */ = {
			isa = PBXFrameworksBuildPhase;
			buildActionMask = 2147483647;
			files = (
				0192821A2702006300422007 /* RetainCycle.framework in Frameworks */,
				5AA146D785398F8B0BDB789C /* Pods_Prometheus.framework in Frameworks */,
			);
			runOnlyForDeploymentPostprocessing = 0;
		};
		0184CB8826F8D66300A53BF5 /* Frameworks */ = {
			isa = PBXFrameworksBuildPhase;
			buildActionMask = 2147483647;
			files = (
			);
			runOnlyForDeploymentPostprocessing = 0;
		};
/* End PBXFrameworksBuildPhase section */

/* Begin PBXGroup section */
		013B9B0E2700700D00F7340C /* Core */ = {
			isa = PBXGroup;
			children = (
				013B9B112700773900F7340C /* AuthorizationService.swift */,
			);
			path = Core;
			sourceTree = "<group>";
		};
		0184CB2D26F8D59700A53BF5 = {
			isa = PBXGroup;
			children = (
				0184CB3826F8D59700A53BF5 /* Prometheus */,
				0184CB8C26F8D66300A53BF5 /* PrometheusTests */,
				0184CB3726F8D59700A53BF5 /* Products */,
				6A96FDE60FF40D393B7FFAE1 /* Pods */,
				84528AE75AF39217585580C0 /* Frameworks */,
			);
			sourceTree = "<group>";
		};
		0184CB3726F8D59700A53BF5 /* Products */ = {
			isa = PBXGroup;
			children = (
				0184CB3626F8D59700A53BF5 /* Prometheus.app */,
				0184CB8B26F8D66300A53BF5 /* PrometheusTests.xctest */,
			);
			name = Products;
			sourceTree = "<group>";
		};
		0184CB3826F8D59700A53BF5 /* Prometheus */ = {
			isa = PBXGroup;
			children = (
				0184CB6F26F8D5CF00A53BF5 /* Application */,
				0184CB4D26F8D5CE00A53BF5 /* UI */,
				0184CB6B26F8D5CF00A53BF5 /* Layers */,
				0184CB6C26F8D5CF00A53BF5 /* Supportings */,
				0184CB6626F8D5CF00A53BF5 /* Helpers */,
				0184CB6226F8D5CE00A53BF5 /* Resources */,
			);
			path = Prometheus;
			sourceTree = "<group>";
		};
		0184CB4D26F8D5CE00A53BF5 /* UI */ = {
			isa = PBXGroup;
			children = (
				0184CB4E26F8D5CE00A53BF5 /* Auth */,
				0184CB5726F8D5CE00A53BF5 /* Common */,
			);
			path = UI;
			sourceTree = "<group>";
		};
		0184CB4E26F8D5CE00A53BF5 /* Auth */ = {
			isa = PBXGroup;
			children = (
				0184CB5226F8D5CE00A53BF5 /* AuthCoordinator.swift */,
				0196AE4A27034A070049DF0B /* PasswordCredential.swift */,
				0184CB4F26F8D5CE00A53BF5 /* ViewModels */,
				0184CB5526F8D5CE00A53BF5 /* ViewControllers */,
				0184CB5126F8D5CE00A53BF5 /* Cells */,
			);
			path = Auth;
			sourceTree = "<group>";
		};
		0184CB4F26F8D5CE00A53BF5 /* ViewModels */ = {
			isa = PBXGroup;
			children = (
				0184CB5026F8D5CE00A53BF5 /* AuthViewModel.swift */,
			);
			path = ViewModels;
			sourceTree = "<group>";
		};
		0184CB5126F8D5CE00A53BF5 /* Cells */ = {
			isa = PBXGroup;
			children = (
			);
			path = Cells;
			sourceTree = "<group>";
		};
		0184CB5526F8D5CE00A53BF5 /* ViewControllers */ = {
			isa = PBXGroup;
			children = (
				0184CB5626F8D5CE00A53BF5 /* AuthViewController.swift */,
			);
			path = ViewControllers;
			sourceTree = "<group>";
		};
		0184CB5726F8D5CE00A53BF5 /* Common */ = {
			isa = PBXGroup;
			children = (
				0184CB5826F8D5CE00A53BF5 /* TableView */,
				0184CB5A26F8D5CE00A53BF5 /* CollectionView */,
				0184CB5F26F8D5CE00A53BF5 /* TimerLabel.swift */,
				0184CB6026F8D5CE00A53BF5 /* DotProgressView.swift */,
				0184CB6126F8D5CE00A53BF5 /* CoordinatorTabBarController.swift */,
			);
			path = Common;
			sourceTree = "<group>";
		};
		0184CB5826F8D5CE00A53BF5 /* TableView */ = {
			isa = PBXGroup;
			children = (
				0184CB5926F8D5CE00A53BF5 /* UITableView+Model.swift */,
			);
			path = TableView;
			sourceTree = "<group>";
		};
		0184CB5A26F8D5CE00A53BF5 /* CollectionView */ = {
			isa = PBXGroup;
			children = (
				0184CB5B26F8D5CE00A53BF5 /* PinBoard */,
				0184CB5E26F8D5CE00A53BF5 /* UICollectionView+Model.swift */,
			);
			path = CollectionView;
			sourceTree = "<group>";
		};
		0184CB5B26F8D5CE00A53BF5 /* PinBoard */ = {
			isa = PBXGroup;
			children = (
				0184CB5C26F8D5CE00A53BF5 /* PinButtonCollectionCell.swift */,
				0184CB5D26F8D5CE00A53BF5 /* PinBoardView.swift */,
			);
			path = PinBoard;
			sourceTree = "<group>";
		};
		0184CB6226F8D5CE00A53BF5 /* Resources */ = {
			isa = PBXGroup;
			children = (
				0184CB6326F8D5CF00A53BF5 /* Assets.xcassets */,
				0184CB6426F8D5CF00A53BF5 /* LaunchScreen.storyboard */,
			);
			path = Resources;
			sourceTree = "<group>";
		};
		0184CB6626F8D5CF00A53BF5 /* Helpers */ = {
			isa = PBXGroup;
			children = (
				0184CB6726F8D5CF00A53BF5 /* Palette.swift */,
				0184CB6826F8D5CF00A53BF5 /* TextFont.swift */,
				0184CB6926F8D5CF00A53BF5 /* ImageSource.swift */,
				0184CB6A26F8D5CF00A53BF5 /* NumericValues.swift */,
			);
			path = Helpers;
			sourceTree = "<group>";
		};
		0184CB6B26F8D5CF00A53BF5 /* Layers */ = {
			isa = PBXGroup;
			children = (
				013B9B0E2700700D00F7340C /* Core */,
			);
			path = Layers;
			sourceTree = "<group>";
		};
		0184CB6C26F8D5CF00A53BF5 /* Supportings */ = {
			isa = PBXGroup;
			children = (
				0184CB6E26F8D5CF00A53BF5 /* Coordinator.swift */,
				013B9B0C270060DE00F7340C /* ModuleEntryPoint.swift */,
				0196AE50270353170049DF0B /* ViewModel.swift */,
			);
			path = Supportings;
			sourceTree = "<group>";
		};
		0184CB6F26F8D5CF00A53BF5 /* Application */ = {
			isa = PBXGroup;
			children = (
				0184CB4726F8D59900A53BF5 /* Info.plist */,
				0184CB7026F8D5CF00A53BF5 /* AppCoordinator.swift */,
				0184CB7126F8D5CF00A53BF5 /* AppDelegate.swift */,
			);
			path = Application;
			sourceTree = "<group>";
		};
		0184CB8C26F8D66300A53BF5 /* PrometheusTests */ = {
			isa = PBXGroup;
			children = (
				0184CB8D26F8D66300A53BF5 /* AuthorizationServiceTests.swift */,
				0196AE4E27034B870049DF0B /* PasswordCredentialsTests.swift */,
				0184CB8F26F8D66300A53BF5 /* Info.plist */,
			);
			path = PrometheusTests;
			sourceTree = "<group>";
		};
		6A96FDE60FF40D393B7FFAE1 /* Pods */ = {
			isa = PBXGroup;
			children = (
				E049A9958D225C25917BD74C /* Pods-Prometheus.debug.xcconfig */,
				D5CBFFDAB9DAB75D9B55ACA2 /* Pods-Prometheus.release.xcconfig */,
			);
			path = Pods;
			sourceTree = "<group>";
		};
		84528AE75AF39217585580C0 /* Frameworks */ = {
			isa = PBXGroup;
			children = (
				019282192702006300422007 /* RetainCycle.framework */,
				D50AADC20433CE39E180A901 /* Pods_Prometheus.framework */,
			);
			name = Frameworks;
			sourceTree = "<group>";
		};
/* End PBXGroup section */

/* Begin PBXNativeTarget section */
		0184CB3526F8D59700A53BF5 /* Prometheus */ = {
			isa = PBXNativeTarget;
			buildConfigurationList = 0184CB4A26F8D59900A53BF5 /* Build configuration list for PBXNativeTarget "Prometheus" */;
			buildPhases = (
				6FBD5C3F8FC9BCA85C01EFE6 /* [CP] Check Pods Manifest.lock */,
				0184CB3226F8D59700A53BF5 /* Sources */,
				0184CB3326F8D59700A53BF5 /* Frameworks */,
				0184CB3426F8D59700A53BF5 /* Resources */,
				2B552D706FA36079414264B3 /* [CP] Embed Pods Frameworks */,
				0192821C2702006300422007 /* Embed Frameworks */,
			);
			buildRules = (
			);
			dependencies = (
			);
			name = Prometheus;
			productName = Prometheus;
			productReference = 0184CB3626F8D59700A53BF5 /* Prometheus.app */;
			productType = "com.apple.product-type.application";
		};
		0184CB8A26F8D66300A53BF5 /* PrometheusTests */ = {
			isa = PBXNativeTarget;
			buildConfigurationList = 0184CB9426F8D66300A53BF5 /* Build configuration list for PBXNativeTarget "PrometheusTests" */;
			buildPhases = (
				0184CB8726F8D66300A53BF5 /* Sources */,
				0184CB8826F8D66300A53BF5 /* Frameworks */,
				0184CB8926F8D66300A53BF5 /* Resources */,
			);
			buildRules = (
			);
			dependencies = (
				0184CB9126F8D66300A53BF5 /* PBXTargetDependency */,
			);
			name = PrometheusTests;
			productName = PrometheusTests;
			productReference = 0184CB8B26F8D66300A53BF5 /* PrometheusTests.xctest */;
			productType = "com.apple.product-type.bundle.unit-test";
		};
/* End PBXNativeTarget section */

/* Begin PBXProject section */
		0184CB2E26F8D59700A53BF5 /* Project object */ = {
			isa = PBXProject;
			attributes = {
				LastSwiftUpdateCheck = 1250;
				LastUpgradeCheck = 1250;
				TargetAttributes = {
					0184CB3526F8D59700A53BF5 = {
						CreatedOnToolsVersion = 12.5;
					};
					0184CB8A26F8D66300A53BF5 = {
						CreatedOnToolsVersion = 12.5;
						TestTargetID = 0184CB3526F8D59700A53BF5;
					};
				};
			};
			buildConfigurationList = 0184CB3126F8D59700A53BF5 /* Build configuration list for PBXProject "Prometheus" */;
			compatibilityVersion = "Xcode 9.3";
			developmentRegion = en;
			hasScannedForEncodings = 0;
			knownRegions = (
				en,
				Base,
			);
			mainGroup = 0184CB2D26F8D59700A53BF5;
			productRefGroup = 0184CB3726F8D59700A53BF5 /* Products */;
			projectDirPath = "";
			projectRoot = "";
			targets = (
				0184CB3526F8D59700A53BF5 /* Prometheus */,
				0184CB8A26F8D66300A53BF5 /* PrometheusTests */,
			);
		};
/* End PBXProject section */

/* Begin PBXResourcesBuildPhase section */
		0184CB3426F8D59700A53BF5 /* Resources */ = {
			isa = PBXResourcesBuildPhase;
			buildActionMask = 2147483647;
			files = (
				0184CB7D26F8D5CF00A53BF5 /* Assets.xcassets in Resources */,
				0184CB7E26F8D5CF00A53BF5 /* LaunchScreen.storyboard in Resources */,
			);
			runOnlyForDeploymentPostprocessing = 0;
		};
		0184CB8926F8D66300A53BF5 /* Resources */ = {
			isa = PBXResourcesBuildPhase;
			buildActionMask = 2147483647;
			files = (
			);
			runOnlyForDeploymentPostprocessing = 0;
		};
/* End PBXResourcesBuildPhase section */

/* Begin PBXShellScriptBuildPhase section */
		2B552D706FA36079414264B3 /* [CP] Embed Pods Frameworks */ = {
			isa = PBXShellScriptBuildPhase;
			buildActionMask = 2147483647;
			files = (
			);
			inputFileListPaths = (
				"${PODS_ROOT}/Target Support Files/Pods-Prometheus/Pods-Prometheus-frameworks-${CONFIGURATION}-input-files.xcfilelist",
			);
			name = "[CP] Embed Pods Frameworks";
			outputFileListPaths = (
				"${PODS_ROOT}/Target Support Files/Pods-Prometheus/Pods-Prometheus-frameworks-${CONFIGURATION}-output-files.xcfilelist",
			);
			runOnlyForDeploymentPostprocessing = 0;
			shellPath = /bin/sh;
			shellScript = "\"${PODS_ROOT}/Target Support Files/Pods-Prometheus/Pods-Prometheus-frameworks.sh\"\n";
			showEnvVarsInLog = 0;
		};
		6FBD5C3F8FC9BCA85C01EFE6 /* [CP] Check Pods Manifest.lock */ = {
			isa = PBXShellScriptBuildPhase;
			buildActionMask = 2147483647;
			files = (
			);
			inputFileListPaths = (
			);
			inputPaths = (
				"${PODS_PODFILE_DIR_PATH}/Podfile.lock",
				"${PODS_ROOT}/Manifest.lock",
			);
			name = "[CP] Check Pods Manifest.lock";
			outputFileListPaths = (
			);
			outputPaths = (
				"$(DERIVED_FILE_DIR)/Pods-Prometheus-checkManifestLockResult.txt",
			);
			runOnlyForDeploymentPostprocessing = 0;
			shellPath = /bin/sh;
			shellScript = "diff \"${PODS_PODFILE_DIR_PATH}/Podfile.lock\" \"${PODS_ROOT}/Manifest.lock\" > /dev/null\nif [ $? != 0 ] ; then\n    # print error to STDERR\n    echo \"error: The sandbox is not in sync with the Podfile.lock. Run 'pod install' or update your CocoaPods installation.\" >&2\n    exit 1\nfi\n# This output is used by Xcode 'outputs' to avoid re-running this script phase.\necho \"SUCCESS\" > \"${SCRIPT_OUTPUT_FILE_0}\"\n";
			showEnvVarsInLog = 0;
		};
/* End PBXShellScriptBuildPhase section */

/* Begin PBXSourcesBuildPhase section */
		0184CB3226F8D59700A53BF5 /* Sources */ = {
			isa = PBXSourcesBuildPhase;
			buildActionMask = 2147483647;
			files = (
				0184CB8626F8D5CF00A53BF5 /* AppDelegate.swift in Sources */,
				0196AE4B27034A070049DF0B /* PasswordCredential.swift in Sources */,
				0184CB7C26F8D5CF00A53BF5 /* CoordinatorTabBarController.swift in Sources */,
				0184CB7326F8D5CF00A53BF5 /* AuthCoordinator.swift in Sources */,
				0184CB7226F8D5CF00A53BF5 /* AuthViewModel.swift in Sources */,
				0184CB7826F8D5CF00A53BF5 /* PinBoardView.swift in Sources */,
				0184CB8526F8D5CF00A53BF5 /* AppCoordinator.swift in Sources */,
				0184CB8026F8D5CF00A53BF5 /* TextFont.swift in Sources */,
				013B9B0D270060DE00F7340C /* ModuleEntryPoint.swift in Sources */,
				0184CB7A26F8D5CF00A53BF5 /* TimerLabel.swift in Sources */,
				0184CB7526F8D5CF00A53BF5 /* AuthViewController.swift in Sources */,
				0184CB8126F8D5CF00A53BF5 /* ImageSource.swift in Sources */,
				013B9B122700773900F7340C /* AuthorizationService.swift in Sources */,
				0196AE51270353170049DF0B /* ViewModel.swift in Sources */,
				0184CB7B26F8D5CF00A53BF5 /* DotProgressView.swift in Sources */,
				0184CB8426F8D5CF00A53BF5 /* Coordinator.swift in Sources */,
				0184CB7926F8D5CF00A53BF5 /* UICollectionView+Model.swift in Sources */,
				0184CB7F26F8D5CF00A53BF5 /* Palette.swift in Sources */,
				0184CB7726F8D5CF00A53BF5 /* PinButtonCollectionCell.swift in Sources */,
				0184CB7626F8D5CF00A53BF5 /* UITableView+Model.swift in Sources */,
				0184CB8226F8D5CF00A53BF5 /* NumericValues.swift in Sources */,
			);
			runOnlyForDeploymentPostprocessing = 0;
		};
		0184CB8726F8D66300A53BF5 /* Sources */ = {
			isa = PBXSourcesBuildPhase;
			buildActionMask = 2147483647;
			files = (
				0184CB8E26F8D66300A53BF5 /* AuthorizationServiceTests.swift in Sources */,
				0196AE4F27034B870049DF0B /* PasswordCredentialsTests.swift in Sources */,
			);
			runOnlyForDeploymentPostprocessing = 0;
		};
/* End PBXSourcesBuildPhase section */

/* Begin PBXTargetDependency section */
		0184CB9126F8D66300A53BF5 /* PBXTargetDependency */ = {
			isa = PBXTargetDependency;
			target = 0184CB3526F8D59700A53BF5 /* Prometheus */;
			targetProxy = 0184CB9026F8D66300A53BF5 /* PBXContainerItemProxy */;
		};
/* End PBXTargetDependency section */

/* Begin PBXVariantGroup section */
		0184CB6426F8D5CF00A53BF5 /* LaunchScreen.storyboard */ = {
			isa = PBXVariantGroup;
			children = (
				0184CB6526F8D5CF00A53BF5 /* Base */,
			);
			name = LaunchScreen.storyboard;
			sourceTree = "<group>";
		};
/* End PBXVariantGroup section */

/* Begin XCBuildConfiguration section */
		0184CB4826F8D59900A53BF5 /* Debug */ = {
			isa = XCBuildConfiguration;
			buildSettings = {
				ALWAYS_SEARCH_USER_PATHS = NO;
				CLANG_ANALYZER_NONNULL = YES;
				CLANG_ANALYZER_NUMBER_OBJECT_CONVERSION = YES_AGGRESSIVE;
				CLANG_CXX_LANGUAGE_STANDARD = "gnu++14";
				CLANG_CXX_LIBRARY = "libc++";
				CLANG_ENABLE_MODULES = YES;
				CLANG_ENABLE_OBJC_ARC = YES;
				CLANG_ENABLE_OBJC_WEAK = YES;
				CLANG_WARN_BLOCK_CAPTURE_AUTORELEASING = YES;
				CLANG_WARN_BOOL_CONVERSION = YES;
				CLANG_WARN_COMMA = YES;
				CLANG_WARN_CONSTANT_CONVERSION = YES;
				CLANG_WARN_DEPRECATED_OBJC_IMPLEMENTATIONS = YES;
				CLANG_WARN_DIRECT_OBJC_ISA_USAGE = YES_ERROR;
				CLANG_WARN_DOCUMENTATION_COMMENTS = YES;
				CLANG_WARN_EMPTY_BODY = YES;
				CLANG_WARN_ENUM_CONVERSION = YES;
				CLANG_WARN_INFINITE_RECURSION = YES;
				CLANG_WARN_INT_CONVERSION = YES;
				CLANG_WARN_NON_LITERAL_NULL_CONVERSION = YES;
				CLANG_WARN_OBJC_IMPLICIT_RETAIN_SELF = YES;
				CLANG_WARN_OBJC_LITERAL_CONVERSION = YES;
				CLANG_WARN_OBJC_ROOT_CLASS = YES_ERROR;
				CLANG_WARN_QUOTED_INCLUDE_IN_FRAMEWORK_HEADER = YES;
				CLANG_WARN_RANGE_LOOP_ANALYSIS = YES;
				CLANG_WARN_STRICT_PROTOTYPES = YES;
				CLANG_WARN_SUSPICIOUS_MOVE = YES;
				CLANG_WARN_UNGUARDED_AVAILABILITY = YES_AGGRESSIVE;
				CLANG_WARN_UNREACHABLE_CODE = YES;
				CLANG_WARN__DUPLICATE_METHOD_MATCH = YES;
				COPY_PHASE_STRIP = NO;
				DEBUG_INFORMATION_FORMAT = dwarf;
				ENABLE_STRICT_OBJC_MSGSEND = YES;
				ENABLE_TESTABILITY = YES;
				GCC_C_LANGUAGE_STANDARD = gnu11;
				GCC_DYNAMIC_NO_PIC = NO;
				GCC_NO_COMMON_BLOCKS = YES;
				GCC_OPTIMIZATION_LEVEL = 0;
				GCC_PREPROCESSOR_DEFINITIONS = (
					"DEBUG=1",
					"$(inherited)",
				);
				GCC_WARN_64_TO_32_BIT_CONVERSION = YES;
				GCC_WARN_ABOUT_RETURN_TYPE = YES_ERROR;
				GCC_WARN_UNDECLARED_SELECTOR = YES;
				GCC_WARN_UNINITIALIZED_AUTOS = YES_AGGRESSIVE;
				GCC_WARN_UNUSED_FUNCTION = YES;
				GCC_WARN_UNUSED_VARIABLE = YES;
				IPHONEOS_DEPLOYMENT_TARGET = 14.5;
				MTL_ENABLE_DEBUG_INFO = INCLUDE_SOURCE;
				MTL_FAST_MATH = YES;
				ONLY_ACTIVE_ARCH = YES;
				SDKROOT = iphoneos;
				SWIFT_ACTIVE_COMPILATION_CONDITIONS = DEBUG;
				SWIFT_OPTIMIZATION_LEVEL = "-Onone";
			};
			name = Debug;
		};
		0184CB4926F8D59900A53BF5 /* Release */ = {
			isa = XCBuildConfiguration;
			buildSettings = {
				ALWAYS_SEARCH_USER_PATHS = NO;
				CLANG_ANALYZER_NONNULL = YES;
				CLANG_ANALYZER_NUMBER_OBJECT_CONVERSION = YES_AGGRESSIVE;
				CLANG_CXX_LANGUAGE_STANDARD = "gnu++14";
				CLANG_CXX_LIBRARY = "libc++";
				CLANG_ENABLE_MODULES = YES;
				CLANG_ENABLE_OBJC_ARC = YES;
				CLANG_ENABLE_OBJC_WEAK = YES;
				CLANG_WARN_BLOCK_CAPTURE_AUTORELEASING = YES;
				CLANG_WARN_BOOL_CONVERSION = YES;
				CLANG_WARN_COMMA = YES;
				CLANG_WARN_CONSTANT_CONVERSION = YES;
				CLANG_WARN_DEPRECATED_OBJC_IMPLEMENTATIONS = YES;
				CLANG_WARN_DIRECT_OBJC_ISA_USAGE = YES_ERROR;
				CLANG_WARN_DOCUMENTATION_COMMENTS = YES;
				CLANG_WARN_EMPTY_BODY = YES;
				CLANG_WARN_ENUM_CONVERSION = YES;
				CLANG_WARN_INFINITE_RECURSION = YES;
				CLANG_WARN_INT_CONVERSION = YES;
				CLANG_WARN_NON_LITERAL_NULL_CONVERSION = YES;
				CLANG_WARN_OBJC_IMPLICIT_RETAIN_SELF = YES;
				CLANG_WARN_OBJC_LITERAL_CONVERSION = YES;
				CLANG_WARN_OBJC_ROOT_CLASS = YES_ERROR;
				CLANG_WARN_QUOTED_INCLUDE_IN_FRAMEWORK_HEADER = YES;
				CLANG_WARN_RANGE_LOOP_ANALYSIS = YES;
				CLANG_WARN_STRICT_PROTOTYPES = YES;
				CLANG_WARN_SUSPICIOUS_MOVE = YES;
				CLANG_WARN_UNGUARDED_AVAILABILITY = YES_AGGRESSIVE;
				CLANG_WARN_UNREACHABLE_CODE = YES;
				CLANG_WARN__DUPLICATE_METHOD_MATCH = YES;
				COPY_PHASE_STRIP = NO;
				DEBUG_INFORMATION_FORMAT = "dwarf-with-dsym";
				ENABLE_NS_ASSERTIONS = NO;
				ENABLE_STRICT_OBJC_MSGSEND = YES;
				GCC_C_LANGUAGE_STANDARD = gnu11;
				GCC_NO_COMMON_BLOCKS = YES;
				GCC_WARN_64_TO_32_BIT_CONVERSION = YES;
				GCC_WARN_ABOUT_RETURN_TYPE = YES_ERROR;
				GCC_WARN_UNDECLARED_SELECTOR = YES;
				GCC_WARN_UNINITIALIZED_AUTOS = YES_AGGRESSIVE;
				GCC_WARN_UNUSED_FUNCTION = YES;
				GCC_WARN_UNUSED_VARIABLE = YES;
				IPHONEOS_DEPLOYMENT_TARGET = 14.5;
				MTL_ENABLE_DEBUG_INFO = NO;
				MTL_FAST_MATH = YES;
				SDKROOT = iphoneos;
				SWIFT_COMPILATION_MODE = wholemodule;
				SWIFT_OPTIMIZATION_LEVEL = "-O";
				VALIDATE_PRODUCT = YES;
			};
			name = Release;
		};
		0184CB4B26F8D59900A53BF5 /* Debug */ = {
			isa = XCBuildConfiguration;
			baseConfigurationReference = E049A9958D225C25917BD74C /* Pods-Prometheus.debug.xcconfig */;
			buildSettings = {
				ASSETCATALOG_COMPILER_APPICON_NAME = AppIcon;
				ASSETCATALOG_COMPILER_GLOBAL_ACCENT_COLOR_NAME = AccentColor;
				CODE_SIGN_STYLE = Automatic;
				DEVELOPMENT_TEAM = P6KS79CKQD;
				INFOPLIST_FILE = Prometheus/Application/Info.plist;
				LD_RUNPATH_SEARCH_PATHS = (
					"$(inherited)",
					"@executable_path/Frameworks",
				);
				PRODUCT_BUNDLE_IDENTIFIER = self.Prometheus;
				PRODUCT_NAME = "$(TARGET_NAME)";
				SWIFT_VERSION = 5.0;
				TARGETED_DEVICE_FAMILY = "1,2";
			};
			name = Debug;
		};
		0184CB4C26F8D59900A53BF5 /* Release */ = {
			isa = XCBuildConfiguration;
			baseConfigurationReference = D5CBFFDAB9DAB75D9B55ACA2 /* Pods-Prometheus.release.xcconfig */;
			buildSettings = {
				ASSETCATALOG_COMPILER_APPICON_NAME = AppIcon;
				ASSETCATALOG_COMPILER_GLOBAL_ACCENT_COLOR_NAME = AccentColor;
				CODE_SIGN_STYLE = Automatic;
				DEVELOPMENT_TEAM = P6KS79CKQD;
				INFOPLIST_FILE = Prometheus/Application/Info.plist;
				LD_RUNPATH_SEARCH_PATHS = (
					"$(inherited)",
					"@executable_path/Frameworks",
				);
				PRODUCT_BUNDLE_IDENTIFIER = self.Prometheus;
				PRODUCT_NAME = "$(TARGET_NAME)";
				SWIFT_VERSION = 5.0;
				TARGETED_DEVICE_FAMILY = "1,2";
			};
			name = Release;
		};
		0184CB9226F8D66300A53BF5 /* Debug */ = {
			isa = XCBuildConfiguration;
			buildSettings = {
				BUNDLE_LOADER = "$(TEST_HOST)";
				CODE_SIGN_STYLE = Automatic;
				DEVELOPMENT_TEAM = P6KS79CKQD;
				INFOPLIST_FILE = PrometheusTests/Info.plist;
				LD_RUNPATH_SEARCH_PATHS = (
					"$(inherited)",
					"@executable_path/Frameworks",
					"@loader_path/Frameworks",
				);
				PRODUCT_BUNDLE_IDENTIFIER = self.PrometheusTests;
				PRODUCT_NAME = "$(TARGET_NAME)";
				SWIFT_VERSION = 5.0;
				TARGETED_DEVICE_FAMILY = "1,2";
				TEST_HOST = "$(BUILT_PRODUCTS_DIR)/Prometheus.app/Prometheus";
			};
			name = Debug;
		};
		0184CB9326F8D66300A53BF5 /* Release */ = {
			isa = XCBuildConfiguration;
			buildSettings = {
				BUNDLE_LOADER = "$(TEST_HOST)";
				CODE_SIGN_STYLE = Automatic;
				DEVELOPMENT_TEAM = P6KS79CKQD;
				INFOPLIST_FILE = PrometheusTests/Info.plist;
				LD_RUNPATH_SEARCH_PATHS = (
					"$(inherited)",
					"@executable_path/Frameworks",
					"@loader_path/Frameworks",
				);
				PRODUCT_BUNDLE_IDENTIFIER = self.PrometheusTests;
				PRODUCT_NAME = "$(TARGET_NAME)";
				SWIFT_VERSION = 5.0;
				TARGETED_DEVICE_FAMILY = "1,2";
				TEST_HOST = "$(BUILT_PRODUCTS_DIR)/Prometheus.app/Prometheus";
			};
			name = Release;
		};
/* End XCBuildConfiguration section */

/* Begin XCConfigurationList section */
		0184CB3126F8D59700A53BF5 /* Build configuration list for PBXProject "Prometheus" */ = {
			isa = XCConfigurationList;
			buildConfigurations = (
				0184CB4826F8D59900A53BF5 /* Debug */,
				0184CB4926F8D59900A53BF5 /* Release */,
			);
			defaultConfigurationIsVisible = 0;
			defaultConfigurationName = Release;
		};
		0184CB4A26F8D59900A53BF5 /* Build configuration list for PBXNativeTarget "Prometheus" */ = {
			isa = XCConfigurationList;
			buildConfigurations = (
				0184CB4B26F8D59900A53BF5 /* Debug */,
				0184CB4C26F8D59900A53BF5 /* Release */,
			);
			defaultConfigurationIsVisible = 0;
			defaultConfigurationName = Release;
		};
		0184CB9426F8D66300A53BF5 /* Build configuration list for PBXNativeTarget "PrometheusTests" */ = {
			isa = XCConfigurationList;
			buildConfigurations = (
				0184CB9226F8D66300A53BF5 /* Debug */,
				0184CB9326F8D66300A53BF5 /* Release */,
			);
			defaultConfigurationIsVisible = 0;
			defaultConfigurationName = Release;
		};
/* End XCConfigurationList section */
	};
	rootObject = 0184CB2E26F8D59700A53BF5 /* Project object */;
}
