// !$*UTF8*$!
{
	archiveVersion = 1;
	classes = {
	};
	objectVersion = 51;
	objects = {

/* Begin PBXBuildFile section */
		010B6216271317C700815777 /* AggregationServicesLocator.swift in Sources */ = {isa = PBXBuildFile; fileRef = 010B6215271317C700815777 /* AggregationServicesLocator.swift */; };
		010B62182713220900815777 /* AggregationViewModel.swift in Sources */ = {isa = PBXBuildFile; fileRef = 010B62172713220900815777 /* AggregationViewModel.swift */; };
		010B621A27132DEC00815777 /* AggregationDataSource.swift in Sources */ = {isa = PBXBuildFile; fileRef = 010B621927132DEC00815777 /* AggregationDataSource.swift */; };
		010B621C2713312700815777 /* Section.swift in Sources */ = {isa = PBXBuildFile; fileRef = 010B621B2713312700815777 /* Section.swift */; };
		010B621F27134BC500815777 /* FeatureAdapterCellModel.swift in Sources */ = {isa = PBXBuildFile; fileRef = 010B621E27134BC500815777 /* FeatureAdapterCellModel.swift */; };
		0124E9C4270623A000C4F98D /* AggregatorFlowCoordinator.swift in Sources */ = {isa = PBXBuildFile; fileRef = 0124E9C3270623A000C4F98D /* AggregatorFlowCoordinator.swift */; };
		0124E9C72706244B00C4F98D /* AggregatorViewController.swift in Sources */ = {isa = PBXBuildFile; fileRef = 0124E9C62706244B00C4F98D /* AggregatorViewController.swift */; };
		0124E9CA2706269800C4F98D /* UINavigationControllerSpy.swift in Sources */ = {isa = PBXBuildFile; fileRef = 0124E9C92706269800C4F98D /* UINavigationControllerSpy.swift */; };
		013512CC27172AE6006CC796 /* Sensor.framework in Frameworks */ = {isa = PBXBuildFile; fileRef = 01BD423327130A65009FCBE7 /* Sensor.framework */; };
		013512CD27172AE6006CC796 /* Sensor.framework in Embed Frameworks */ = {isa = PBXBuildFile; fileRef = 01BD423327130A65009FCBE7 /* Sensor.framework */; settings = {ATTRIBUTES = (CodeSignOnCopy, RemoveHeadersOnCopy, ); }; };
		013B9B122700773900F7340C /* AuthorizationService.swift in Sources */ = {isa = PBXBuildFile; fileRef = 013B9B112700773900F7340C /* AuthorizationService.swift */; };
		014DA99B2711FB1E00D9B452 /* Features.plist in Resources */ = {isa = PBXBuildFile; fileRef = 014DA99A2711FB1E00D9B452 /* Features.plist */; };
		014DA99C2711FF9400D9B452 /* Features.plist in Resources */ = {isa = PBXBuildFile; fileRef = 014DA99A2711FB1E00D9B452 /* Features.plist */; };
		0160C071270DF36B00D15AEE /* LocalAuthorizationHelper.swift in Sources */ = {isa = PBXBuildFile; fileRef = 0160C070270DF36B00D15AEE /* LocalAuthorizationHelper.swift */; };
		0184CB7226F8D5CF00A53BF5 /* AuthViewModel.swift in Sources */ = {isa = PBXBuildFile; fileRef = 0184CB5026F8D5CE00A53BF5 /* AuthViewModel.swift */; };
		0184CB7326F8D5CF00A53BF5 /* AuthCoordinator.swift in Sources */ = {isa = PBXBuildFile; fileRef = 0184CB5226F8D5CE00A53BF5 /* AuthCoordinator.swift */; };
		0184CB7526F8D5CF00A53BF5 /* AuthViewController.swift in Sources */ = {isa = PBXBuildFile; fileRef = 0184CB5626F8D5CE00A53BF5 /* AuthViewController.swift */; };
		0184CB7626F8D5CF00A53BF5 /* UITableView+Model.swift in Sources */ = {isa = PBXBuildFile; fileRef = 0184CB5926F8D5CE00A53BF5 /* UITableView+Model.swift */; };
		0184CB7726F8D5CF00A53BF5 /* PinButtonCollectionCell.swift in Sources */ = {isa = PBXBuildFile; fileRef = 0184CB5C26F8D5CE00A53BF5 /* PinButtonCollectionCell.swift */; };
		0184CB7826F8D5CF00A53BF5 /* PinBoardView.swift in Sources */ = {isa = PBXBuildFile; fileRef = 0184CB5D26F8D5CE00A53BF5 /* PinBoardView.swift */; };
		0184CB7926F8D5CF00A53BF5 /* UICollectionView+Model.swift in Sources */ = {isa = PBXBuildFile; fileRef = 0184CB5E26F8D5CE00A53BF5 /* UICollectionView+Model.swift */; };
		0184CB7A26F8D5CF00A53BF5 /* TimerLabel.swift in Sources */ = {isa = PBXBuildFile; fileRef = 0184CB5F26F8D5CE00A53BF5 /* TimerLabel.swift */; };
		0184CB7B26F8D5CF00A53BF5 /* DotProgressView.swift in Sources */ = {isa = PBXBuildFile; fileRef = 0184CB6026F8D5CE00A53BF5 /* DotProgressView.swift */; };
		0184CB7C26F8D5CF00A53BF5 /* CoordinatorTabBarController.swift in Sources */ = {isa = PBXBuildFile; fileRef = 0184CB6126F8D5CE00A53BF5 /* CoordinatorTabBarController.swift */; };
		0184CB7D26F8D5CF00A53BF5 /* Assets.xcassets in Resources */ = {isa = PBXBuildFile; fileRef = 0184CB6326F8D5CF00A53BF5 /* Assets.xcassets */; };
		0184CB7E26F8D5CF00A53BF5 /* LaunchScreen.storyboard in Resources */ = {isa = PBXBuildFile; fileRef = 0184CB6426F8D5CF00A53BF5 /* LaunchScreen.storyboard */; };
		0184CB7F26F8D5CF00A53BF5 /* Palette.swift in Sources */ = {isa = PBXBuildFile; fileRef = 0184CB6726F8D5CF00A53BF5 /* Palette.swift */; };
		0184CB8026F8D5CF00A53BF5 /* TextFont.swift in Sources */ = {isa = PBXBuildFile; fileRef = 0184CB6826F8D5CF00A53BF5 /* TextFont.swift */; };
		0184CB8126F8D5CF00A53BF5 /* ImageSource.swift in Sources */ = {isa = PBXBuildFile; fileRef = 0184CB6926F8D5CF00A53BF5 /* ImageSource.swift */; };
		0184CB8226F8D5CF00A53BF5 /* NumericValues.swift in Sources */ = {isa = PBXBuildFile; fileRef = 0184CB6A26F8D5CF00A53BF5 /* NumericValues.swift */; };
		0184CB8426F8D5CF00A53BF5 /* Coordinator.swift in Sources */ = {isa = PBXBuildFile; fileRef = 0184CB6E26F8D5CF00A53BF5 /* Coordinator.swift */; };
		0184CB8526F8D5CF00A53BF5 /* AppCoordinator.swift in Sources */ = {isa = PBXBuildFile; fileRef = 0184CB7026F8D5CF00A53BF5 /* AppCoordinator.swift */; };
		0184CB8626F8D5CF00A53BF5 /* AppDelegate.swift in Sources */ = {isa = PBXBuildFile; fileRef = 0184CB7126F8D5CF00A53BF5 /* AppDelegate.swift */; };
		0184CB8E26F8D66300A53BF5 /* AuthorizationServiceTests.swift in Sources */ = {isa = PBXBuildFile; fileRef = 0184CB8D26F8D66300A53BF5 /* AuthorizationServiceTests.swift */; };
		0196AE4B27034A070049DF0B /* PasswordCredential.swift in Sources */ = {isa = PBXBuildFile; fileRef = 0196AE4A27034A070049DF0B /* PasswordCredential.swift */; };
		0196AE4F27034B870049DF0B /* PasswordCredentialsTests.swift in Sources */ = {isa = PBXBuildFile; fileRef = 0196AE4E27034B870049DF0B /* PasswordCredentialsTests.swift */; };
		0196AE51270353170049DF0B /* ViewModel.swift in Sources */ = {isa = PBXBuildFile; fileRef = 0196AE50270353170049DF0B /* ViewModel.swift */; };
		019914F62709DDCB00C58386 /* AggregatorFeatureCell.swift in Sources */ = {isa = PBXBuildFile; fileRef = 019914F52709DDCB00C58386 /* AggregatorFeatureCell.swift */; };
		019D41B82711D56E004BFD35 /* RetainCycle.framework in Frameworks */ = {isa = PBXBuildFile; fileRef = 0132EC3627119085008E786D /* RetainCycle.framework */; };
		019D41B92711D56E004BFD35 /* RetainCycle.framework in Embed Frameworks */ = {isa = PBXBuildFile; fileRef = 0132EC3627119085008E786D /* RetainCycle.framework */; settings = {ATTRIBUTES = (CodeSignOnCopy, RemoveHeadersOnCopy, ); }; };
		019D41BA2711E81B004BFD35 /* FeatureIntermediate.framework in Frameworks */ = {isa = PBXBuildFile; fileRef = 01F24FF527117E3B00D5B074 /* FeatureIntermediate.framework */; };
		019D41BB2711E81B004BFD35 /* FeatureIntermediate.framework in Embed Frameworks */ = {isa = PBXBuildFile; fileRef = 01F24FF527117E3B00D5B074 /* FeatureIntermediate.framework */; settings = {ATTRIBUTES = (CodeSignOnCopy, RemoveHeadersOnCopy, ); }; };
		01F24FF827117E3B00D5B074 /* FeatureIntermediate.h in Headers */ = {isa = PBXBuildFile; fileRef = 01F24FF727117E3B00D5B074 /* FeatureIntermediate.h */; settings = {ATTRIBUTES = (Public, ); }; };
		01F2500027117E4900D5B074 /* FeatureLoader.swift in Sources */ = {isa = PBXBuildFile; fileRef = 011EA79C270F576E003D92C6 /* FeatureLoader.swift */; };
		3D9529155D28CAF607552F6E /* Pods_Prometheus_FeatureIntermediate.framework in Frameworks */ = {isa = PBXBuildFile; fileRef = F6098F9F1569569963C17C47 /* Pods_Prometheus_FeatureIntermediate.framework */; };
		5AA146D785398F8B0BDB789C /* Pods_Prometheus.framework in Frameworks */ = {isa = PBXBuildFile; fileRef = D50AADC20433CE39E180A901 /* Pods_Prometheus.framework */; };
/* End PBXBuildFile section */

/* Begin PBXContainerItemProxy section */
		0184CB9026F8D66300A53BF5 /* PBXContainerItemProxy */ = {
			isa = PBXContainerItemProxy;
			containerPortal = 0184CB2E26F8D59700A53BF5 /* Project object */;
			proxyType = 1;
			remoteGlobalIDString = 0184CB3526F8D59700A53BF5;
			remoteInfo = Prometheus;
		};
		01F24FF927117E3B00D5B074 /* PBXContainerItemProxy */ = {
			isa = PBXContainerItemProxy;
			containerPortal = 0184CB2E26F8D59700A53BF5 /* Project object */;
			proxyType = 1;
			remoteGlobalIDString = 01F24FF427117E3B00D5B074;
			remoteInfo = FeatureIntermediate;
		};
/* End PBXContainerItemProxy section */

/* Begin PBXCopyFilesBuildPhase section */
		019D41B72711D56D004BFD35 /* Embed Frameworks */ = {
			isa = PBXCopyFilesBuildPhase;
			buildActionMask = 2147483647;
			dstPath = "";
			dstSubfolderSpec = 10;
			files = (
				019D41BB2711E81B004BFD35 /* FeatureIntermediate.framework in Embed Frameworks */,
				019D41B92711D56E004BFD35 /* RetainCycle.framework in Embed Frameworks */,
				013512CD27172AE6006CC796 /* Sensor.framework in Embed Frameworks */,
			);
			name = "Embed Frameworks";
			runOnlyForDeploymentPostprocessing = 0;
		};
/* End PBXCopyFilesBuildPhase section */

/* Begin PBXFileReference section */
		010B6215271317C700815777 /* AggregationServicesLocator.swift */ = {isa = PBXFileReference; lastKnownFileType = sourcecode.swift; path = AggregationServicesLocator.swift; sourceTree = "<group>"; };
		010B62172713220900815777 /* AggregationViewModel.swift */ = {isa = PBXFileReference; lastKnownFileType = sourcecode.swift; path = AggregationViewModel.swift; sourceTree = "<group>"; };
		010B621927132DEC00815777 /* AggregationDataSource.swift */ = {isa = PBXFileReference; lastKnownFileType = sourcecode.swift; path = AggregationDataSource.swift; sourceTree = "<group>"; };
		010B621B2713312700815777 /* Section.swift */ = {isa = PBXFileReference; lastKnownFileType = sourcecode.swift; path = Section.swift; sourceTree = "<group>"; };
		010B621E27134BC500815777 /* FeatureAdapterCellModel.swift */ = {isa = PBXFileReference; lastKnownFileType = sourcecode.swift; path = FeatureAdapterCellModel.swift; sourceTree = "<group>"; };
		011EA79C270F576E003D92C6 /* FeatureLoader.swift */ = {isa = PBXFileReference; fileEncoding = 4; lastKnownFileType = sourcecode.swift; path = FeatureLoader.swift; sourceTree = "<group>"; };
		0124E9C3270623A000C4F98D /* AggregatorFlowCoordinator.swift */ = {isa = PBXFileReference; lastKnownFileType = sourcecode.swift; path = AggregatorFlowCoordinator.swift; sourceTree = "<group>"; };
		0124E9C62706244B00C4F98D /* AggregatorViewController.swift */ = {isa = PBXFileReference; lastKnownFileType = sourcecode.swift; path = AggregatorViewController.swift; sourceTree = "<group>"; };
		0124E9C92706269800C4F98D /* UINavigationControllerSpy.swift */ = {isa = PBXFileReference; lastKnownFileType = sourcecode.swift; path = UINavigationControllerSpy.swift; sourceTree = "<group>"; };
		0132EC3627119085008E786D /* RetainCycle.framework */ = {isa = PBXFileReference; explicitFileType = wrapper.framework; path = RetainCycle.framework; sourceTree = BUILT_PRODUCTS_DIR; };
		013B9B112700773900F7340C /* AuthorizationService.swift */ = {isa = PBXFileReference; lastKnownFileType = sourcecode.swift; path = AuthorizationService.swift; sourceTree = "<group>"; };
		014DA99A2711FB1E00D9B452 /* Features.plist */ = {isa = PBXFileReference; lastKnownFileType = text.plist.xml; path = Features.plist; sourceTree = "<group>"; };
		0160C070270DF36B00D15AEE /* LocalAuthorizationHelper.swift */ = {isa = PBXFileReference; lastKnownFileType = sourcecode.swift; path = LocalAuthorizationHelper.swift; sourceTree = "<group>"; };
		0184CB3626F8D59700A53BF5 /* Prometheus.app */ = {isa = PBXFileReference; explicitFileType = wrapper.application; includeInIndex = 0; path = Prometheus.app; sourceTree = BUILT_PRODUCTS_DIR; };
		0184CB4726F8D59900A53BF5 /* Info.plist */ = {isa = PBXFileReference; lastKnownFileType = text.plist.xml; path = Info.plist; sourceTree = "<group>"; };
		0184CB5026F8D5CE00A53BF5 /* AuthViewModel.swift */ = {isa = PBXFileReference; fileEncoding = 4; lastKnownFileType = sourcecode.swift; path = AuthViewModel.swift; sourceTree = "<group>"; };
		0184CB5226F8D5CE00A53BF5 /* AuthCoordinator.swift */ = {isa = PBXFileReference; fileEncoding = 4; lastKnownFileType = sourcecode.swift; path = AuthCoordinator.swift; sourceTree = "<group>"; };
		0184CB5626F8D5CE00A53BF5 /* AuthViewController.swift */ = {isa = PBXFileReference; fileEncoding = 4; lastKnownFileType = sourcecode.swift; path = AuthViewController.swift; sourceTree = "<group>"; };
		0184CB5926F8D5CE00A53BF5 /* UITableView+Model.swift */ = {isa = PBXFileReference; fileEncoding = 4; lastKnownFileType = sourcecode.swift; path = "UITableView+Model.swift"; sourceTree = "<group>"; };
		0184CB5C26F8D5CE00A53BF5 /* PinButtonCollectionCell.swift */ = {isa = PBXFileReference; fileEncoding = 4; lastKnownFileType = sourcecode.swift; path = PinButtonCollectionCell.swift; sourceTree = "<group>"; };
		0184CB5D26F8D5CE00A53BF5 /* PinBoardView.swift */ = {isa = PBXFileReference; fileEncoding = 4; lastKnownFileType = sourcecode.swift; path = PinBoardView.swift; sourceTree = "<group>"; };
		0184CB5E26F8D5CE00A53BF5 /* UICollectionView+Model.swift */ = {isa = PBXFileReference; fileEncoding = 4; lastKnownFileType = sourcecode.swift; path = "UICollectionView+Model.swift"; sourceTree = "<group>"; };
		0184CB5F26F8D5CE00A53BF5 /* TimerLabel.swift */ = {isa = PBXFileReference; fileEncoding = 4; lastKnownFileType = sourcecode.swift; path = TimerLabel.swift; sourceTree = "<group>"; };
		0184CB6026F8D5CE00A53BF5 /* DotProgressView.swift */ = {isa = PBXFileReference; fileEncoding = 4; lastKnownFileType = sourcecode.swift; path = DotProgressView.swift; sourceTree = "<group>"; };
		0184CB6126F8D5CE00A53BF5 /* CoordinatorTabBarController.swift */ = {isa = PBXFileReference; fileEncoding = 4; lastKnownFileType = sourcecode.swift; path = CoordinatorTabBarController.swift; sourceTree = "<group>"; };
		0184CB6326F8D5CF00A53BF5 /* Assets.xcassets */ = {isa = PBXFileReference; lastKnownFileType = folder.assetcatalog; path = Assets.xcassets; sourceTree = "<group>"; };
		0184CB6526F8D5CF00A53BF5 /* Base */ = {isa = PBXFileReference; lastKnownFileType = file.storyboard; name = Base; path = Base.lproj/LaunchScreen.storyboard; sourceTree = "<group>"; };
		0184CB6726F8D5CF00A53BF5 /* Palette.swift */ = {isa = PBXFileReference; fileEncoding = 4; lastKnownFileType = sourcecode.swift; path = Palette.swift; sourceTree = "<group>"; };
		0184CB6826F8D5CF00A53BF5 /* TextFont.swift */ = {isa = PBXFileReference; fileEncoding = 4; lastKnownFileType = sourcecode.swift; path = TextFont.swift; sourceTree = "<group>"; };
		0184CB6926F8D5CF00A53BF5 /* ImageSource.swift */ = {isa = PBXFileReference; fileEncoding = 4; lastKnownFileType = sourcecode.swift; path = ImageSource.swift; sourceTree = "<group>"; };
		0184CB6A26F8D5CF00A53BF5 /* NumericValues.swift */ = {isa = PBXFileReference; fileEncoding = 4; lastKnownFileType = sourcecode.swift; path = NumericValues.swift; sourceTree = "<group>"; };
		0184CB6E26F8D5CF00A53BF5 /* Coordinator.swift */ = {isa = PBXFileReference; fileEncoding = 4; lastKnownFileType = sourcecode.swift; path = Coordinator.swift; sourceTree = "<group>"; };
		0184CB7026F8D5CF00A53BF5 /* AppCoordinator.swift */ = {isa = PBXFileReference; fileEncoding = 4; lastKnownFileType = sourcecode.swift; path = AppCoordinator.swift; sourceTree = "<group>"; };
		0184CB7126F8D5CF00A53BF5 /* AppDelegate.swift */ = {isa = PBXFileReference; fileEncoding = 4; lastKnownFileType = sourcecode.swift; path = AppDelegate.swift; sourceTree = "<group>"; };
		0184CB8B26F8D66300A53BF5 /* PrometheusTests.xctest */ = {isa = PBXFileReference; explicitFileType = wrapper.cfbundle; includeInIndex = 0; path = PrometheusTests.xctest; sourceTree = BUILT_PRODUCTS_DIR; };
		0184CB8D26F8D66300A53BF5 /* AuthorizationServiceTests.swift */ = {isa = PBXFileReference; lastKnownFileType = sourcecode.swift; path = AuthorizationServiceTests.swift; sourceTree = "<group>"; };
		0184CB8F26F8D66300A53BF5 /* Info.plist */ = {isa = PBXFileReference; lastKnownFileType = text.plist.xml; path = Info.plist; sourceTree = "<group>"; };
		0196AE4A27034A070049DF0B /* PasswordCredential.swift */ = {isa = PBXFileReference; lastKnownFileType = sourcecode.swift; path = PasswordCredential.swift; sourceTree = "<group>"; };
		0196AE4E27034B870049DF0B /* PasswordCredentialsTests.swift */ = {isa = PBXFileReference; lastKnownFileType = sourcecode.swift; path = PasswordCredentialsTests.swift; sourceTree = "<group>"; };
		0196AE50270353170049DF0B /* ViewModel.swift */ = {isa = PBXFileReference; lastKnownFileType = sourcecode.swift; path = ViewModel.swift; sourceTree = "<group>"; };
		019914F52709DDCB00C58386 /* AggregatorFeatureCell.swift */ = {isa = PBXFileReference; lastKnownFileType = sourcecode.swift; path = AggregatorFeatureCell.swift; sourceTree = "<group>"; };
		01BD423327130A65009FCBE7 /* Sensor.framework */ = {isa = PBXFileReference; explicitFileType = wrapper.framework; path = Sensor.framework; sourceTree = BUILT_PRODUCTS_DIR; };
		01F24FF527117E3B00D5B074 /* FeatureIntermediate.framework */ = {isa = PBXFileReference; explicitFileType = wrapper.framework; includeInIndex = 0; path = FeatureIntermediate.framework; sourceTree = BUILT_PRODUCTS_DIR; };
		01F24FF727117E3B00D5B074 /* FeatureIntermediate.h */ = {isa = PBXFileReference; lastKnownFileType = sourcecode.c.h; path = FeatureIntermediate.h; sourceTree = "<group>"; };
		5851536ED6785C7F6BF63E7F /* Pods-Prometheus-FeatureIntermediate.release.xcconfig */ = {isa = PBXFileReference; includeInIndex = 1; lastKnownFileType = text.xcconfig; name = "Pods-Prometheus-FeatureIntermediate.release.xcconfig"; path = "Target Support Files/Pods-Prometheus-FeatureIntermediate/Pods-Prometheus-FeatureIntermediate.release.xcconfig"; sourceTree = "<group>"; };
		701AA1D6E66BF505C0FD3E29 /* Pods-Prometheus-FeatureIntermediate.debug.xcconfig */ = {isa = PBXFileReference; includeInIndex = 1; lastKnownFileType = text.xcconfig; name = "Pods-Prometheus-FeatureIntermediate.debug.xcconfig"; path = "Target Support Files/Pods-Prometheus-FeatureIntermediate/Pods-Prometheus-FeatureIntermediate.debug.xcconfig"; sourceTree = "<group>"; };
		D50AADC20433CE39E180A901 /* Pods_Prometheus.framework */ = {isa = PBXFileReference; explicitFileType = wrapper.framework; includeInIndex = 0; path = Pods_Prometheus.framework; sourceTree = BUILT_PRODUCTS_DIR; };
		D5CBFFDAB9DAB75D9B55ACA2 /* Pods-Prometheus.release.xcconfig */ = {isa = PBXFileReference; includeInIndex = 1; lastKnownFileType = text.xcconfig; name = "Pods-Prometheus.release.xcconfig"; path = "Target Support Files/Pods-Prometheus/Pods-Prometheus.release.xcconfig"; sourceTree = "<group>"; };
		E049A9958D225C25917BD74C /* Pods-Prometheus.debug.xcconfig */ = {isa = PBXFileReference; includeInIndex = 1; lastKnownFileType = text.xcconfig; name = "Pods-Prometheus.debug.xcconfig"; path = "Target Support Files/Pods-Prometheus/Pods-Prometheus.debug.xcconfig"; sourceTree = "<group>"; };
		F6098F9F1569569963C17C47 /* Pods_Prometheus_FeatureIntermediate.framework */ = {isa = PBXFileReference; explicitFileType = wrapper.framework; includeInIndex = 0; path = Pods_Prometheus_FeatureIntermediate.framework; sourceTree = BUILT_PRODUCTS_DIR; };
/* End PBXFileReference section */

/* Begin PBXFrameworksBuildPhase section */
		0184CB3326F8D59700A53BF5 /* Frameworks */ = {
			isa = PBXFrameworksBuildPhase;
			buildActionMask = 2147483647;
			files = (
				019D41B82711D56E004BFD35 /* RetainCycle.framework in Frameworks */,
				019D41BA2711E81B004BFD35 /* FeatureIntermediate.framework in Frameworks */,
				013512CC27172AE6006CC796 /* Sensor.framework in Frameworks */,
				5AA146D785398F8B0BDB789C /* Pods_Prometheus.framework in Frameworks */,
			);
			runOnlyForDeploymentPostprocessing = 0;
		};
		0184CB8826F8D66300A53BF5 /* Frameworks */ = {
			isa = PBXFrameworksBuildPhase;
			buildActionMask = 2147483647;
			files = (
			);
			runOnlyForDeploymentPostprocessing = 0;
		};
		01F24FF227117E3B00D5B074 /* Frameworks */ = {
			isa = PBXFrameworksBuildPhase;
			buildActionMask = 2147483647;
			files = (
				3D9529155D28CAF607552F6E /* Pods_Prometheus_FeatureIntermediate.framework in Frameworks */,
			);
			runOnlyForDeploymentPostprocessing = 0;
		};
/* End PBXFrameworksBuildPhase section */

/* Begin PBXGroup section */
		010B621D27134BB900815777 /* Models */ = {
			isa = PBXGroup;
			children = (
				010B621E27134BC500815777 /* FeatureAdapterCellModel.swift */,
			);
			path = Models;
			sourceTree = "<group>";
		};
		010B622027134C1800815777 /* UI */ = {
			isa = PBXGroup;
			children = (
				0184CB4F26F8D5CE00A53BF5 /* ViewModels */,
				0184CB5526F8D5CE00A53BF5 /* ViewControllers */,
			);
			path = UI;
			sourceTree = "<group>";
		};
		010B622127134C2600815777 /* Components */ = {
			isa = PBXGroup;
			children = (
				0196AE4A27034A070049DF0B /* PasswordCredential.swift */,
			);
			path = Components;
			sourceTree = "<group>";
		};
		010B622227134C7700815777 /* UI */ = {
			isa = PBXGroup;
			children = (
				0124E9C82706245200C4F98D /* ViewModels */,
				0124E9C52706243D00C4F98D /* ViewControllers */,
				019914F82709E18300C58386 /* Cells */,
			);
			path = UI;
			sourceTree = "<group>";
		};
		010B622327134C8700815777 /* Services */ = {
			isa = PBXGroup;
			children = (
				010B6215271317C700815777 /* AggregationServicesLocator.swift */,
			);
			path = Services;
			sourceTree = "<group>";
		};
		0124E9C227061F4C00C4F98D /* AggregatorFlow */ = {
			isa = PBXGroup;
			children = (
				0124E9C3270623A000C4F98D /* AggregatorFlowCoordinator.swift */,
				010B622227134C7700815777 /* UI */,
				010B621D27134BB900815777 /* Models */,
				010B622327134C8700815777 /* Services */,
			);
			path = AggregatorFlow;
			sourceTree = "<group>";
		};
		0124E9C52706243D00C4F98D /* ViewControllers */ = {
			isa = PBXGroup;
			children = (
				0124E9C62706244B00C4F98D /* AggregatorViewController.swift */,
				010B621927132DEC00815777 /* AggregationDataSource.swift */,
			);
			path = ViewControllers;
			sourceTree = "<group>";
		};
		0124E9C82706245200C4F98D /* ViewModels */ = {
			isa = PBXGroup;
			children = (
				010B62172713220900815777 /* AggregationViewModel.swift */,
			);
			path = ViewModels;
			sourceTree = "<group>";
		};
		013B9B0E2700700D00F7340C /* Services */ = {
			isa = PBXGroup;
			children = (
				013B9B112700773900F7340C /* AuthorizationService.swift */,
				0160C070270DF36B00D15AEE /* LocalAuthorizationHelper.swift */,
			);
			path = Services;
			sourceTree = "<group>";
		};
		0184CB2D26F8D59700A53BF5 = {
			isa = PBXGroup;
			children = (
				0184CB3826F8D59700A53BF5 /* Prometheus */,
				0184CB8C26F8D66300A53BF5 /* PrometheusTests */,
				01F24FF627117E3B00D5B074 /* FeatureIntermediate */,
				0184CB3726F8D59700A53BF5 /* Products */,
				6A96FDE60FF40D393B7FFAE1 /* Pods */,
				84528AE75AF39217585580C0 /* Frameworks */,
			);
			sourceTree = "<group>";
		};
		0184CB3726F8D59700A53BF5 /* Products */ = {
			isa = PBXGroup;
			children = (
				0184CB3626F8D59700A53BF5 /* Prometheus.app */,
				0184CB8B26F8D66300A53BF5 /* PrometheusTests.xctest */,
				01F24FF527117E3B00D5B074 /* FeatureIntermediate.framework */,
			);
			name = Products;
			sourceTree = "<group>";
		};
		0184CB3826F8D59700A53BF5 /* Prometheus */ = {
			isa = PBXGroup;
			children = (
				0184CB6F26F8D5CF00A53BF5 /* Application */,
				0184CB5726F8D5CE00A53BF5 /* CommonUI */,
				0184CB4D26F8D5CE00A53BF5 /* Flows */,
				010B622127134C2600815777 /* Components */,
				0184CB6C26F8D5CF00A53BF5 /* Supportings */,
				0184CB6626F8D5CF00A53BF5 /* Helpers */,
				0184CB6226F8D5CE00A53BF5 /* Resources */,
			);
			path = Prometheus;
			sourceTree = "<group>";
		};
		0184CB4D26F8D5CE00A53BF5 /* Flows */ = {
			isa = PBXGroup;
			children = (
				0124E9C227061F4C00C4F98D /* AggregatorFlow */,
				0184CB4E26F8D5CE00A53BF5 /* AuthorizationFlow */,
			);
			path = Flows;
			sourceTree = "<group>";
		};
		0184CB4E26F8D5CE00A53BF5 /* AuthorizationFlow */ = {
			isa = PBXGroup;
			children = (
				010B622027134C1800815777 /* UI */,
				0184CB5226F8D5CE00A53BF5 /* AuthCoordinator.swift */,
				013B9B0E2700700D00F7340C /* Services */,
			);
			path = AuthorizationFlow;
			sourceTree = "<group>";
		};
		0184CB4F26F8D5CE00A53BF5 /* ViewModels */ = {
			isa = PBXGroup;
			children = (
				0184CB5026F8D5CE00A53BF5 /* AuthViewModel.swift */,
			);
			path = ViewModels;
			sourceTree = "<group>";
		};
		0184CB5526F8D5CE00A53BF5 /* ViewControllers */ = {
			isa = PBXGroup;
			children = (
				0184CB5626F8D5CE00A53BF5 /* AuthViewController.swift */,
			);
			path = ViewControllers;
			sourceTree = "<group>";
		};
		0184CB5726F8D5CE00A53BF5 /* CommonUI */ = {
			isa = PBXGroup;
			children = (
				0184CB5826F8D5CE00A53BF5 /* TableView */,
				0184CB5A26F8D5CE00A53BF5 /* CollectionView */,
				0184CB5F26F8D5CE00A53BF5 /* TimerLabel.swift */,
				0184CB6026F8D5CE00A53BF5 /* DotProgressView.swift */,
				0184CB6126F8D5CE00A53BF5 /* CoordinatorTabBarController.swift */,
			);
			path = CommonUI;
			sourceTree = "<group>";
		};
		0184CB5826F8D5CE00A53BF5 /* TableView */ = {
			isa = PBXGroup;
			children = (
				0184CB5926F8D5CE00A53BF5 /* UITableView+Model.swift */,
			);
			path = TableView;
			sourceTree = "<group>";
		};
		0184CB5A26F8D5CE00A53BF5 /* CollectionView */ = {
			isa = PBXGroup;
			children = (
				0184CB5B26F8D5CE00A53BF5 /* PinBoard */,
				0184CB5E26F8D5CE00A53BF5 /* UICollectionView+Model.swift */,
			);
			path = CollectionView;
			sourceTree = "<group>";
		};
		0184CB5B26F8D5CE00A53BF5 /* PinBoard */ = {
			isa = PBXGroup;
			children = (
				0184CB5C26F8D5CE00A53BF5 /* PinButtonCollectionCell.swift */,
				0184CB5D26F8D5CE00A53BF5 /* PinBoardView.swift */,
			);
			path = PinBoard;
			sourceTree = "<group>";
		};
		0184CB6226F8D5CE00A53BF5 /* Resources */ = {
			isa = PBXGroup;
			children = (
				0184CB6326F8D5CF00A53BF5 /* Assets.xcassets */,
				0184CB6426F8D5CF00A53BF5 /* LaunchScreen.storyboard */,
			);
			path = Resources;
			sourceTree = "<group>";
		};
		0184CB6626F8D5CF00A53BF5 /* Helpers */ = {
			isa = PBXGroup;
			children = (
				0184CB6726F8D5CF00A53BF5 /* Palette.swift */,
				0184CB6826F8D5CF00A53BF5 /* TextFont.swift */,
				0184CB6926F8D5CF00A53BF5 /* ImageSource.swift */,
				0184CB6A26F8D5CF00A53BF5 /* NumericValues.swift */,
			);
			path = Helpers;
			sourceTree = "<group>";
		};
		0184CB6C26F8D5CF00A53BF5 /* Supportings */ = {
			isa = PBXGroup;
			children = (
				0184CB6E26F8D5CF00A53BF5 /* Coordinator.swift */,
				0196AE50270353170049DF0B /* ViewModel.swift */,
				010B621B2713312700815777 /* Section.swift */,
			);
			path = Supportings;
			sourceTree = "<group>";
		};
		0184CB6F26F8D5CF00A53BF5 /* Application */ = {
			isa = PBXGroup;
			children = (
				0184CB4726F8D59900A53BF5 /* Info.plist */,
				0184CB7126F8D5CF00A53BF5 /* AppDelegate.swift */,
				0184CB7026F8D5CF00A53BF5 /* AppCoordinator.swift */,
				0124E9C92706269800C4F98D /* UINavigationControllerSpy.swift */,
			);
			path = Application;
			sourceTree = "<group>";
		};
		0184CB8C26F8D66300A53BF5 /* PrometheusTests */ = {
			isa = PBXGroup;
			children = (
				0184CB8D26F8D66300A53BF5 /* AuthorizationServiceTests.swift */,
				0196AE4E27034B870049DF0B /* PasswordCredentialsTests.swift */,
				0184CB8F26F8D66300A53BF5 /* Info.plist */,
			);
			path = PrometheusTests;
			sourceTree = "<group>";
		};
		019914F82709E18300C58386 /* Cells */ = {
			isa = PBXGroup;
			children = (
				019914F52709DDCB00C58386 /* AggregatorFeatureCell.swift */,
			);
			path = Cells;
			sourceTree = "<group>";
		};
		01F24FF627117E3B00D5B074 /* FeatureIntermediate */ = {
			isa = PBXGroup;
			children = (
				011EA79C270F576E003D92C6 /* FeatureLoader.swift */,
				01F24FF727117E3B00D5B074 /* FeatureIntermediate.h */,
				014DA99A2711FB1E00D9B452 /* Features.plist */,
			);
			path = FeatureIntermediate;
			sourceTree = "<group>";
		};
		6A96FDE60FF40D393B7FFAE1 /* Pods */ = {
			isa = PBXGroup;
			children = (
				E049A9958D225C25917BD74C /* Pods-Prometheus.debug.xcconfig */,
				D5CBFFDAB9DAB75D9B55ACA2 /* Pods-Prometheus.release.xcconfig */,
				701AA1D6E66BF505C0FD3E29 /* Pods-Prometheus-FeatureIntermediate.debug.xcconfig */,
				5851536ED6785C7F6BF63E7F /* Pods-Prometheus-FeatureIntermediate.release.xcconfig */,
			);
			path = Pods;
			sourceTree = "<group>";
		};
		84528AE75AF39217585580C0 /* Frameworks */ = {
			isa = PBXGroup;
			children = (
				01BD423327130A65009FCBE7 /* Sensor.framework */,
				0132EC3627119085008E786D /* RetainCycle.framework */,
				D50AADC20433CE39E180A901 /* Pods_Prometheus.framework */,
				F6098F9F1569569963C17C47 /* Pods_Prometheus_FeatureIntermediate.framework */,
			);
			name = Frameworks;
			sourceTree = "<group>";
		};
/* End PBXGroup section */

/* Begin PBXHeadersBuildPhase section */
		01F24FF027117E3B00D5B074 /* Headers */ = {
			isa = PBXHeadersBuildPhase;
			buildActionMask = 2147483647;
			files = (
				01F24FF827117E3B00D5B074 /* FeatureIntermediate.h in Headers */,
			);
			runOnlyForDeploymentPostprocessing = 0;
		};
/* End PBXHeadersBuildPhase section */

/* Begin PBXNativeTarget section */
		0184CB3526F8D59700A53BF5 /* Prometheus */ = {
			isa = PBXNativeTarget;
			buildConfigurationList = 0184CB4A26F8D59900A53BF5 /* Build configuration list for PBXNativeTarget "Prometheus" */;
			buildPhases = (
				6FBD5C3F8FC9BCA85C01EFE6 /* [CP] Check Pods Manifest.lock */,
				0184CB3226F8D59700A53BF5 /* Sources */,
				0184CB3326F8D59700A53BF5 /* Frameworks */,
				0184CB3426F8D59700A53BF5 /* Resources */,
				2B552D706FA36079414264B3 /* [CP] Embed Pods Frameworks */,
				019D41B72711D56D004BFD35 /* Embed Frameworks */,
			);
			buildRules = (
			);
			dependencies = (
				01F24FFA27117E3B00D5B074 /* PBXTargetDependency */,
			);
			name = Prometheus;
			productName = Prometheus;
			productReference = 0184CB3626F8D59700A53BF5 /* Prometheus.app */;
			productType = "com.apple.product-type.application";
		};
		0184CB8A26F8D66300A53BF5 /* PrometheusTests */ = {
			isa = PBXNativeTarget;
			buildConfigurationList = 0184CB9426F8D66300A53BF5 /* Build configuration list for PBXNativeTarget "PrometheusTests" */;
			buildPhases = (
				0184CB8726F8D66300A53BF5 /* Sources */,
				0184CB8826F8D66300A53BF5 /* Frameworks */,
				0184CB8926F8D66300A53BF5 /* Resources */,
			);
			buildRules = (
			);
			dependencies = (
				0184CB9126F8D66300A53BF5 /* PBXTargetDependency */,
			);
			name = PrometheusTests;
			productName = PrometheusTests;
			productReference = 0184CB8B26F8D66300A53BF5 /* PrometheusTests.xctest */;
			productType = "com.apple.product-type.bundle.unit-test";
		};
		01F24FF427117E3B00D5B074 /* FeatureIntermediate */ = {
			isa = PBXNativeTarget;
			buildConfigurationList = 01F24FFF27117E3B00D5B074 /* Build configuration list for PBXNativeTarget "FeatureIntermediate" */;
			buildPhases = (
				BD6D3E2FC279F066994B9F33 /* [CP] Check Pods Manifest.lock */,
				01F24FF027117E3B00D5B074 /* Headers */,
				01F24FF127117E3B00D5B074 /* Sources */,
				01F24FF227117E3B00D5B074 /* Frameworks */,
				01F24FF327117E3B00D5B074 /* Resources */,
			);
			buildRules = (
			);
			dependencies = (
			);
			name = FeatureIntermediate;
			productName = FeatureIntermediate;
			productReference = 01F24FF527117E3B00D5B074 /* FeatureIntermediate.framework */;
			productType = "com.apple.product-type.framework";
		};
/* End PBXNativeTarget section */

/* Begin PBXProject section */
		0184CB2E26F8D59700A53BF5 /* Project object */ = {
			isa = PBXProject;
			attributes = {
				LastSwiftUpdateCheck = 1250;
				LastUpgradeCheck = 1250;
				TargetAttributes = {
					0184CB3526F8D59700A53BF5 = {
						CreatedOnToolsVersion = 12.5;
						LastSwiftMigration = 1300;
					};
					0184CB8A26F8D66300A53BF5 = {
						CreatedOnToolsVersion = 12.5;
						TestTargetID = 0184CB3526F8D59700A53BF5;
					};
					01F24FF427117E3B00D5B074 = {
						CreatedOnToolsVersion = 13.0;
					};
				};
			};
			buildConfigurationList = 0184CB3126F8D59700A53BF5 /* Build configuration list for PBXProject "Prometheus" */;
			compatibilityVersion = "Xcode 9.3";
			developmentRegion = en;
			hasScannedForEncodings = 0;
			knownRegions = (
				en,
				Base,
			);
			mainGroup = 0184CB2D26F8D59700A53BF5;
			productRefGroup = 0184CB3726F8D59700A53BF5 /* Products */;
			projectDirPath = "";
			projectRoot = "";
			targets = (
				0184CB3526F8D59700A53BF5 /* Prometheus */,
				0184CB8A26F8D66300A53BF5 /* PrometheusTests */,
				01F24FF427117E3B00D5B074 /* FeatureIntermediate */,
			);
		};
/* End PBXProject section */

/* Begin PBXResourcesBuildPhase section */
		0184CB3426F8D59700A53BF5 /* Resources */ = {
			isa = PBXResourcesBuildPhase;
			buildActionMask = 2147483647;
			files = (
				014DA99C2711FF9400D9B452 /* Features.plist in Resources */,
				0184CB7D26F8D5CF00A53BF5 /* Assets.xcassets in Resources */,
				0184CB7E26F8D5CF00A53BF5 /* LaunchScreen.storyboard in Resources */,
			);
			runOnlyForDeploymentPostprocessing = 0;
		};
		0184CB8926F8D66300A53BF5 /* Resources */ = {
			isa = PBXResourcesBuildPhase;
			buildActionMask = 2147483647;
			files = (
			);
			runOnlyForDeploymentPostprocessing = 0;
		};
		01F24FF327117E3B00D5B074 /* Resources */ = {
			isa = PBXResourcesBuildPhase;
			buildActionMask = 2147483647;
			files = (
				014DA99B2711FB1E00D9B452 /* Features.plist in Resources */,
			);
			runOnlyForDeploymentPostprocessing = 0;
		};
/* End PBXResourcesBuildPhase section */

/* Begin PBXShellScriptBuildPhase section */
		2B552D706FA36079414264B3 /* [CP] Embed Pods Frameworks */ = {
			isa = PBXShellScriptBuildPhase;
			buildActionMask = 2147483647;
			files = (
			);
			inputFileListPaths = (
				"${PODS_ROOT}/Target Support Files/Pods-Prometheus/Pods-Prometheus-frameworks-${CONFIGURATION}-input-files.xcfilelist",
			);
			name = "[CP] Embed Pods Frameworks";
			outputFileListPaths = (
				"${PODS_ROOT}/Target Support Files/Pods-Prometheus/Pods-Prometheus-frameworks-${CONFIGURATION}-output-files.xcfilelist",
			);
			runOnlyForDeploymentPostprocessing = 0;
			shellPath = /bin/sh;
			shellScript = "\"${PODS_ROOT}/Target Support Files/Pods-Prometheus/Pods-Prometheus-frameworks.sh\"\n";
			showEnvVarsInLog = 0;
		};
		6FBD5C3F8FC9BCA85C01EFE6 /* [CP] Check Pods Manifest.lock */ = {
			isa = PBXShellScriptBuildPhase;
			buildActionMask = 2147483647;
			files = (
			);
			inputFileListPaths = (
			);
			inputPaths = (
				"${PODS_PODFILE_DIR_PATH}/Podfile.lock",
				"${PODS_ROOT}/Manifest.lock",
			);
			name = "[CP] Check Pods Manifest.lock";
			outputFileListPaths = (
			);
			outputPaths = (
				"$(DERIVED_FILE_DIR)/Pods-Prometheus-checkManifestLockResult.txt",
			);
			runOnlyForDeploymentPostprocessing = 0;
			shellPath = /bin/sh;
			shellScript = "diff \"${PODS_PODFILE_DIR_PATH}/Podfile.lock\" \"${PODS_ROOT}/Manifest.lock\" > /dev/null\nif [ $? != 0 ] ; then\n    # print error to STDERR\n    echo \"error: The sandbox is not in sync with the Podfile.lock. Run 'pod install' or update your CocoaPods installation.\" >&2\n    exit 1\nfi\n# This output is used by Xcode 'outputs' to avoid re-running this script phase.\necho \"SUCCESS\" > \"${SCRIPT_OUTPUT_FILE_0}\"\n";
			showEnvVarsInLog = 0;
		};
		BD6D3E2FC279F066994B9F33 /* [CP] Check Pods Manifest.lock */ = {
			isa = PBXShellScriptBuildPhase;
			buildActionMask = 2147483647;
			files = (
			);
			inputFileListPaths = (
			);
			inputPaths = (
				"${PODS_PODFILE_DIR_PATH}/Podfile.lock",
				"${PODS_ROOT}/Manifest.lock",
			);
			name = "[CP] Check Pods Manifest.lock";
			outputFileListPaths = (
			);
			outputPaths = (
				"$(DERIVED_FILE_DIR)/Pods-Prometheus-FeatureIntermediate-checkManifestLockResult.txt",
			);
			runOnlyForDeploymentPostprocessing = 0;
			shellPath = /bin/sh;
			shellScript = "diff \"${PODS_PODFILE_DIR_PATH}/Podfile.lock\" \"${PODS_ROOT}/Manifest.lock\" > /dev/null\nif [ $? != 0 ] ; then\n    # print error to STDERR\n    echo \"error: The sandbox is not in sync with the Podfile.lock. Run 'pod install' or update your CocoaPods installation.\" >&2\n    exit 1\nfi\n# This output is used by Xcode 'outputs' to avoid re-running this script phase.\necho \"SUCCESS\" > \"${SCRIPT_OUTPUT_FILE_0}\"\n";
			showEnvVarsInLog = 0;
		};
/* End PBXShellScriptBuildPhase section */

/* Begin PBXSourcesBuildPhase section */
		0184CB3226F8D59700A53BF5 /* Sources */ = {
			isa = PBXSourcesBuildPhase;
			buildActionMask = 2147483647;
			files = (
				0184CB8626F8D5CF00A53BF5 /* AppDelegate.swift in Sources */,
				0196AE4B27034A070049DF0B /* PasswordCredential.swift in Sources */,
				019914F62709DDCB00C58386 /* AggregatorFeatureCell.swift in Sources */,
				0184CB7C26F8D5CF00A53BF5 /* CoordinatorTabBarController.swift in Sources */,
				010B6216271317C700815777 /* AggregationServicesLocator.swift in Sources */,
				0124E9C72706244B00C4F98D /* AggregatorViewController.swift in Sources */,
				0184CB7326F8D5CF00A53BF5 /* AuthCoordinator.swift in Sources */,
				0184CB7226F8D5CF00A53BF5 /* AuthViewModel.swift in Sources */,
				0184CB7826F8D5CF00A53BF5 /* PinBoardView.swift in Sources */,
				010B621C2713312700815777 /* Section.swift in Sources */,
				0184CB8526F8D5CF00A53BF5 /* AppCoordinator.swift in Sources */,
				0124E9C4270623A000C4F98D /* AggregatorFlowCoordinator.swift in Sources */,
				0184CB8026F8D5CF00A53BF5 /* TextFont.swift in Sources */,
				0184CB7A26F8D5CF00A53BF5 /* TimerLabel.swift in Sources */,
				0160C071270DF36B00D15AEE /* LocalAuthorizationHelper.swift in Sources */,
				0184CB7526F8D5CF00A53BF5 /* AuthViewController.swift in Sources */,
				0184CB8126F8D5CF00A53BF5 /* ImageSource.swift in Sources */,
				013B9B122700773900F7340C /* AuthorizationService.swift in Sources */,
				0196AE51270353170049DF0B /* ViewModel.swift in Sources */,
				010B62182713220900815777 /* AggregationViewModel.swift in Sources */,
				0124E9CA2706269800C4F98D /* UINavigationControllerSpy.swift in Sources */,
				010B621A27132DEC00815777 /* AggregationDataSource.swift in Sources */,
				0184CB7B26F8D5CF00A53BF5 /* DotProgressView.swift in Sources */,
				0184CB8426F8D5CF00A53BF5 /* Coordinator.swift in Sources */,
				0184CB7926F8D5CF00A53BF5 /* UICollectionView+Model.swift in Sources */,
				010B621F27134BC500815777 /* FeatureAdapterCellModel.swift in Sources */,
				0184CB7F26F8D5CF00A53BF5 /* Palette.swift in Sources */,
				0184CB7726F8D5CF00A53BF5 /* PinButtonCollectionCell.swift in Sources */,
				0184CB7626F8D5CF00A53BF5 /* UITableView+Model.swift in Sources */,
				0184CB8226F8D5CF00A53BF5 /* NumericValues.swift in Sources */,
			);
			runOnlyForDeploymentPostprocessing = 0;
		};
		0184CB8726F8D66300A53BF5 /* Sources */ = {
			isa = PBXSourcesBuildPhase;
			buildActionMask = 2147483647;
			files = (
				0184CB8E26F8D66300A53BF5 /* AuthorizationServiceTests.swift in Sources */,
				0196AE4F27034B870049DF0B /* PasswordCredentialsTests.swift in Sources */,
			);
			runOnlyForDeploymentPostprocessing = 0;
		};
		01F24FF127117E3B00D5B074 /* Sources */ = {
			isa = PBXSourcesBuildPhase;
			buildActionMask = 2147483647;
			files = (
				01F2500027117E4900D5B074 /* FeatureLoader.swift in Sources */,
			);
			runOnlyForDeploymentPostprocessing = 0;
		};
/* End PBXSourcesBuildPhase section */

/* Begin PBXTargetDependency section */
		0184CB9126F8D66300A53BF5 /* PBXTargetDependency */ = {
			isa = PBXTargetDependency;
			target = 0184CB3526F8D59700A53BF5 /* Prometheus */;
			targetProxy = 0184CB9026F8D66300A53BF5 /* PBXContainerItemProxy */;
		};
		01F24FFA27117E3B00D5B074 /* PBXTargetDependency */ = {
			isa = PBXTargetDependency;
			target = 01F24FF427117E3B00D5B074 /* FeatureIntermediate */;
			targetProxy = 01F24FF927117E3B00D5B074 /* PBXContainerItemProxy */;
		};
/* End PBXTargetDependency section */

/* Begin PBXVariantGroup section */
		0184CB6426F8D5CF00A53BF5 /* LaunchScreen.storyboard */ = {
			isa = PBXVariantGroup;
			children = (
				0184CB6526F8D5CF00A53BF5 /* Base */,
			);
			name = LaunchScreen.storyboard;
			sourceTree = "<group>";
		};
/* End PBXVariantGroup section */

/* Begin XCBuildConfiguration section */
		0184CB4826F8D59900A53BF5 /* Debug */ = {
			isa = XCBuildConfiguration;
			buildSettings = {
				ALWAYS_SEARCH_USER_PATHS = NO;
				CLANG_ANALYZER_NONNULL = YES;
				CLANG_ANALYZER_NUMBER_OBJECT_CONVERSION = YES_AGGRESSIVE;
				CLANG_CXX_LANGUAGE_STANDARD = "gnu++14";
				CLANG_CXX_LIBRARY = "libc++";
				CLANG_ENABLE_MODULES = YES;
				CLANG_ENABLE_OBJC_ARC = YES;
				CLANG_ENABLE_OBJC_WEAK = YES;
				CLANG_WARN_BLOCK_CAPTURE_AUTORELEASING = YES;
				CLANG_WARN_BOOL_CONVERSION = YES;
				CLANG_WARN_COMMA = YES;
				CLANG_WARN_CONSTANT_CONVERSION = YES;
				CLANG_WARN_DEPRECATED_OBJC_IMPLEMENTATIONS = YES;
				CLANG_WARN_DIRECT_OBJC_ISA_USAGE = YES_ERROR;
				CLANG_WARN_DOCUMENTATION_COMMENTS = YES;
				CLANG_WARN_EMPTY_BODY = YES;
				CLANG_WARN_ENUM_CONVERSION = YES;
				CLANG_WARN_INFINITE_RECURSION = YES;
				CLANG_WARN_INT_CONVERSION = YES;
				CLANG_WARN_NON_LITERAL_NULL_CONVERSION = YES;
				CLANG_WARN_OBJC_IMPLICIT_RETAIN_SELF = YES;
				CLANG_WARN_OBJC_LITERAL_CONVERSION = YES;
				CLANG_WARN_OBJC_ROOT_CLASS = YES_ERROR;
				CLANG_WARN_QUOTED_INCLUDE_IN_FRAMEWORK_HEADER = YES;
				CLANG_WARN_RANGE_LOOP_ANALYSIS = YES;
				CLANG_WARN_STRICT_PROTOTYPES = YES;
				CLANG_WARN_SUSPICIOUS_MOVE = YES;
				CLANG_WARN_UNGUARDED_AVAILABILITY = YES_AGGRESSIVE;
				CLANG_WARN_UNREACHABLE_CODE = YES;
				CLANG_WARN__DUPLICATE_METHOD_MATCH = YES;
				COPY_PHASE_STRIP = NO;
				DEBUG_INFORMATION_FORMAT = dwarf;
				ENABLE_STRICT_OBJC_MSGSEND = YES;
				ENABLE_TESTABILITY = YES;
				GCC_C_LANGUAGE_STANDARD = gnu11;
				GCC_DYNAMIC_NO_PIC = NO;
				GCC_NO_COMMON_BLOCKS = YES;
				GCC_OPTIMIZATION_LEVEL = 0;
				GCC_PREPROCESSOR_DEFINITIONS = (
					"DEBUG=1",
					"$(inherited)",
				);
				GCC_WARN_64_TO_32_BIT_CONVERSION = YES;
				GCC_WARN_ABOUT_RETURN_TYPE = YES_ERROR;
				GCC_WARN_UNDECLARED_SELECTOR = YES;
				GCC_WARN_UNINITIALIZED_AUTOS = YES_AGGRESSIVE;
				GCC_WARN_UNUSED_FUNCTION = YES;
				GCC_WARN_UNUSED_VARIABLE = YES;
				IPHONEOS_DEPLOYMENT_TARGET = 15.0;
				MTL_ENABLE_DEBUG_INFO = INCLUDE_SOURCE;
				MTL_FAST_MATH = YES;
				ONLY_ACTIVE_ARCH = YES;
				SDKROOT = iphoneos;
				SWIFT_ACTIVE_COMPILATION_CONDITIONS = DEBUG;
				SWIFT_OPTIMIZATION_LEVEL = "-Onone";
			};
			name = Debug;
		};
		0184CB4926F8D59900A53BF5 /* Release */ = {
			isa = XCBuildConfiguration;
			buildSettings = {
				ALWAYS_SEARCH_USER_PATHS = NO;
				CLANG_ANALYZER_NONNULL = YES;
				CLANG_ANALYZER_NUMBER_OBJECT_CONVERSION = YES_AGGRESSIVE;
				CLANG_CXX_LANGUAGE_STANDARD = "gnu++14";
				CLANG_CXX_LIBRARY = "libc++";
				CLANG_ENABLE_MODULES = YES;
				CLANG_ENABLE_OBJC_ARC = YES;
				CLANG_ENABLE_OBJC_WEAK = YES;
				CLANG_WARN_BLOCK_CAPTURE_AUTORELEASING = YES;
				CLANG_WARN_BOOL_CONVERSION = YES;
				CLANG_WARN_COMMA = YES;
				CLANG_WARN_CONSTANT_CONVERSION = YES;
				CLANG_WARN_DEPRECATED_OBJC_IMPLEMENTATIONS = YES;
				CLANG_WARN_DIRECT_OBJC_ISA_USAGE = YES_ERROR;
				CLANG_WARN_DOCUMENTATION_COMMENTS = YES;
				CLANG_WARN_EMPTY_BODY = YES;
				CLANG_WARN_ENUM_CONVERSION = YES;
				CLANG_WARN_INFINITE_RECURSION = YES;
				CLANG_WARN_INT_CONVERSION = YES;
				CLANG_WARN_NON_LITERAL_NULL_CONVERSION = YES;
				CLANG_WARN_OBJC_IMPLICIT_RETAIN_SELF = YES;
				CLANG_WARN_OBJC_LITERAL_CONVERSION = YES;
				CLANG_WARN_OBJC_ROOT_CLASS = YES_ERROR;
				CLANG_WARN_QUOTED_INCLUDE_IN_FRAMEWORK_HEADER = YES;
				CLANG_WARN_RANGE_LOOP_ANALYSIS = YES;
				CLANG_WARN_STRICT_PROTOTYPES = YES;
				CLANG_WARN_SUSPICIOUS_MOVE = YES;
				CLANG_WARN_UNGUARDED_AVAILABILITY = YES_AGGRESSIVE;
				CLANG_WARN_UNREACHABLE_CODE = YES;
				CLANG_WARN__DUPLICATE_METHOD_MATCH = YES;
				COPY_PHASE_STRIP = NO;
				DEBUG_INFORMATION_FORMAT = "dwarf-with-dsym";
				ENABLE_NS_ASSERTIONS = NO;
				ENABLE_STRICT_OBJC_MSGSEND = YES;
				GCC_C_LANGUAGE_STANDARD = gnu11;
				GCC_NO_COMMON_BLOCKS = YES;
				GCC_WARN_64_TO_32_BIT_CONVERSION = YES;
				GCC_WARN_ABOUT_RETURN_TYPE = YES_ERROR;
				GCC_WARN_UNDECLARED_SELECTOR = YES;
				GCC_WARN_UNINITIALIZED_AUTOS = YES_AGGRESSIVE;
				GCC_WARN_UNUSED_FUNCTION = YES;
				GCC_WARN_UNUSED_VARIABLE = YES;
				IPHONEOS_DEPLOYMENT_TARGET = 15.0;
				MTL_ENABLE_DEBUG_INFO = NO;
				MTL_FAST_MATH = YES;
				SDKROOT = iphoneos;
				SWIFT_COMPILATION_MODE = wholemodule;
				SWIFT_OPTIMIZATION_LEVEL = "-O";
				VALIDATE_PRODUCT = YES;
			};
			name = Release;
		};
		0184CB4B26F8D59900A53BF5 /* Debug */ = {
			isa = XCBuildConfiguration;
			baseConfigurationReference = E049A9958D225C25917BD74C /* Pods-Prometheus.debug.xcconfig */;
			buildSettings = {
				ASSETCATALOG_COMPILER_APPICON_NAME = AppIcon;
				ASSETCATALOG_COMPILER_GLOBAL_ACCENT_COLOR_NAME = AccentColor;
				CLANG_ENABLE_MODULES = YES;
				CODE_SIGN_STYLE = Automatic;
				DEVELOPMENT_TEAM = P6KS79CKQD;
				INFOPLIST_FILE = Prometheus/Application/Info.plist;
				IPHONEOS_DEPLOYMENT_TARGET = 14.5;
				LD_RUNPATH_SEARCH_PATHS = (
					"$(inherited)",
					"@executable_path/Frameworks",
				);
				PRODUCT_BUNDLE_IDENTIFIER = self.Prometheus;
				PRODUCT_NAME = "$(TARGET_NAME)";
				SWIFT_OBJC_BRIDGING_HEADER = "";
				SWIFT_OPTIMIZATION_LEVEL = "-Onone";
				SWIFT_VERSION = 5.0;
				TARGETED_DEVICE_FAMILY = 1;
			};
			name = Debug;
		};
		0184CB4C26F8D59900A53BF5 /* Release */ = {
			isa = XCBuildConfiguration;
			baseConfigurationReference = D5CBFFDAB9DAB75D9B55ACA2 /* Pods-Prometheus.release.xcconfig */;
			buildSettings = {
				ASSETCATALOG_COMPILER_APPICON_NAME = AppIcon;
				ASSETCATALOG_COMPILER_GLOBAL_ACCENT_COLOR_NAME = AccentColor;
				CLANG_ENABLE_MODULES = YES;
				CODE_SIGN_STYLE = Automatic;
				DEVELOPMENT_TEAM = P6KS79CKQD;
				INFOPLIST_FILE = Prometheus/Application/Info.plist;
				IPHONEOS_DEPLOYMENT_TARGET = 14.5;
				LD_RUNPATH_SEARCH_PATHS = (
					"$(inherited)",
					"@executable_path/Frameworks",
				);
				PRODUCT_BUNDLE_IDENTIFIER = self.Prometheus;
				PRODUCT_NAME = "$(TARGET_NAME)";
				SWIFT_OBJC_BRIDGING_HEADER = "";
				SWIFT_VERSION = 5.0;
				TARGETED_DEVICE_FAMILY = 1;
			};
			name = Release;
		};
		0184CB9226F8D66300A53BF5 /* Debug */ = {
			isa = XCBuildConfiguration;
			buildSettings = {
				BUNDLE_LOADER = "$(TEST_HOST)";
				CODE_SIGN_STYLE = Automatic;
				DEVELOPMENT_TEAM = P6KS79CKQD;
				INFOPLIST_FILE = PrometheusTests/Info.plist;
				LD_RUNPATH_SEARCH_PATHS = (
					"$(inherited)",
					"@executable_path/Frameworks",
					"@loader_path/Frameworks",
				);
				PRODUCT_BUNDLE_IDENTIFIER = self.PrometheusTests;
				PRODUCT_NAME = "$(TARGET_NAME)";
				SWIFT_VERSION = 5.0;
				TARGETED_DEVICE_FAMILY = "1,2";
				TEST_HOST = "$(BUILT_PRODUCTS_DIR)/Prometheus.app/Prometheus";
			};
			name = Debug;
		};
		0184CB9326F8D66300A53BF5 /* Release */ = {
			isa = XCBuildConfiguration;
			buildSettings = {
				BUNDLE_LOADER = "$(TEST_HOST)";
				CODE_SIGN_STYLE = Automatic;
				DEVELOPMENT_TEAM = P6KS79CKQD;
				INFOPLIST_FILE = PrometheusTests/Info.plist;
				LD_RUNPATH_SEARCH_PATHS = (
					"$(inherited)",
					"@executable_path/Frameworks",
					"@loader_path/Frameworks",
				);
				PRODUCT_BUNDLE_IDENTIFIER = self.PrometheusTests;
				PRODUCT_NAME = "$(TARGET_NAME)";
				SWIFT_VERSION = 5.0;
				TARGETED_DEVICE_FAMILY = "1,2";
				TEST_HOST = "$(BUILT_PRODUCTS_DIR)/Prometheus.app/Prometheus";
			};
			name = Release;
		};
		01F24FFD27117E3B00D5B074 /* Debug */ = {
			isa = XCBuildConfiguration;
			baseConfigurationReference = 701AA1D6E66BF505C0FD3E29 /* Pods-Prometheus-FeatureIntermediate.debug.xcconfig */;
			buildSettings = {
				CLANG_CXX_LANGUAGE_STANDARD = "gnu++17";
				CODE_SIGN_STYLE = Automatic;
				CURRENT_PROJECT_VERSION = 1;
				DEFINES_MODULE = YES;
				DEVELOPMENT_TEAM = P6KS79CKQD;
				DYLIB_COMPATIBILITY_VERSION = 1;
				DYLIB_CURRENT_VERSION = 1;
				DYLIB_INSTALL_NAME_BASE = "@rpath";
				GENERATE_INFOPLIST_FILE = YES;
				INFOPLIST_KEY_NSHumanReadableCopyright = "";
				INSTALL_PATH = "$(LOCAL_LIBRARY_DIR)/Frameworks";
				IPHONEOS_DEPLOYMENT_TARGET = 14.5;
				LD_RUNPATH_SEARCH_PATHS = (
					"$(inherited)",
					"@executable_path/Frameworks",
					"@loader_path/Frameworks",
				);
				MACH_O_TYPE = mh_dylib;
				MARKETING_VERSION = 1.0;
				PRODUCT_BUNDLE_IDENTIFIER = self.FeatureIntermediate;
				PRODUCT_NAME = "$(TARGET_NAME:c99extidentifier)";
				SKIP_INSTALL = YES;
				SUPPORTS_MACCATALYST = NO;
				SWIFT_EMIT_LOC_STRINGS = YES;
				SWIFT_VERSION = 5.0;
				TARGETED_DEVICE_FAMILY = 1;
				VERSIONING_SYSTEM = "apple-generic";
				VERSION_INFO_PREFIX = "";
			};
			name = Debug;
		};
		01F24FFE27117E3B00D5B074 /* Release */ = {
			isa = XCBuildConfiguration;
			baseConfigurationReference = 5851536ED6785C7F6BF63E7F /* Pods-Prometheus-FeatureIntermediate.release.xcconfig */;
			buildSettings = {
				CLANG_CXX_LANGUAGE_STANDARD = "gnu++17";
				CODE_SIGN_STYLE = Automatic;
				CURRENT_PROJECT_VERSION = 1;
				DEFINES_MODULE = YES;
				DEVELOPMENT_TEAM = P6KS79CKQD;
				DYLIB_COMPATIBILITY_VERSION = 1;
				DYLIB_CURRENT_VERSION = 1;
				DYLIB_INSTALL_NAME_BASE = "@rpath";
				GENERATE_INFOPLIST_FILE = YES;
				INFOPLIST_KEY_NSHumanReadableCopyright = "";
				INSTALL_PATH = "$(LOCAL_LIBRARY_DIR)/Frameworks";
				IPHONEOS_DEPLOYMENT_TARGET = 14.5;
				LD_RUNPATH_SEARCH_PATHS = (
					"$(inherited)",
					"@executable_path/Frameworks",
					"@loader_path/Frameworks",
				);
				MACH_O_TYPE = mh_dylib;
				MARKETING_VERSION = 1.0;
				PRODUCT_BUNDLE_IDENTIFIER = self.FeatureIntermediate;
				PRODUCT_NAME = "$(TARGET_NAME:c99extidentifier)";
				SKIP_INSTALL = YES;
				SUPPORTS_MACCATALYST = NO;
				SWIFT_EMIT_LOC_STRINGS = YES;
				SWIFT_VERSION = 5.0;
				TARGETED_DEVICE_FAMILY = 1;
				VERSIONING_SYSTEM = "apple-generic";
				VERSION_INFO_PREFIX = "";
			};
			name = Release;
		};
/* End XCBuildConfiguration section */

/* Begin XCConfigurationList section */
		0184CB3126F8D59700A53BF5 /* Build configuration list for PBXProject "Prometheus" */ = {
			isa = XCConfigurationList;
			buildConfigurations = (
				0184CB4826F8D59900A53BF5 /* Debug */,
				0184CB4926F8D59900A53BF5 /* Release */,
			);
			defaultConfigurationIsVisible = 0;
			defaultConfigurationName = Release;
		};
		0184CB4A26F8D59900A53BF5 /* Build configuration list for PBXNativeTarget "Prometheus" */ = {
			isa = XCConfigurationList;
			buildConfigurations = (
				0184CB4B26F8D59900A53BF5 /* Debug */,
				0184CB4C26F8D59900A53BF5 /* Release */,
			);
			defaultConfigurationIsVisible = 0;
			defaultConfigurationName = Release;
		};
		0184CB9426F8D66300A53BF5 /* Build configuration list for PBXNativeTarget "PrometheusTests" */ = {
			isa = XCConfigurationList;
			buildConfigurations = (
				0184CB9226F8D66300A53BF5 /* Debug */,
				0184CB9326F8D66300A53BF5 /* Release */,
			);
			defaultConfigurationIsVisible = 0;
			defaultConfigurationName = Release;
		};
		01F24FFF27117E3B00D5B074 /* Build configuration list for PBXNativeTarget "FeatureIntermediate" */ = {
			isa = XCConfigurationList;
			buildConfigurations = (
				01F24FFD27117E3B00D5B074 /* Debug */,
				01F24FFE27117E3B00D5B074 /* Release */,
			);
			defaultConfigurationIsVisible = 0;
			defaultConfigurationName = Release;
		};
/* End XCConfigurationList section */
	};
	rootObject = 0184CB2E26F8D59700A53BF5 /* Project object */;
}
